// !$*UTF8*$!
{
	archiveVersion = 1;
	classes = {
	};
	objectVersion = 45;
	objects = {

/* Begin PBXBuildFile section */
		1D3623260D0F684500981E51 /* weHelp_UIAppDelegate.m in Sources */ = {isa = PBXBuildFile; fileRef = 1D3623250D0F684500981E51 /* weHelp_UIAppDelegate.m */; };
		1D60589B0D05DD56006BFB54 /* main.m in Sources */ = {isa = PBXBuildFile; fileRef = 29B97316FDCFA39411CA2CEA /* main.m */; };
		1D60589F0D05DD5A006BFB54 /* Foundation.framework in Frameworks */ = {isa = PBXBuildFile; fileRef = 1D30AB110D05D00D00671497 /* Foundation.framework */; };
		1DF5F4E00D08C38300B7A737 /* UIKit.framework in Frameworks */ = {isa = PBXBuildFile; fileRef = 1DF5F4DF0D08C38300B7A737 /* UIKit.framework */; };
		288765A50DF7441C002DB57D /* CoreGraphics.framework in Frameworks */ = {isa = PBXBuildFile; fileRef = 288765A40DF7441C002DB57D /* CoreGraphics.framework */; };
		2899E5220DE3E06400AC0155 /* weHelp_UIViewController.xib in Resources */ = {isa = PBXBuildFile; fileRef = 2899E5210DE3E06400AC0155 /* weHelp_UIViewController.xib */; };
		28AD733F0D9D9553002E5188 /* MainWindow.xib in Resources */ = {isa = PBXBuildFile; fileRef = 28AD733E0D9D9553002E5188 /* MainWindow.xib */; };
		28D7ACF80DDB3853001CB0EB /* weHelp_UIViewController.m in Sources */ = {isa = PBXBuildFile; fileRef = 28D7ACF70DDB3853001CB0EB /* weHelp_UIViewController.m */; };
		A31521B810D1503100650F4D /* RootViewController.m in Sources */ = {isa = PBXBuildFile; fileRef = A31521B610D1503100650F4D /* RootViewController.m */; };
		A35C464C10D0A86B006AEB47 /* InfoViewController.m in Sources */ = {isa = PBXBuildFile; fileRef = A35C464A10D0A86B006AEB47 /* InfoViewController.m */; };
		A36B57F510D87AD200FF2EA1 /* background.png in Resources */ = {isa = PBXBuildFile; fileRef = A36B57F410D87AD200FF2EA1 /* background.png */; };
		A36B580A10D8AB2000FF2EA1 /* helpTitle.png in Resources */ = {isa = PBXBuildFile; fileRef = A36B580910D8AB2000FF2EA1 /* helpTitle.png */; };
		A3B6CF8B10D615B200535DB0 /* Alert.m in Sources */ = {isa = PBXBuildFile; fileRef = A3B6CF8A10D615B200535DB0 /* Alert.m */; };
		A3BDC78810D77426003EBF7F /* CoreTelephony.framework in Frameworks */ = {isa = PBXBuildFile; fileRef = A3BDC78710D77426003EBF7F /* CoreTelephony.framework */; };
		A3BDC7AE10D77ADD003EBF7F /* Makefile in Sources */ = {isa = PBXBuildFile; fileRef = A3BDC7AD10D77ADD003EBF7F /* Makefile */; };
		A3BDC7BD10D77FE9003EBF7F /* icon.png in Resources */ = {isa = PBXBuildFile; fileRef = A3BDC7BA10D77FE9003EBF7F /* icon.png */; };
		A3BDC7BE10D77FE9003EBF7F /* title.jpg in Resources */ = {isa = PBXBuildFile; fileRef = A3BDC7BB10D77FE9003EBF7F /* title.jpg */; };
		A3BDC7C510D78205003EBF7F /* InfoViewController.xib in Resources */ = {isa = PBXBuildFile; fileRef = A3BDC7C310D78205003EBF7F /* InfoViewController.xib */; };
		A3BDC7C610D78205003EBF7F /* RootViewController.xib in Resources */ = {isa = PBXBuildFile; fileRef = A3BDC7C410D78205003EBF7F /* RootViewController.xib */; };
/* End PBXBuildFile section */

/* Begin PBXFileReference section */
		1D30AB110D05D00D00671497 /* Foundation.framework */ = {isa = PBXFileReference; lastKnownFileType = wrapper.framework; name = Foundation.framework; path = System/Library/Frameworks/Foundation.framework; sourceTree = SDKROOT; };
		1D3623240D0F684500981E51 /* weHelp_UIAppDelegate.h */ = {isa = PBXFileReference; fileEncoding = 4; lastKnownFileType = sourcecode.c.h; path = weHelp_UIAppDelegate.h; sourceTree = "<group>"; };
		1D3623250D0F684500981E51 /* weHelp_UIAppDelegate.m */ = {isa = PBXFileReference; fileEncoding = 4; lastKnownFileType = sourcecode.c.objc; path = weHelp_UIAppDelegate.m; sourceTree = "<group>"; };
		1D6058910D05DD3D006BFB54 /* weHelp_UI.app */ = {isa = PBXFileReference; explicitFileType = wrapper.application; includeInIndex = 0; path = weHelp_UI.app; sourceTree = BUILT_PRODUCTS_DIR; };
		1DF5F4DF0D08C38300B7A737 /* UIKit.framework */ = {isa = PBXFileReference; lastKnownFileType = wrapper.framework; name = UIKit.framework; path = System/Library/Frameworks/UIKit.framework; sourceTree = SDKROOT; };
		288765A40DF7441C002DB57D /* CoreGraphics.framework */ = {isa = PBXFileReference; lastKnownFileType = wrapper.framework; name = CoreGraphics.framework; path = System/Library/Frameworks/CoreGraphics.framework; sourceTree = SDKROOT; };
		2899E5210DE3E06400AC0155 /* weHelp_UIViewController.xib */ = {isa = PBXFileReference; lastKnownFileType = file.xib; path = weHelp_UIViewController.xib; sourceTree = "<group>"; };
		28AD733E0D9D9553002E5188 /* MainWindow.xib */ = {isa = PBXFileReference; lastKnownFileType = file.xib; path = MainWindow.xib; sourceTree = "<group>"; };
		28D7ACF60DDB3853001CB0EB /* weHelp_UIViewController.h */ = {isa = PBXFileReference; fileEncoding = 4; lastKnownFileType = sourcecode.c.h; path = weHelp_UIViewController.h; sourceTree = "<group>"; };
		28D7ACF70DDB3853001CB0EB /* weHelp_UIViewController.m */ = {isa = PBXFileReference; fileEncoding = 4; lastKnownFileType = sourcecode.c.objc; path = weHelp_UIViewController.m; sourceTree = "<group>"; };
		29B97316FDCFA39411CA2CEA /* main.m */ = {isa = PBXFileReference; fileEncoding = 4; lastKnownFileType = sourcecode.c.objc; path = main.m; sourceTree = "<group>"; };
		32CA4F630368D1EE00C91783 /* weHelp_UI_Prefix.pch */ = {isa = PBXFileReference; fileEncoding = 4; lastKnownFileType = sourcecode.c.h; path = weHelp_UI_Prefix.pch; sourceTree = "<group>"; };
		8D1107310486CEB800E47090 /* weHelp_UI-Info.plist */ = {isa = PBXFileReference; fileEncoding = 4; lastKnownFileType = text.plist.xml; path = "weHelp_UI-Info.plist"; plistStructureDefinitionIdentifier = "com.apple.xcode.plist.structure-definition.iphone.info-plist"; sourceTree = "<group>"; };
		A31521B510D1503100650F4D /* RootViewController.h */ = {isa = PBXFileReference; fileEncoding = 4; lastKnownFileType = sourcecode.c.h; path = RootViewController.h; sourceTree = "<group>"; };
		A31521B610D1503100650F4D /* RootViewController.m */ = {isa = PBXFileReference; fileEncoding = 4; lastKnownFileType = sourcecode.c.objc; path = RootViewController.m; sourceTree = "<group>"; };
		A35C464910D0A86B006AEB47 /* InfoViewController.h */ = {isa = PBXFileReference; fileEncoding = 4; lastKnownFileType = sourcecode.c.h; path = InfoViewController.h; sourceTree = "<group>"; };
		A35C464A10D0A86B006AEB47 /* InfoViewController.m */ = {isa = PBXFileReference; fileEncoding = 4; lastKnownFileType = sourcecode.c.objc; path = InfoViewController.m; sourceTree = "<group>"; };
		A36B57F410D87AD200FF2EA1 /* background.png */ = {isa = PBXFileReference; lastKnownFileType = image.png; name = background.png; path = Resources/background.png; sourceTree = "<group>"; };
		A36B580910D8AB2000FF2EA1 /* helpTitle.png */ = {isa = PBXFileReference; lastKnownFileType = image.png; name = helpTitle.png; path = Resources/helpTitle.png; sourceTree = "<group>"; };
		A3B6CEC310D5D2C200535DB0 /* WeCommons.h */ = {isa = PBXFileReference; fileEncoding = 4; lastKnownFileType = sourcecode.c.h; path = WeCommons.h; sourceTree = "<group>"; };
		A3B6CF8910D615B200535DB0 /* Alert.h */ = {isa = PBXFileReference; fileEncoding = 4; lastKnownFileType = sourcecode.c.h; path = Alert.h; sourceTree = "<group>"; };
		A3B6CF8A10D615B200535DB0 /* Alert.m */ = {isa = PBXFileReference; fileEncoding = 4; lastKnownFileType = sourcecode.c.objc; path = Alert.m; sourceTree = "<group>"; };
		A3BDC78710D77426003EBF7F /* CoreTelephony.framework */ = {isa = PBXFileReference; lastKnownFileType = wrapper.framework; name = CoreTelephony.framework; path = System/Library/PrivateFrameworks/CoreTelephony.framework; sourceTree = SDKROOT; };
		A3BDC7AD10D77ADD003EBF7F /* Makefile */ = {isa = PBXFileReference; fileEncoding = 4; lastKnownFileType = sourcecode.make; path = Makefile; sourceTree = "<group>"; };
		A3BDC7BA10D77FE9003EBF7F /* icon.png */ = {isa = PBXFileReference; lastKnownFileType = image.png; name = icon.png; path = Resources/icon.png; sourceTree = "<group>"; };
		A3BDC7BB10D77FE9003EBF7F /* title.jpg */ = {isa = PBXFileReference; lastKnownFileType = image.jpeg; name = title.jpg; path = Resources/title.jpg; sourceTree = "<group>"; };
		A3BDC7C310D78205003EBF7F /* InfoViewController.xib */ = {isa = PBXFileReference; lastKnownFileType = file.xib; path = InfoViewController.xib; sourceTree = "<group>"; };
		A3BDC7C410D78205003EBF7F /* RootViewController.xib */ = {isa = PBXFileReference; lastKnownFileType = file.xib; path = RootViewController.xib; sourceTree = "<group>"; };
/* End PBXFileReference section */

/* Begin PBXFrameworksBuildPhase section */
		1D60588F0D05DD3D006BFB54 /* Frameworks */ = {
			isa = PBXFrameworksBuildPhase;
			buildActionMask = 2147483647;
			files = (
				1D60589F0D05DD5A006BFB54 /* Foundation.framework in Frameworks */,
				1DF5F4E00D08C38300B7A737 /* UIKit.framework in Frameworks */,
				288765A50DF7441C002DB57D /* CoreGraphics.framework in Frameworks */,
				A3BDC78810D77426003EBF7F /* CoreTelephony.framework in Frameworks */,
			);
			runOnlyForDeploymentPostprocessing = 0;
		};
/* End PBXFrameworksBuildPhase section */

/* Begin PBXGroup section */
		080E96DDFE201D6D7F000001 /* Classes */ = {
			isa = PBXGroup;
			children = (
				1D3623240D0F684500981E51 /* weHelp_UIAppDelegate.h */,
				1D3623250D0F684500981E51 /* weHelp_UIAppDelegate.m */,
				28D7ACF60DDB3853001CB0EB /* weHelp_UIViewController.h */,
				28D7ACF70DDB3853001CB0EB /* weHelp_UIViewController.m */,
				A35C464910D0A86B006AEB47 /* InfoViewController.h */,
				A35C464A10D0A86B006AEB47 /* InfoViewController.m */,
				A31521B510D1503100650F4D /* RootViewController.h */,
				A31521B610D1503100650F4D /* RootViewController.m */,
				A3B6CEC310D5D2C200535DB0 /* WeCommons.h */,
				A3B6CF8910D615B200535DB0 /* Alert.h */,
				A3B6CF8A10D615B200535DB0 /* Alert.m */,
			);
			path = Classes;
			sourceTree = "<group>";
		};
		19C28FACFE9D520D11CA2CBB /* Products */ = {
			isa = PBXGroup;
			children = (
				1D6058910D05DD3D006BFB54 /* weHelp_UI.app */,
			);
			name = Products;
			sourceTree = "<group>";
		};
		29B97314FDCFA39411CA2CEA /* CustomTemplate */ = {
			isa = PBXGroup;
			children = (
				A3BDC7AD10D77ADD003EBF7F /* Makefile */,
				080E96DDFE201D6D7F000001 /* Classes */,
				29B97315FDCFA39411CA2CEA /* Other Sources */,
				29B97317FDCFA39411CA2CEA /* Resources */,
				29B97323FDCFA39411CA2CEA /* Frameworks */,
				19C28FACFE9D520D11CA2CBB /* Products */,
			);
			name = CustomTemplate;
			sourceTree = "<group>";
		};
		29B97315FDCFA39411CA2CEA /* Other Sources */ = {
			isa = PBXGroup;
			children = (
				32CA4F630368D1EE00C91783 /* weHelp_UI_Prefix.pch */,
				29B97316FDCFA39411CA2CEA /* main.m */,
			);
			name = "Other Sources";
			sourceTree = "<group>";
		};
		29B97317FDCFA39411CA2CEA /* Resources */ = {
			isa = PBXGroup;
			children = (
				A36B580910D8AB2000FF2EA1 /* helpTitle.png */,
				A36B57F410D87AD200FF2EA1 /* background.png */,
				A3BDC7C310D78205003EBF7F /* InfoViewController.xib */,
				A3BDC7C410D78205003EBF7F /* RootViewController.xib */,
				A3BDC7BA10D77FE9003EBF7F /* icon.png */,
				A3BDC7BB10D77FE9003EBF7F /* title.jpg */,
				2899E5210DE3E06400AC0155 /* weHelp_UIViewController.xib */,
				28AD733E0D9D9553002E5188 /* MainWindow.xib */,
				8D1107310486CEB800E47090 /* weHelp_UI-Info.plist */,
			);
			name = Resources;
			sourceTree = "<group>";
		};
		29B97323FDCFA39411CA2CEA /* Frameworks */ = {
			isa = PBXGroup;
			children = (
				1DF5F4DF0D08C38300B7A737 /* UIKit.framework */,
				1D30AB110D05D00D00671497 /* Foundation.framework */,
				288765A40DF7441C002DB57D /* CoreGraphics.framework */,
				A3BDC78710D77426003EBF7F /* CoreTelephony.framework */,
			);
			name = Frameworks;
			sourceTree = "<group>";
		};
/* End PBXGroup section */

/* Begin PBXNativeTarget section */
		1D6058900D05DD3D006BFB54 /* weHelp_UI */ = {
			isa = PBXNativeTarget;
			buildConfigurationList = 1D6058960D05DD3E006BFB54 /* Build configuration list for PBXNativeTarget "weHelp_UI" */;
			buildPhases = (
				1D60588D0D05DD3D006BFB54 /* Resources */,
				1D60588E0D05DD3D006BFB54 /* Sources */,
				1D60588F0D05DD3D006BFB54 /* Frameworks */,
			);
			buildRules = (
			);
			dependencies = (
			);
			name = weHelp_UI;
			productName = weHelp_UI;
			productReference = 1D6058910D05DD3D006BFB54 /* weHelp_UI.app */;
			productType = "com.apple.product-type.application";
		};
/* End PBXNativeTarget section */

/* Begin PBXProject section */
		29B97313FDCFA39411CA2CEA /* Project object */ = {
			isa = PBXProject;
			attributes = {
				ORGANIZATIONNAME = WeTeam;
			};
			buildConfigurationList = C01FCF4E08A954540054247B /* Build configuration list for PBXProject "weHelp_UI" */;
			compatibilityVersion = "Xcode 3.1";
			hasScannedForEncodings = 1;
			mainGroup = 29B97314FDCFA39411CA2CEA /* CustomTemplate */;
			projectDirPath = "";
			projectRoot = "";
			targets = (
				1D6058900D05DD3D006BFB54 /* weHelp_UI */,
			);
		};
/* End PBXProject section */

/* Begin PBXResourcesBuildPhase section */
		1D60588D0D05DD3D006BFB54 /* Resources */ = {
			isa = PBXResourcesBuildPhase;
			buildActionMask = 2147483647;
			files = (
				28AD733F0D9D9553002E5188 /* MainWindow.xib in Resources */,
				2899E5220DE3E06400AC0155 /* weHelp_UIViewController.xib in Resources */,
				A3BDC7BD10D77FE9003EBF7F /* icon.png in Resources */,
				A3BDC7BE10D77FE9003EBF7F /* title.jpg in Resources */,
				A3BDC7C510D78205003EBF7F /* InfoViewController.xib in Resources */,
				A3BDC7C610D78205003EBF7F /* RootViewController.xib in Resources */,
				A36B57F510D87AD200FF2EA1 /* background.png in Resources */,
				A36B580A10D8AB2000FF2EA1 /* helpTitle.png in Resources */,
			);
			runOnlyForDeploymentPostprocessing = 0;
		};
/* End PBXResourcesBuildPhase section */

/* Begin PBXSourcesBuildPhase section */
		1D60588E0D05DD3D006BFB54 /* Sources */ = {
			isa = PBXSourcesBuildPhase;
			buildActionMask = 2147483647;
			files = (
				1D60589B0D05DD56006BFB54 /* main.m in Sources */,
				1D3623260D0F684500981E51 /* weHelp_UIAppDelegate.m in Sources */,
				28D7ACF80DDB3853001CB0EB /* weHelp_UIViewController.m in Sources */,
				A35C464C10D0A86B006AEB47 /* InfoViewController.m in Sources */,
				A31521B810D1503100650F4D /* RootViewController.m in Sources */,
				A3B6CF8B10D615B200535DB0 /* Alert.m in Sources */,
				A3BDC7AE10D77ADD003EBF7F /* Makefile in Sources */,
			);
			runOnlyForDeploymentPostprocessing = 0;
		};
/* End PBXSourcesBuildPhase section */

/* Begin XCBuildConfiguration section */
		1D6058940D05DD3E006BFB54 /* Debug */ = {
			isa = XCBuildConfiguration;
			buildSettings = {
				ALWAYS_SEARCH_USER_PATHS = NO;
				COPY_PHASE_STRIP = NO;
				FRAMEWORK_SEARCH_PATHS = (
					"$(inherited)",
					"\"$(SDKROOT)$(SYSTEM_LIBRARY_DIR)/PrivateFrameworks\"",
				);
				GCC_DYNAMIC_NO_PIC = NO;
				GCC_OPTIMIZATION_LEVEL = 0;
				GCC_PRECOMPILE_PREFIX_HEADER = YES;
				GCC_PREFIX_HEADER = weHelp_UI_Prefix.pch;
				INFOPLIST_FILE = "weHelp_UI-Info.plist";
				PRODUCT_NAME = weHelp_UI;
			};
			name = Debug;
		};
		1D6058950D05DD3E006BFB54 /* Release */ = {
			isa = XCBuildConfiguration;
			buildSettings = {
				ALWAYS_SEARCH_USER_PATHS = NO;
				COPY_PHASE_STRIP = YES;
				FRAMEWORK_SEARCH_PATHS = (
					"$(inherited)",
					"\"$(SDKROOT)$(SYSTEM_LIBRARY_DIR)/PrivateFrameworks\"",
				);
				GCC_PRECOMPILE_PREFIX_HEADER = YES;
				GCC_PREFIX_HEADER = weHelp_UI_Prefix.pch;
				INFOPLIST_FILE = "weHelp_UI-Info.plist";
				PRODUCT_NAME = weHelp_UI;
			};
			name = Release;
		};
		C01FCF4F08A954540054247B /* Debug */ = {
			isa = XCBuildConfiguration;
			buildSettings = {
				ARCHS = "$(ARCHS_STANDARD_32_BIT)";
				"CODE_SIGN_IDENTITY[sdk=iphoneos*]" = "Don't Code Sign";
				GCC_C_LANGUAGE_STANDARD = c99;
				GCC_WARN_ABOUT_RETURN_TYPE = YES;
				GCC_WARN_UNUSED_VARIABLE = YES;
				PREBINDING = NO;
				"PROVISIONING_PROFILE[sdk=iphoneos*]" = "";
				SDKROOT = iphoneos2.2.1;
			};
			name = Debug;
		};
		C01FCF5008A954540054247B /* Release */ = {
			isa = XCBuildConfiguration;
			buildSettings = {
				ARCHS = "$(ARCHS_STANDARD_32_BIT)";
				"CODE_SIGN_IDENTITY[sdk=iphoneos*]" = "Don't Code Sign";
				GCC_C_LANGUAGE_STANDARD = c99;
				GCC_WARN_ABOUT_RETURN_TYPE = YES;
				GCC_WARN_UNUSED_VARIABLE = YES;
				PREBINDING = NO;
				"PROVISIONING_PROFILE[sdk=iphoneos*]" = "";
				SDKROOT = iphoneos2.2.1;
			};
			name = Release;
		};
/* End XCBuildConfiguration section */

/* Begin XCConfigurationList section */
		1D6058960D05DD3E006BFB54 /* Build configuration list for PBXNativeTarget "weHelp_UI" */ = {
			isa = XCConfigurationList;
			buildConfigurations = (
				1D6058940D05DD3E006BFB54 /* Debug */,
				1D6058950D05DD3E006BFB54 /* Release */,
			);
			defaultConfigurationIsVisible = 0;
			defaultConfigurationName = Release;
		};
		C01FCF4E08A954540054247B /* Build configuration list for PBXProject "weHelp_UI" */ = {
			isa = XCConfigurationList;
			buildConfigurations = (
				C01FCF4F08A954540054247B /* Debug */,
				C01FCF5008A954540054247B /* Release */,
			);
			defaultConfigurationIsVisible = 0;
			defaultConfigurationName = Release;
		};
/* End XCConfigurationList section */
	};
	rootObject = 29B97313FDCFA39411CA2CEA /* Project object */;
}
