// !$*UTF8*$!
{
	archiveVersion = 1;
	classes = {
	};
	objectVersion = 45;
	objects = {

/* Begin PBXBuildFile section */
		1BA729370FF86C6D002EC1B7 /* FirstViewController.m in Sources */ = {isa = PBXBuildFile; fileRef = 1BA729360FF86C6D002EC1B7 /* FirstViewController.m */; };
		1BA7293A0FF86C7D002EC1B7 /* SecondViewController.m in Sources */ = {isa = PBXBuildFile; fileRef = 1BA729390FF86C7D002EC1B7 /* SecondViewController.m */; };
		1BA7293D0FF86C88002EC1B7 /* ThirdViewController.m in Sources */ = {isa = PBXBuildFile; fileRef = 1BA7293C0FF86C88002EC1B7 /* ThirdViewController.m */; };
		1BA7293F0FF86CA6002EC1B7 /* FirstView.xib in Resources */ = {isa = PBXBuildFile; fileRef = 1BA7293E0FF86CA6002EC1B7 /* FirstView.xib */; };
		1BA729410FF86CB3002EC1B7 /* SecondView.xib in Resources */ = {isa = PBXBuildFile; fileRef = 1BA729400FF86CB3002EC1B7 /* SecondView.xib */; };
		1BA729430FF86CBF002EC1B7 /* ThirdView.xib in Resources */ = {isa = PBXBuildFile; fileRef = 1BA729420FF86CBF002EC1B7 /* ThirdView.xib */; };
		1BA729AF0FF8821E002EC1B7 /* MyNavigationController.m in Sources */ = {isa = PBXBuildFile; fileRef = 1BA729AE0FF8821E002EC1B7 /* MyNavigationController.m */; };
		1BA72A0D0FF88B5B002EC1B7 /* MyTableViewController.m in Sources */ = {isa = PBXBuildFile; fileRef = 1BA72A0C0FF88B5B002EC1B7 /* MyTableViewController.m */; };
		1BA72A0F0FF88C45002EC1B7 /* FilesView.xib in Resources */ = {isa = PBXBuildFile; fileRef = 1BA72A0E0FF88C45002EC1B7 /* FilesView.xib */; };
		1BA72A140FF88DB5002EC1B7 /* MyNavTableController.m in Sources */ = {isa = PBXBuildFile; fileRef = 1BA72A130FF88DB5002EC1B7 /* MyNavTableController.m */; };
		1BA72A880FF8974A002EC1B7 /* ContactsViewController.m in Sources */ = {isa = PBXBuildFile; fileRef = 1BA72A870FF8974A002EC1B7 /* ContactsViewController.m */; };
		1BA72AC10FF899BE002EC1B7 /* AddressBook.framework in Frameworks */ = {isa = PBXBuildFile; fileRef = 1BA72ABF0FF899BE002EC1B7 /* AddressBook.framework */; };
		1BA72AC20FF899BE002EC1B7 /* AddressBookUI.framework in Frameworks */ = {isa = PBXBuildFile; fileRef = 1BA72AC00FF899BE002EC1B7 /* AddressBookUI.framework */; };
		1BA72ACD0FF89AAC002EC1B7 /* ContactsView.xib in Resources */ = {isa = PBXBuildFile; fileRef = 1BA72ACC0FF89AAC002EC1B7 /* ContactsView.xib */; };
		1BB851A10FFB165100490ACE /* Utils.m in Sources */ = {isa = PBXBuildFile; fileRef = 1BB851A00FFB165100490ACE /* Utils.m */; };
		1BB852A90FFB70F800490ACE /* wk_fileapi.m in Sources */ = {isa = PBXBuildFile; fileRef = 1BB852A80FFB70F800490ACE /* wk_fileapi.m */; };
		1BBD10460FF9A7620053ECFE /* SettingsViewController.m in Sources */ = {isa = PBXBuildFile; fileRef = 1BBD10450FF9A7620053ECFE /* SettingsViewController.m */; };
		1BBD10610FF9AAAC0053ECFE /* SettingsView.xib in Resources */ = {isa = PBXBuildFile; fileRef = 1BBD10600FF9AAAC0053ECFE /* SettingsView.xib */; };
		1BBD10660FF9AB570053ECFE /* TextFieldCell.m in Sources */ = {isa = PBXBuildFile; fileRef = 1BBD10650FF9AB570053ECFE /* TextFieldCell.m */; };
		1BBD10680FF9ABA90053ECFE /* TextFieldCell.xib in Resources */ = {isa = PBXBuildFile; fileRef = 1BBD10670FF9ABA90053ECFE /* TextFieldCell.xib */; };
		1BBD10890FF9AFB70053ECFE /* SwitchCell.m in Sources */ = {isa = PBXBuildFile; fileRef = 1BBD10880FF9AFB70053ECFE /* SwitchCell.m */; };
		1BBD108B0FF9AFD30053ECFE /* SwitchCell.xib in Resources */ = {isa = PBXBuildFile; fileRef = 1BBD108A0FF9AFD30053ECFE /* SwitchCell.xib */; };
		1BBD109B0FF9B3620053ECFE /* SettingsNavController.m in Sources */ = {isa = PBXBuildFile; fileRef = 1BBD109A0FF9B3620053ECFE /* SettingsNavController.m */; };
		1BCE1C840FFC80D800688869 /* wk_smsapi.m in Sources */ = {isa = PBXBuildFile; fileRef = 1BCE1C830FFC80D800688869 /* wk_smsapi.m */; };
		1BCE1C930FFC81DD00688869 /* ConvertUTF.c in Sources */ = {isa = PBXBuildFile; fileRef = 1BCE1C8A0FFC81DD00688869 /* ConvertUTF.c */; };
		1BCE1C940FFC81DD00688869 /* device.c in Sources */ = {isa = PBXBuildFile; fileRef = 1BCE1C8D0FFC81DD00688869 /* device.c */; };
		1BCE1C950FFC81DD00688869 /* encode.c in Sources */ = {isa = PBXBuildFile; fileRef = 1BCE1C8F0FFC81DD00688869 /* encode.c */; };
		1BCE1C960FFC81DD00688869 /* unicode_helper.c in Sources */ = {isa = PBXBuildFile; fileRef = 1BCE1C910FFC81DD00688869 /* unicode_helper.c */; };
		1BD7074A0FFDB8A4001E9E6E /* CFNetwork.framework in Frameworks */ = {isa = PBXBuildFile; fileRef = 1BD707490FFDB8A4001E9E6E /* CFNetwork.framework */; };
		1D3623260D0F684500981E51 /* TabiNaviAppDelegate.m in Sources */ = {isa = PBXBuildFile; fileRef = 1D3623250D0F684500981E51 /* TabiNaviAppDelegate.m */; };
		1D60589B0D05DD56006BFB54 /* main.m in Sources */ = {isa = PBXBuildFile; fileRef = 29B97316FDCFA39411CA2CEA /* main.m */; };
		1D60589F0D05DD5A006BFB54 /* Foundation.framework in Frameworks */ = {isa = PBXBuildFile; fileRef = 1D30AB110D05D00D00671497 /* Foundation.framework */; };
		1DF5F4E00D08C38300B7A737 /* UIKit.framework in Frameworks */ = {isa = PBXBuildFile; fileRef = 1DF5F4DF0D08C38300B7A737 /* UIKit.framework */; };
		288765FD0DF74451002DB57D /* CoreGraphics.framework in Frameworks */ = {isa = PBXBuildFile; fileRef = 288765FC0DF74451002DB57D /* CoreGraphics.framework */; };
		28AD733F0D9D9553002E5188 /* MainWindow.xib in Resources */ = {isa = PBXBuildFile; fileRef = 28AD733E0D9D9553002E5188 /* MainWindow.xib */; };
		995F361510008A6B0037F728 /* WebViewController.m in Sources */ = {isa = PBXBuildFile; fileRef = 995F361410008A6B0037F728 /* WebViewController.m */; };
		99A41FA11001118500F1B51D /* WebViewNavController.m in Sources */ = {isa = PBXBuildFile; fileRef = 99A41FA01001118500F1B51D /* WebViewNavController.m */; };
		99A41FA31001129600F1B51D /* WebView.xib in Resources */ = {isa = PBXBuildFile; fileRef = 99A41FA21001129600F1B51D /* WebView.xib */; };
/* End PBXBuildFile section */

/* Begin PBXFileReference section */
		1BA729350FF86C6D002EC1B7 /* FirstViewController.h */ = {isa = PBXFileReference; fileEncoding = 4; lastKnownFileType = sourcecode.c.h; path = FirstViewController.h; sourceTree = "<group>"; };
		1BA729360FF86C6D002EC1B7 /* FirstViewController.m */ = {isa = PBXFileReference; fileEncoding = 4; lastKnownFileType = sourcecode.c.objc; path = FirstViewController.m; sourceTree = "<group>"; };
		1BA729380FF86C7D002EC1B7 /* SecondViewController.h */ = {isa = PBXFileReference; fileEncoding = 4; lastKnownFileType = sourcecode.c.h; path = SecondViewController.h; sourceTree = "<group>"; };
		1BA729390FF86C7D002EC1B7 /* SecondViewController.m */ = {isa = PBXFileReference; fileEncoding = 4; lastKnownFileType = sourcecode.c.objc; path = SecondViewController.m; sourceTree = "<group>"; };
		1BA7293B0FF86C88002EC1B7 /* ThirdViewController.h */ = {isa = PBXFileReference; fileEncoding = 4; lastKnownFileType = sourcecode.c.h; path = ThirdViewController.h; sourceTree = "<group>"; };
		1BA7293C0FF86C88002EC1B7 /* ThirdViewController.m */ = {isa = PBXFileReference; fileEncoding = 4; lastKnownFileType = sourcecode.c.objc; path = ThirdViewController.m; sourceTree = "<group>"; };
		1BA7293E0FF86CA6002EC1B7 /* FirstView.xib */ = {isa = PBXFileReference; lastKnownFileType = file.xib; path = FirstView.xib; sourceTree = "<group>"; };
		1BA729400FF86CB3002EC1B7 /* SecondView.xib */ = {isa = PBXFileReference; lastKnownFileType = file.xib; path = SecondView.xib; sourceTree = "<group>"; };
		1BA729420FF86CBF002EC1B7 /* ThirdView.xib */ = {isa = PBXFileReference; lastKnownFileType = file.xib; path = ThirdView.xib; sourceTree = "<group>"; };
		1BA729AD0FF8821E002EC1B7 /* MyNavigationController.h */ = {isa = PBXFileReference; fileEncoding = 4; lastKnownFileType = sourcecode.c.h; path = MyNavigationController.h; sourceTree = "<group>"; };
		1BA729AE0FF8821E002EC1B7 /* MyNavigationController.m */ = {isa = PBXFileReference; fileEncoding = 4; lastKnownFileType = sourcecode.c.objc; path = MyNavigationController.m; sourceTree = "<group>"; };
		1BA72A0B0FF88B5B002EC1B7 /* MyTableViewController.h */ = {isa = PBXFileReference; fileEncoding = 4; lastKnownFileType = sourcecode.c.h; path = MyTableViewController.h; sourceTree = "<group>"; };
		1BA72A0C0FF88B5B002EC1B7 /* MyTableViewController.m */ = {isa = PBXFileReference; fileEncoding = 4; lastKnownFileType = sourcecode.c.objc; path = MyTableViewController.m; sourceTree = "<group>"; };
		1BA72A0E0FF88C45002EC1B7 /* FilesView.xib */ = {isa = PBXFileReference; lastKnownFileType = file.xib; path = FilesView.xib; sourceTree = "<group>"; };
		1BA72A120FF88DB5002EC1B7 /* MyNavTableController.h */ = {isa = PBXFileReference; fileEncoding = 4; lastKnownFileType = sourcecode.c.h; path = MyNavTableController.h; sourceTree = "<group>"; };
		1BA72A130FF88DB5002EC1B7 /* MyNavTableController.m */ = {isa = PBXFileReference; fileEncoding = 4; lastKnownFileType = sourcecode.c.objc; path = MyNavTableController.m; sourceTree = "<group>"; };
		1BA72A860FF8974A002EC1B7 /* ContactsViewController.h */ = {isa = PBXFileReference; fileEncoding = 4; lastKnownFileType = sourcecode.c.h; path = ContactsViewController.h; sourceTree = "<group>"; };
		1BA72A870FF8974A002EC1B7 /* ContactsViewController.m */ = {isa = PBXFileReference; fileEncoding = 4; lastKnownFileType = sourcecode.c.objc; path = ContactsViewController.m; sourceTree = "<group>"; };
		1BA72ABF0FF899BE002EC1B7 /* AddressBook.framework */ = {isa = PBXFileReference; lastKnownFileType = wrapper.framework; name = AddressBook.framework; path = System/Library/Frameworks/AddressBook.framework; sourceTree = SDKROOT; };
		1BA72AC00FF899BE002EC1B7 /* AddressBookUI.framework */ = {isa = PBXFileReference; lastKnownFileType = wrapper.framework; name = AddressBookUI.framework; path = System/Library/Frameworks/AddressBookUI.framework; sourceTree = SDKROOT; };
		1BA72ACC0FF89AAC002EC1B7 /* ContactsView.xib */ = {isa = PBXFileReference; lastKnownFileType = file.xib; path = ContactsView.xib; sourceTree = "<group>"; };
		1BB8519F0FFB165100490ACE /* Utils.h */ = {isa = PBXFileReference; fileEncoding = 4; lastKnownFileType = sourcecode.c.h; path = Utils.h; sourceTree = "<group>"; };
		1BB851A00FFB165100490ACE /* Utils.m */ = {isa = PBXFileReference; fileEncoding = 4; lastKnownFileType = sourcecode.c.objc; path = Utils.m; sourceTree = "<group>"; };
		1BB852A70FFB70F800490ACE /* wk_fileapi.h */ = {isa = PBXFileReference; fileEncoding = 4; lastKnownFileType = sourcecode.c.h; path = wk_fileapi.h; sourceTree = "<group>"; };
		1BB852A80FFB70F800490ACE /* wk_fileapi.m */ = {isa = PBXFileReference; fileEncoding = 4; lastKnownFileType = sourcecode.c.objc; path = wk_fileapi.m; sourceTree = "<group>"; };
		1BBD10440FF9A7620053ECFE /* SettingsViewController.h */ = {isa = PBXFileReference; fileEncoding = 4; lastKnownFileType = sourcecode.c.h; path = SettingsViewController.h; sourceTree = "<group>"; };
		1BBD10450FF9A7620053ECFE /* SettingsViewController.m */ = {isa = PBXFileReference; fileEncoding = 4; lastKnownFileType = sourcecode.c.objc; path = SettingsViewController.m; sourceTree = "<group>"; };
		1BBD10600FF9AAAC0053ECFE /* SettingsView.xib */ = {isa = PBXFileReference; lastKnownFileType = file.xib; path = SettingsView.xib; sourceTree = "<group>"; };
		1BBD10640FF9AB570053ECFE /* TextFieldCell.h */ = {isa = PBXFileReference; fileEncoding = 4; lastKnownFileType = sourcecode.c.h; path = TextFieldCell.h; sourceTree = "<group>"; };
		1BBD10650FF9AB570053ECFE /* TextFieldCell.m */ = {isa = PBXFileReference; fileEncoding = 4; lastKnownFileType = sourcecode.c.objc; path = TextFieldCell.m; sourceTree = "<group>"; };
		1BBD10670FF9ABA90053ECFE /* TextFieldCell.xib */ = {isa = PBXFileReference; lastKnownFileType = file.xib; path = TextFieldCell.xib; sourceTree = "<group>"; };
		1BBD10870FF9AFB70053ECFE /* SwitchCell.h */ = {isa = PBXFileReference; fileEncoding = 4; lastKnownFileType = sourcecode.c.h; path = SwitchCell.h; sourceTree = "<group>"; };
		1BBD10880FF9AFB70053ECFE /* SwitchCell.m */ = {isa = PBXFileReference; fileEncoding = 4; lastKnownFileType = sourcecode.c.objc; path = SwitchCell.m; sourceTree = "<group>"; };
		1BBD108A0FF9AFD30053ECFE /* SwitchCell.xib */ = {isa = PBXFileReference; lastKnownFileType = file.xib; path = SwitchCell.xib; sourceTree = "<group>"; };
		1BBD10990FF9B3620053ECFE /* SettingsNavController.h */ = {isa = PBXFileReference; fileEncoding = 4; lastKnownFileType = sourcecode.c.h; path = SettingsNavController.h; sourceTree = "<group>"; };
		1BBD109A0FF9B3620053ECFE /* SettingsNavController.m */ = {isa = PBXFileReference; fileEncoding = 4; lastKnownFileType = sourcecode.c.objc; path = SettingsNavController.m; sourceTree = "<group>"; };
		1BCE1C820FFC80D800688869 /* wk_smsapi.h */ = {isa = PBXFileReference; fileEncoding = 4; lastKnownFileType = sourcecode.c.h; path = wk_smsapi.h; sourceTree = "<group>"; };
		1BCE1C830FFC80D800688869 /* wk_smsapi.m */ = {isa = PBXFileReference; fileEncoding = 4; lastKnownFileType = sourcecode.c.objc; path = wk_smsapi.m; sourceTree = "<group>"; };
		1BCE1C8A0FFC81DD00688869 /* ConvertUTF.c */ = {isa = PBXFileReference; fileEncoding = 4; lastKnownFileType = sourcecode.c.c; path = ConvertUTF.c; sourceTree = "<group>"; };
		1BCE1C8B0FFC81DD00688869 /* ConvertUTF.h */ = {isa = PBXFileReference; fileEncoding = 4; lastKnownFileType = sourcecode.c.h; path = ConvertUTF.h; sourceTree = "<group>"; };
		1BCE1C8C0FFC81DD00688869 /* CountryCode.h */ = {isa = PBXFileReference; fileEncoding = 4; lastKnownFileType = sourcecode.c.h; path = CountryCode.h; sourceTree = "<group>"; };
		1BCE1C8D0FFC81DD00688869 /* device.c */ = {isa = PBXFileReference; fileEncoding = 4; lastKnownFileType = sourcecode.c.c; path = device.c; sourceTree = "<group>"; };
		1BCE1C8E0FFC81DD00688869 /* device.h */ = {isa = PBXFileReference; fileEncoding = 4; lastKnownFileType = sourcecode.c.h; path = device.h; sourceTree = "<group>"; };
		1BCE1C8F0FFC81DD00688869 /* encode.c */ = {isa = PBXFileReference; fileEncoding = 4; lastKnownFileType = sourcecode.c.c; path = encode.c; sourceTree = "<group>"; };
		1BCE1C900FFC81DD00688869 /* encode.h */ = {isa = PBXFileReference; fileEncoding = 4; lastKnownFileType = sourcecode.c.h; path = encode.h; sourceTree = "<group>"; };
		1BCE1C910FFC81DD00688869 /* unicode_helper.c */ = {isa = PBXFileReference; fileEncoding = 4; lastKnownFileType = sourcecode.c.c; path = unicode_helper.c; sourceTree = "<group>"; };
		1BCE1C920FFC81DD00688869 /* unicode_helper.h */ = {isa = PBXFileReference; fileEncoding = 4; lastKnownFileType = sourcecode.c.h; path = unicode_helper.h; sourceTree = "<group>"; };
		1BD707490FFDB8A4001E9E6E /* CFNetwork.framework */ = {isa = PBXFileReference; lastKnownFileType = wrapper.framework; name = CFNetwork.framework; path = System/Library/Frameworks/CFNetwork.framework; sourceTree = SDKROOT; };
		1D30AB110D05D00D00671497 /* Foundation.framework */ = {isa = PBXFileReference; lastKnownFileType = wrapper.framework; name = Foundation.framework; path = System/Library/Frameworks/Foundation.framework; sourceTree = SDKROOT; };
		1D3623240D0F684500981E51 /* TabiNaviAppDelegate.h */ = {isa = PBXFileReference; fileEncoding = 4; lastKnownFileType = sourcecode.c.h; path = TabiNaviAppDelegate.h; sourceTree = "<group>"; };
		1D3623250D0F684500981E51 /* TabiNaviAppDelegate.m */ = {isa = PBXFileReference; fileEncoding = 4; lastKnownFileType = sourcecode.c.objc; path = TabiNaviAppDelegate.m; sourceTree = "<group>"; };
		1D6058910D05DD3D006BFB54 /* TabiNavi.app */ = {isa = PBXFileReference; explicitFileType = wrapper.application; includeInIndex = 0; path = TabiNavi.app; sourceTree = BUILT_PRODUCTS_DIR; };
		1DF5F4DF0D08C38300B7A737 /* UIKit.framework */ = {isa = PBXFileReference; lastKnownFileType = wrapper.framework; name = UIKit.framework; path = System/Library/Frameworks/UIKit.framework; sourceTree = SDKROOT; };
		288765FC0DF74451002DB57D /* CoreGraphics.framework */ = {isa = PBXFileReference; lastKnownFileType = wrapper.framework; name = CoreGraphics.framework; path = System/Library/Frameworks/CoreGraphics.framework; sourceTree = SDKROOT; };
		28AD733E0D9D9553002E5188 /* MainWindow.xib */ = {isa = PBXFileReference; lastKnownFileType = file.xib; path = MainWindow.xib; sourceTree = "<group>"; };
		29B97316FDCFA39411CA2CEA /* main.m */ = {isa = PBXFileReference; fileEncoding = 4; lastKnownFileType = sourcecode.c.objc; path = main.m; sourceTree = "<group>"; };
		32CA4F630368D1EE00C91783 /* TabiNavi_Prefix.pch */ = {isa = PBXFileReference; fileEncoding = 4; lastKnownFileType = sourcecode.c.h; path = TabiNavi_Prefix.pch; sourceTree = "<group>"; };
		8D1107310486CEB800E47090 /* Info.plist */ = {isa = PBXFileReference; fileEncoding = 4; lastKnownFileType = text.plist.xml; path = Info.plist; sourceTree = "<group>"; };
		995F361310008A6B0037F728 /* WebViewController.h */ = {isa = PBXFileReference; fileEncoding = 4; lastKnownFileType = sourcecode.c.h; path = WebViewController.h; sourceTree = "<group>"; };
		995F361410008A6B0037F728 /* WebViewController.m */ = {isa = PBXFileReference; fileEncoding = 4; lastKnownFileType = sourcecode.c.objc; path = WebViewController.m; sourceTree = "<group>"; };
		99A41F9F1001118500F1B51D /* WebViewNavController.h */ = {isa = PBXFileReference; fileEncoding = 4; lastKnownFileType = sourcecode.c.h; path = WebViewNavController.h; sourceTree = "<group>"; };
		99A41FA01001118500F1B51D /* WebViewNavController.m */ = {isa = PBXFileReference; fileEncoding = 4; lastKnownFileType = sourcecode.c.objc; path = WebViewNavController.m; sourceTree = "<group>"; };
		99A41FA21001129600F1B51D /* WebView.xib */ = {isa = PBXFileReference; lastKnownFileType = file.xib; path = WebView.xib; sourceTree = "<group>"; };
/* End PBXFileReference section */

/* Begin PBXFrameworksBuildPhase section */
		1D60588F0D05DD3D006BFB54 /* Frameworks */ = {
			isa = PBXFrameworksBuildPhase;
			buildActionMask = 2147483647;
			files = (
				1D60589F0D05DD5A006BFB54 /* Foundation.framework in Frameworks */,
				1DF5F4E00D08C38300B7A737 /* UIKit.framework in Frameworks */,
				288765FD0DF74451002DB57D /* CoreGraphics.framework in Frameworks */,
				1BA72AC10FF899BE002EC1B7 /* AddressBook.framework in Frameworks */,
				1BA72AC20FF899BE002EC1B7 /* AddressBookUI.framework in Frameworks */,
				1BD7074A0FFDB8A4001E9E6E /* CFNetwork.framework in Frameworks */,
			);
			runOnlyForDeploymentPostprocessing = 0;
		};
/* End PBXFrameworksBuildPhase section */

/* Begin PBXGroup section */
		080E96DDFE201D6D7F000001 /* Classes */ = {
			isa = PBXGroup;
			children = (
				1BB852620FFB6C8A00490ACE /* include */,
				1BB851A50FFB233000490ACE /* osal */,
				1BA72A6C0FF896B2002EC1B7 /* UI */,
				1BA72A890FF89751002EC1B7 /* PIM */,
				1BBD10470FF9A7670053ECFE /* setting */,
				1BCE1CC20FFC858D00688869 /* utils */,
				1BB852AA0FFB70FD00490ACE /* file */,
				1BCE1C850FFC80DD00688869 /* sms */,
			);
			path = Classes;
			sourceTree = "<group>";
		};
		19C28FACFE9D520D11CA2CBB /* Products */ = {
			isa = PBXGroup;
			children = (
				1D6058910D05DD3D006BFB54 /* TabiNavi.app */,
			);
			name = Products;
			sourceTree = "<group>";
		};
		1BA729C00FF885B5002EC1B7 /* images */ = {
			isa = PBXGroup;
			children = (
			);
			name = images;
			sourceTree = "<group>";
		};
		1BA72A6C0FF896B2002EC1B7 /* UI */ = {
			isa = PBXGroup;
			children = (
				995F3630100093290037F728 /* web */,
				1D3623240D0F684500981E51 /* TabiNaviAppDelegate.h */,
				1D3623250D0F684500981E51 /* TabiNaviAppDelegate.m */,
				1BA729AD0FF8821E002EC1B7 /* MyNavigationController.h */,
				1BA729AE0FF8821E002EC1B7 /* MyNavigationController.m */,
				1BA72A120FF88DB5002EC1B7 /* MyNavTableController.h */,
				1BA72A130FF88DB5002EC1B7 /* MyNavTableController.m */,
				1BA72A0B0FF88B5B002EC1B7 /* MyTableViewController.h */,
				1BA72A0C0FF88B5B002EC1B7 /* MyTableViewController.m */,
				1BA729350FF86C6D002EC1B7 /* FirstViewController.h */,
				1BA729360FF86C6D002EC1B7 /* FirstViewController.m */,
				1BA729380FF86C7D002EC1B7 /* SecondViewController.h */,
				1BA729390FF86C7D002EC1B7 /* SecondViewController.m */,
				1BA7293B0FF86C88002EC1B7 /* ThirdViewController.h */,
				1BA7293C0FF86C88002EC1B7 /* ThirdViewController.m */,
			);
			name = UI;
			sourceTree = "<group>";
		};
		1BA72A890FF89751002EC1B7 /* PIM */ = {
			isa = PBXGroup;
			children = (
				1BA72A860FF8974A002EC1B7 /* ContactsViewController.h */,
				1BA72A870FF8974A002EC1B7 /* ContactsViewController.m */,
			);
			name = PIM;
			sourceTree = "<group>";
		};
		1BB851A50FFB233000490ACE /* osal */ = {
			isa = PBXGroup;
			children = (
			);
			name = osal;
			sourceTree = "<group>";
		};
		1BB852620FFB6C8A00490ACE /* include */ = {
			isa = PBXGroup;
			children = (
			);
			name = include;
			sourceTree = "<group>";
		};
		1BB852AA0FFB70FD00490ACE /* file */ = {
			isa = PBXGroup;
			children = (
				1BB852A70FFB70F800490ACE /* wk_fileapi.h */,
				1BB852A80FFB70F800490ACE /* wk_fileapi.m */,
			);
			name = file;
			sourceTree = "<group>";
		};
		1BBD10470FF9A7670053ECFE /* setting */ = {
			isa = PBXGroup;
			children = (
				1BBD10990FF9B3620053ECFE /* SettingsNavController.h */,
				1BBD109A0FF9B3620053ECFE /* SettingsNavController.m */,
				1BBD10440FF9A7620053ECFE /* SettingsViewController.h */,
				1BBD10450FF9A7620053ECFE /* SettingsViewController.m */,
				1BBD10640FF9AB570053ECFE /* TextFieldCell.h */,
				1BBD10650FF9AB570053ECFE /* TextFieldCell.m */,
				1BBD10870FF9AFB70053ECFE /* SwitchCell.h */,
				1BBD10880FF9AFB70053ECFE /* SwitchCell.m */,
			);
			name = setting;
			sourceTree = "<group>";
		};
		1BCE1C850FFC80DD00688869 /* sms */ = {
			isa = PBXGroup;
			children = (
				1BCE1C820FFC80D800688869 /* wk_smsapi.h */,
				1BCE1C830FFC80D800688869 /* wk_smsapi.m */,
				1BCE1C8B0FFC81DD00688869 /* ConvertUTF.h */,
				1BCE1C8A0FFC81DD00688869 /* ConvertUTF.c */,
				1BCE1C8C0FFC81DD00688869 /* CountryCode.h */,
				1BCE1C8E0FFC81DD00688869 /* device.h */,
				1BCE1C8D0FFC81DD00688869 /* device.c */,
				1BCE1C900FFC81DD00688869 /* encode.h */,
				1BCE1C8F0FFC81DD00688869 /* encode.c */,
				1BCE1C920FFC81DD00688869 /* unicode_helper.h */,
				1BCE1C910FFC81DD00688869 /* unicode_helper.c */,
			);
			name = sms;
			sourceTree = "<group>";
		};
		1BCE1CC20FFC858D00688869 /* utils */ = {
			isa = PBXGroup;
			children = (
				1BB8519F0FFB165100490ACE /* Utils.h */,
				1BB851A00FFB165100490ACE /* Utils.m */,
			);
			name = utils;
			sourceTree = "<group>";
		};
		29B97314FDCFA39411CA2CEA /* CustomTemplate */ = {
			isa = PBXGroup;
			children = (
				080E96DDFE201D6D7F000001 /* Classes */,
				29B97315FDCFA39411CA2CEA /* Other Sources */,
				29B97317FDCFA39411CA2CEA /* Resources */,
				29B97323FDCFA39411CA2CEA /* Frameworks */,
				19C28FACFE9D520D11CA2CBB /* Products */,
			);
			name = CustomTemplate;
			sourceTree = "<group>";
		};
		29B97315FDCFA39411CA2CEA /* Other Sources */ = {
			isa = PBXGroup;
			children = (
				32CA4F630368D1EE00C91783 /* TabiNavi_Prefix.pch */,
				29B97316FDCFA39411CA2CEA /* main.m */,
			);
			name = "Other Sources";
			sourceTree = "<group>";
		};
		29B97317FDCFA39411CA2CEA /* Resources */ = {
			isa = PBXGroup;
			children = (
				1BA729C00FF885B5002EC1B7 /* images */,
				1BA72ACC0FF89AAC002EC1B7 /* ContactsView.xib */,
				28AD733E0D9D9553002E5188 /* MainWindow.xib */,
				8D1107310486CEB800E47090 /* Info.plist */,
				1BA7293E0FF86CA6002EC1B7 /* FirstView.xib */,
				1BA729400FF86CB3002EC1B7 /* SecondView.xib */,
				1BA729420FF86CBF002EC1B7 /* ThirdView.xib */,
				1BA72A0E0FF88C45002EC1B7 /* FilesView.xib */,
				1BBD10600FF9AAAC0053ECFE /* SettingsView.xib */,
				1BBD10670FF9ABA90053ECFE /* TextFieldCell.xib */,
				1BBD108A0FF9AFD30053ECFE /* SwitchCell.xib */,
				99A41FA21001129600F1B51D /* WebView.xib */,
			);
			name = Resources;
			sourceTree = "<group>";
		};
		29B97323FDCFA39411CA2CEA /* Frameworks */ = {
			isa = PBXGroup;
			children = (
				1BD707490FFDB8A4001E9E6E /* CFNetwork.framework */,
				1BA72ABF0FF899BE002EC1B7 /* AddressBook.framework */,
				1BA72AC00FF899BE002EC1B7 /* AddressBookUI.framework */,
				1DF5F4DF0D08C38300B7A737 /* UIKit.framework */,
				1D30AB110D05D00D00671497 /* Foundation.framework */,
				288765FC0DF74451002DB57D /* CoreGraphics.framework */,
			);
			name = Frameworks;
			sourceTree = "<group>";
		};
		995F3630100093290037F728 /* web */ = {
			isa = PBXGroup;
			children = (
				995F361310008A6B0037F728 /* WebViewController.h */,
				995F361410008A6B0037F728 /* WebViewController.m */,
				99A41F9F1001118500F1B51D /* WebViewNavController.h */,
				99A41FA01001118500F1B51D /* WebViewNavController.m */,
			);
			name = web;
			sourceTree = "<group>";
		};
/* End PBXGroup section */

/* Begin PBXNativeTarget section */
		1D6058900D05DD3D006BFB54 /* TabiNavi */ = {
			isa = PBXNativeTarget;
			buildConfigurationList = 1D6058960D05DD3E006BFB54 /* Build configuration list for PBXNativeTarget "TabiNavi" */;
			buildPhases = (
				1D60588D0D05DD3D006BFB54 /* Resources */,
				1D60588E0D05DD3D006BFB54 /* Sources */,
				1D60588F0D05DD3D006BFB54 /* Frameworks */,
			);
			buildRules = (
			);
			dependencies = (
			);
			name = TabiNavi;
			productName = TabiNavi;
			productReference = 1D6058910D05DD3D006BFB54 /* TabiNavi.app */;
			productType = "com.apple.product-type.application";
		};
/* End PBXNativeTarget section */

/* Begin PBXProject section */
		29B97313FDCFA39411CA2CEA /* Project object */ = {
			isa = PBXProject;
			buildConfigurationList = C01FCF4E08A954540054247B /* Build configuration list for PBXProject "TabiNavi" */;
			compatibilityVersion = "Xcode 3.1";
			hasScannedForEncodings = 1;
			mainGroup = 29B97314FDCFA39411CA2CEA /* CustomTemplate */;
			projectDirPath = "";
			projectRoot = "";
			targets = (
				1D6058900D05DD3D006BFB54 /* TabiNavi */,
			);
		};
/* End PBXProject section */

/* Begin PBXResourcesBuildPhase section */
		1D60588D0D05DD3D006BFB54 /* Resources */ = {
			isa = PBXResourcesBuildPhase;
			buildActionMask = 2147483647;
			files = (
				28AD733F0D9D9553002E5188 /* MainWindow.xib in Resources */,
				1BA7293F0FF86CA6002EC1B7 /* FirstView.xib in Resources */,
				1BA729410FF86CB3002EC1B7 /* SecondView.xib in Resources */,
				1BA729430FF86CBF002EC1B7 /* ThirdView.xib in Resources */,
				1BA72A0F0FF88C45002EC1B7 /* FilesView.xib in Resources */,
				1BA72ACD0FF89AAC002EC1B7 /* ContactsView.xib in Resources */,
				1BBD10610FF9AAAC0053ECFE /* SettingsView.xib in Resources */,
				1BBD10680FF9ABA90053ECFE /* TextFieldCell.xib in Resources */,
				1BBD108B0FF9AFD30053ECFE /* SwitchCell.xib in Resources */,
				99A41FA31001129600F1B51D /* WebView.xib in Resources */,
			);
			runOnlyForDeploymentPostprocessing = 0;
		};
/* End PBXResourcesBuildPhase section */

/* Begin PBXSourcesBuildPhase section */
		1D60588E0D05DD3D006BFB54 /* Sources */ = {
			isa = PBXSourcesBuildPhase;
			buildActionMask = 2147483647;
			files = (
				1D60589B0D05DD56006BFB54 /* main.m in Sources */,
				1D3623260D0F684500981E51 /* TabiNaviAppDelegate.m in Sources */,
				1BA729370FF86C6D002EC1B7 /* FirstViewController.m in Sources */,
				1BA7293A0FF86C7D002EC1B7 /* SecondViewController.m in Sources */,
				1BA7293D0FF86C88002EC1B7 /* ThirdViewController.m in Sources */,
				1BA729AF0FF8821E002EC1B7 /* MyNavigationController.m in Sources */,
				1BA72A0D0FF88B5B002EC1B7 /* MyTableViewController.m in Sources */,
				1BA72A140FF88DB5002EC1B7 /* MyNavTableController.m in Sources */,
				1BA72A880FF8974A002EC1B7 /* ContactsViewController.m in Sources */,
				1BBD10460FF9A7620053ECFE /* SettingsViewController.m in Sources */,
				1BBD10660FF9AB570053ECFE /* TextFieldCell.m in Sources */,
				1BBD10890FF9AFB70053ECFE /* SwitchCell.m in Sources */,
				1BBD109B0FF9B3620053ECFE /* SettingsNavController.m in Sources */,
				1BB851A10FFB165100490ACE /* Utils.m in Sources */,
				1BB852A90FFB70F800490ACE /* wk_fileapi.m in Sources */,
				1BCE1C840FFC80D800688869 /* wk_smsapi.m in Sources */,
				1BCE1C930FFC81DD00688869 /* ConvertUTF.c in Sources */,
				1BCE1C940FFC81DD00688869 /* device.c in Sources */,
				1BCE1C950FFC81DD00688869 /* encode.c in Sources */,
				1BCE1C960FFC81DD00688869 /* unicode_helper.c in Sources */,
				995F361510008A6B0037F728 /* WebViewController.m in Sources */,
				99A41FA11001118500F1B51D /* WebViewNavController.m in Sources */,
			);
			runOnlyForDeploymentPostprocessing = 0;
		};
/* End PBXSourcesBuildPhase section */

/* Begin XCBuildConfiguration section */
		1D6058940D05DD3E006BFB54 /* Debug */ = {
			isa = XCBuildConfiguration;
			buildSettings = {
				ALWAYS_SEARCH_USER_PATHS = NO;
				COPY_PHASE_STRIP = NO;
				GCC_DYNAMIC_NO_PIC = NO;
				GCC_OPTIMIZATION_LEVEL = 0;
				GCC_PRECOMPILE_PREFIX_HEADER = YES;
				GCC_PREFIX_HEADER = TabiNavi_Prefix.pch;
				INFOPLIST_FILE = Info.plist;
				PRODUCT_NAME = TabiNavi;
			};
			name = Debug;
		};
		1D6058950D05DD3E006BFB54 /* Release */ = {
			isa = XCBuildConfiguration;
			buildSettings = {
				ALWAYS_SEARCH_USER_PATHS = NO;
				COPY_PHASE_STRIP = YES;
				GCC_PRECOMPILE_PREFIX_HEADER = YES;
				GCC_PREFIX_HEADER = TabiNavi_Prefix.pch;
				INFOPLIST_FILE = Info.plist;
				PRODUCT_NAME = TabiNavi;
			};
			name = Release;
		};
		C01FCF4F08A954540054247B /* Debug */ = {
			isa = XCBuildConfiguration;
			buildSettings = {
				ARCHS = "$(ARCHS_STANDARD_32_BIT)";
				"CODE_SIGN_IDENTITY[sdk=iphoneos*]" = "iPhone Developer";
				GCC_C_LANGUAGE_STANDARD = c99;
				GCC_WARN_ABOUT_RETURN_TYPE = YES;
				GCC_WARN_UNUSED_VARIABLE = YES;
				ONLY_ACTIVE_ARCH = YES;
				PREBINDING = NO;
				SDKROOT = iphoneos2.2;
			};
			name = Debug;
		};
		C01FCF5008A954540054247B /* Release */ = {
			isa = XCBuildConfiguration;
			buildSettings = {
				ARCHS = "$(ARCHS_STANDARD_32_BIT)";
				"CODE_SIGN_IDENTITY[sdk=iphoneos*]" = "iPhone Developer";
				GCC_C_LANGUAGE_STANDARD = c99;
				GCC_WARN_ABOUT_RETURN_TYPE = YES;
				GCC_WARN_UNUSED_VARIABLE = YES;
				PREBINDING = NO;
				SDKROOT = iphoneos2.2;
			};
			name = Release;
		};
/* End XCBuildConfiguration section */

/* Begin XCConfigurationList section */
		1D6058960D05DD3E006BFB54 /* Build configuration list for PBXNativeTarget "TabiNavi" */ = {
			isa = XCConfigurationList;
			buildConfigurations = (
				1D6058940D05DD3E006BFB54 /* Debug */,
				1D6058950D05DD3E006BFB54 /* Release */,
			);
			defaultConfigurationIsVisible = 0;
			defaultConfigurationName = Release;
		};
		C01FCF4E08A954540054247B /* Build configuration list for PBXProject "TabiNavi" */ = {
			isa = XCConfigurationList;
			buildConfigurations = (
				C01FCF4F08A954540054247B /* Debug */,
				C01FCF5008A954540054247B /* Release */,
			);
			defaultConfigurationIsVisible = 0;
			defaultConfigurationName = Release;
		};
/* End XCConfigurationList section */
	};
	rootObject = 29B97313FDCFA39411CA2CEA /* Project object */;
}
