// !$*UTF8*$!
{
	archiveVersion = 1;
	classes = {
	};
	objectVersion = 46;
	objects = {

/* Begin PBXBuildFile section */
		A3C6AC2E137FFED400D58C7D /* Localizable.strings in Resources */ = {isa = PBXBuildFile; fileRef = A3C6AC2C137FFED400D58C7D /* Localizable.strings */; };
		A3DE79B813968F0800C46370 /* LKTab.m in Sources */ = {isa = PBXBuildFile; fileRef = A3DE79B713968F0700C46370 /* LKTab.m */; };
		A3DE79BC1396933600C46370 /* LKViewController.m in Sources */ = {isa = PBXBuildFile; fileRef = A3DE79BA1396933400C46370 /* LKViewController.m */; };
		A3DE79BD1396933600C46370 /* LKViewController.xib in Resources */ = {isa = PBXBuildFile; fileRef = A3DE79BB1396933500C46370 /* LKViewController.xib */; };
		A3DE79C11396936D00C46370 /* HomeViewController.m in Sources */ = {isa = PBXBuildFile; fileRef = A3DE79BF1396936D00C46370 /* HomeViewController.m */; };
		A3DE79C21396936D00C46370 /* HomeViewController.xib in Resources */ = {isa = PBXBuildFile; fileRef = A3DE79C01396936D00C46370 /* HomeViewController.xib */; };
		A3DE79C61396947600C46370 /* LKTouchableImageView.m in Sources */ = {isa = PBXBuildFile; fileRef = A3DE79C51396947600C46370 /* LKTouchableImageView.m */; };
		A3DE79C91396962A00C46370 /* LKTouchableImageModel.m in Sources */ = {isa = PBXBuildFile; fileRef = A3DE79C81396962A00C46370 /* LKTouchableImageModel.m */; };
		A3DE79CC1396996B00C46370 /* FilmRecord.m in Sources */ = {isa = PBXBuildFile; fileRef = A3DE79CB1396996B00C46370 /* FilmRecord.m */; };
		A3DE79D013969AB500C46370 /* FavViewController.m in Sources */ = {isa = PBXBuildFile; fileRef = A3DE79CE13969AB500C46370 /* FavViewController.m */; };
		A3DE79D113969AB500C46370 /* FavViewController.xib in Resources */ = {isa = PBXBuildFile; fileRef = A3DE79CF13969AB500C46370 /* FavViewController.xib */; };
		A3DE79D513969B7E00C46370 /* MoreViewController.m in Sources */ = {isa = PBXBuildFile; fileRef = A3DE79D313969B7D00C46370 /* MoreViewController.m */; };
		A3DE79D613969B7E00C46370 /* MoreViewController.xib in Resources */ = {isa = PBXBuildFile; fileRef = A3DE79D413969B7D00C46370 /* MoreViewController.xib */; };
		A3E4405C137FEB590012A268 /* UIKit.framework in Frameworks */ = {isa = PBXBuildFile; fileRef = A3E4405B137FEB590012A268 /* UIKit.framework */; };
		A3E4405E137FEB590012A268 /* Foundation.framework in Frameworks */ = {isa = PBXBuildFile; fileRef = A3E4405D137FEB590012A268 /* Foundation.framework */; };
		A3E44060137FEB590012A268 /* CoreGraphics.framework in Frameworks */ = {isa = PBXBuildFile; fileRef = A3E4405F137FEB590012A268 /* CoreGraphics.framework */; };
		A3E44066137FEB590012A268 /* InfoPlist.strings in Resources */ = {isa = PBXBuildFile; fileRef = A3E44064137FEB590012A268 /* InfoPlist.strings */; };
		A3E44069137FEB5A0012A268 /* main.m in Sources */ = {isa = PBXBuildFile; fileRef = A3E44068137FEB5A0012A268 /* main.m */; };
		A3E4406C137FEB5A0012A268 /* siluVodAppDelegate.m in Sources */ = {isa = PBXBuildFile; fileRef = A3E4406B137FEB5A0012A268 /* siluVodAppDelegate.m */; };
		A3E4406F137FEB5A0012A268 /* MainWindow.xib in Resources */ = {isa = PBXBuildFile; fileRef = A3E4406D137FEB5A0012A268 /* MainWindow.xib */; };
		A3E4407C137FEB5A0012A268 /* UIKit.framework in Frameworks */ = {isa = PBXBuildFile; fileRef = A3E4405B137FEB590012A268 /* UIKit.framework */; };
		A3E4407D137FEB5A0012A268 /* Foundation.framework in Frameworks */ = {isa = PBXBuildFile; fileRef = A3E4405D137FEB590012A268 /* Foundation.framework */; };
		A3E4407E137FEB5A0012A268 /* CoreGraphics.framework in Frameworks */ = {isa = PBXBuildFile; fileRef = A3E4405F137FEB590012A268 /* CoreGraphics.framework */; };
		A3E44086137FEB5A0012A268 /* InfoPlist.strings in Resources */ = {isa = PBXBuildFile; fileRef = A3E44084137FEB5A0012A268 /* InfoPlist.strings */; };
		A3E44089137FEB5A0012A268 /* siluVodTests.h in Resources */ = {isa = PBXBuildFile; fileRef = A3E44088137FEB5A0012A268 /* siluVodTests.h */; };
		A3E4408B137FEB5A0012A268 /* siluVodTests.m in Sources */ = {isa = PBXBuildFile; fileRef = A3E4408A137FEB5A0012A268 /* siluVodTests.m */; };
		A3E440A2137FEC310012A268 /* blue-divider.png in Resources */ = {isa = PBXBuildFile; fileRef = A3E4409B137FEC310012A268 /* blue-divider.png */; };
		A3E440A3137FEC310012A268 /* bottombarblue.png in Resources */ = {isa = PBXBuildFile; fileRef = A3E4409C137FEC310012A268 /* bottombarblue.png */; };
		A3E440A4137FEC310012A268 /* bottombarblue_pressed.png in Resources */ = {isa = PBXBuildFile; fileRef = A3E4409D137FEC310012A268 /* bottombarblue_pressed.png */; };
		A3E440A5137FEC310012A268 /* bottombarredfire.png in Resources */ = {isa = PBXBuildFile; fileRef = A3E4409E137FEC310012A268 /* bottombarredfire.png */; };
		A3E440A6137FEC310012A268 /* bottombarredfire_pressed.png in Resources */ = {isa = PBXBuildFile; fileRef = A3E4409F137FEC310012A268 /* bottombarredfire_pressed.png */; };
		A3E440A7137FEC310012A268 /* LKSegmenteControl.m in Sources */ = {isa = PBXBuildFile; fileRef = A3E440A1137FEC310012A268 /* LKSegmenteControl.m */; };
		A3FDFDE11380038500EA1D8E /* LKTabBar.m in Sources */ = {isa = PBXBuildFile; fileRef = A3FDFDE01380038500EA1D8E /* LKTabBar.m */; };
		A3FDFDE5138003AF00EA1D8E /* LKTabBarController.m in Sources */ = {isa = PBXBuildFile; fileRef = A3FDFDE3138003AF00EA1D8E /* LKTabBarController.m */; };
		A3FDFDE6138003AF00EA1D8E /* LKTabBarController.xib in Resources */ = {isa = PBXBuildFile; fileRef = A3FDFDE4138003AF00EA1D8E /* LKTabBarController.xib */; };
		A3FDFDFC1380167300EA1D8E /* chat.png in Resources */ = {isa = PBXBuildFile; fileRef = A3FDFDE81380167200EA1D8E /* chat.png */; };
		A3FDFDFD1380167300EA1D8E /* chat@2x.png in Resources */ = {isa = PBXBuildFile; fileRef = A3FDFDE91380167200EA1D8E /* chat@2x.png */; };
		A3FDFDFE1380167300EA1D8E /* compose-at.png in Resources */ = {isa = PBXBuildFile; fileRef = A3FDFDEA1380167200EA1D8E /* compose-at.png */; };
		A3FDFDFF1380167300EA1D8E /* compose-at@2x.png in Resources */ = {isa = PBXBuildFile; fileRef = A3FDFDEB1380167200EA1D8E /* compose-at@2x.png */; };
		A3FDFE001380167300EA1D8E /* magnifying-glass.png in Resources */ = {isa = PBXBuildFile; fileRef = A3FDFDEC1380167200EA1D8E /* magnifying-glass.png */; };
		A3FDFE011380167300EA1D8E /* magnifying-glass@2x.png in Resources */ = {isa = PBXBuildFile; fileRef = A3FDFDED1380167200EA1D8E /* magnifying-glass@2x.png */; };
		A3FDFE021380167300EA1D8E /* messages.png in Resources */ = {isa = PBXBuildFile; fileRef = A3FDFDEE1380167200EA1D8E /* messages.png */; };
		A3FDFE031380167300EA1D8E /* messages@2x.png in Resources */ = {isa = PBXBuildFile; fileRef = A3FDFDEF1380167200EA1D8E /* messages@2x.png */; };
		A3FDFE041380167300EA1D8E /* more.png in Resources */ = {isa = PBXBuildFile; fileRef = A3FDFDF01380167200EA1D8E /* more.png */; };
		A3FDFE051380167300EA1D8E /* more@2x.png in Resources */ = {isa = PBXBuildFile; fileRef = A3FDFDF11380167200EA1D8E /* more@2x.png */; };
		A3FDFE061380167300EA1D8E /* TabBarGlow.png in Resources */ = {isa = PBXBuildFile; fileRef = A3FDFDF21380167200EA1D8E /* TabBarGlow.png */; };
		A3FDFE071380167300EA1D8E /* TabBarGlow@2x.png in Resources */ = {isa = PBXBuildFile; fileRef = A3FDFDF31380167200EA1D8E /* TabBarGlow@2x.png */; };
		A3FDFE081380167300EA1D8E /* TabBarGradient.png in Resources */ = {isa = PBXBuildFile; fileRef = A3FDFDF41380167200EA1D8E /* TabBarGradient.png */; };
		A3FDFE091380167300EA1D8E /* TabBarGradient@2x.png in Resources */ = {isa = PBXBuildFile; fileRef = A3FDFDF51380167200EA1D8E /* TabBarGradient@2x.png */; };
		A3FDFE0A1380167300EA1D8E /* TabBarItemSelectedBackground.png in Resources */ = {isa = PBXBuildFile; fileRef = A3FDFDF61380167200EA1D8E /* TabBarItemSelectedBackground.png */; };
		A3FDFE0B1380167300EA1D8E /* TabBarItemSelectedBackground@2x.png in Resources */ = {isa = PBXBuildFile; fileRef = A3FDFDF71380167200EA1D8E /* TabBarItemSelectedBackground@2x.png */; };
		A3FDFE0C1380167300EA1D8E /* TabBarNipple.png in Resources */ = {isa = PBXBuildFile; fileRef = A3FDFDF81380167200EA1D8E /* TabBarNipple.png */; };
		A3FDFE0D1380167300EA1D8E /* TabBarNipple@2x.png in Resources */ = {isa = PBXBuildFile; fileRef = A3FDFDF91380167200EA1D8E /* TabBarNipple@2x.png */; };
		A3FDFE0E1380167300EA1D8E /* TabBarSelection.png in Resources */ = {isa = PBXBuildFile; fileRef = A3FDFDFA1380167200EA1D8E /* TabBarSelection.png */; };
		A3FDFE0F1380167300EA1D8E /* TabBarSelection@2x.png in Resources */ = {isa = PBXBuildFile; fileRef = A3FDFDFB1380167200EA1D8E /* TabBarSelection@2x.png */; };
/* End PBXBuildFile section */

/* Begin PBXContainerItemProxy section */
		A3E4407F137FEB5A0012A268 /* PBXContainerItemProxy */ = {
			isa = PBXContainerItemProxy;
			containerPortal = A3E4404E137FEB590012A268 /* Project object */;
			proxyType = 1;
			remoteGlobalIDString = A3E44056137FEB590012A268;
			remoteInfo = siluVod;
		};
/* End PBXContainerItemProxy section */

/* Begin PBXFileReference section */
		A3C6AC2D137FFED400D58C7D /* zh-Hans */ = {isa = PBXFileReference; lastKnownFileType = text.plist.strings; name = "zh-Hans"; path = "zh-Hans.lproj/Localizable.strings"; sourceTree = "<group>"; };
		A3C6AC2F137FFEE300D58C7D /* en */ = {isa = PBXFileReference; lastKnownFileType = text.plist.strings; name = en; path = en.lproj/Localizable.strings; sourceTree = "<group>"; };
		A3DE79B413968DB800C46370 /* Defines.h */ = {isa = PBXFileReference; fileEncoding = 4; lastKnownFileType = sourcecode.c.h; path = Defines.h; sourceTree = "<group>"; };
		A3DE79B613968F0700C46370 /* LKTab.h */ = {isa = PBXFileReference; fileEncoding = 4; lastKnownFileType = sourcecode.c.h; path = LKTab.h; sourceTree = "<group>"; };
		A3DE79B713968F0700C46370 /* LKTab.m */ = {isa = PBXFileReference; fileEncoding = 4; lastKnownFileType = sourcecode.c.objc; path = LKTab.m; sourceTree = "<group>"; };
		A3DE79B91396933400C46370 /* LKViewController.h */ = {isa = PBXFileReference; fileEncoding = 4; lastKnownFileType = sourcecode.c.h; path = LKViewController.h; sourceTree = "<group>"; };
		A3DE79BA1396933400C46370 /* LKViewController.m */ = {isa = PBXFileReference; fileEncoding = 4; lastKnownFileType = sourcecode.c.objc; path = LKViewController.m; sourceTree = "<group>"; };
		A3DE79BB1396933500C46370 /* LKViewController.xib */ = {isa = PBXFileReference; fileEncoding = 4; lastKnownFileType = file.xib; path = LKViewController.xib; sourceTree = "<group>"; };
		A3DE79BE1396936D00C46370 /* HomeViewController.h */ = {isa = PBXFileReference; fileEncoding = 4; lastKnownFileType = sourcecode.c.h; path = HomeViewController.h; sourceTree = "<group>"; };
		A3DE79BF1396936D00C46370 /* HomeViewController.m */ = {isa = PBXFileReference; fileEncoding = 4; lastKnownFileType = sourcecode.c.objc; path = HomeViewController.m; sourceTree = "<group>"; };
		A3DE79C01396936D00C46370 /* HomeViewController.xib */ = {isa = PBXFileReference; fileEncoding = 4; lastKnownFileType = file.xib; path = HomeViewController.xib; sourceTree = "<group>"; };
		A3DE79C41396947600C46370 /* LKTouchableImageView.h */ = {isa = PBXFileReference; fileEncoding = 4; lastKnownFileType = sourcecode.c.h; path = LKTouchableImageView.h; sourceTree = "<group>"; };
		A3DE79C51396947600C46370 /* LKTouchableImageView.m */ = {isa = PBXFileReference; fileEncoding = 4; lastKnownFileType = sourcecode.c.objc; path = LKTouchableImageView.m; sourceTree = "<group>"; };
		A3DE79C71396962A00C46370 /* LKTouchableImageModel.h */ = {isa = PBXFileReference; fileEncoding = 4; lastKnownFileType = sourcecode.c.h; path = LKTouchableImageModel.h; sourceTree = "<group>"; };
		A3DE79C81396962A00C46370 /* LKTouchableImageModel.m */ = {isa = PBXFileReference; fileEncoding = 4; lastKnownFileType = sourcecode.c.objc; path = LKTouchableImageModel.m; sourceTree = "<group>"; };
		A3DE79CA1396996B00C46370 /* FilmRecord.h */ = {isa = PBXFileReference; fileEncoding = 4; lastKnownFileType = sourcecode.c.h; path = FilmRecord.h; sourceTree = "<group>"; };
		A3DE79CB1396996B00C46370 /* FilmRecord.m */ = {isa = PBXFileReference; fileEncoding = 4; lastKnownFileType = sourcecode.c.objc; path = FilmRecord.m; sourceTree = "<group>"; };
		A3DE79CD13969AB500C46370 /* FavViewController.h */ = {isa = PBXFileReference; fileEncoding = 4; lastKnownFileType = sourcecode.c.h; path = FavViewController.h; sourceTree = "<group>"; };
		A3DE79CE13969AB500C46370 /* FavViewController.m */ = {isa = PBXFileReference; fileEncoding = 4; lastKnownFileType = sourcecode.c.objc; path = FavViewController.m; sourceTree = "<group>"; };
		A3DE79CF13969AB500C46370 /* FavViewController.xib */ = {isa = PBXFileReference; fileEncoding = 4; lastKnownFileType = file.xib; path = FavViewController.xib; sourceTree = "<group>"; };
		A3DE79D213969B7D00C46370 /* MoreViewController.h */ = {isa = PBXFileReference; fileEncoding = 4; lastKnownFileType = sourcecode.c.h; path = MoreViewController.h; sourceTree = "<group>"; };
		A3DE79D313969B7D00C46370 /* MoreViewController.m */ = {isa = PBXFileReference; fileEncoding = 4; lastKnownFileType = sourcecode.c.objc; path = MoreViewController.m; sourceTree = "<group>"; };
		A3DE79D413969B7D00C46370 /* MoreViewController.xib */ = {isa = PBXFileReference; fileEncoding = 4; lastKnownFileType = file.xib; path = MoreViewController.xib; sourceTree = "<group>"; };
		A3E44057137FEB590012A268 /* siluVod.app */ = {isa = PBXFileReference; explicitFileType = wrapper.application; includeInIndex = 0; path = siluVod.app; sourceTree = BUILT_PRODUCTS_DIR; };
		A3E4405B137FEB590012A268 /* UIKit.framework */ = {isa = PBXFileReference; lastKnownFileType = wrapper.framework; name = UIKit.framework; path = System/Library/Frameworks/UIKit.framework; sourceTree = SDKROOT; };
		A3E4405D137FEB590012A268 /* Foundation.framework */ = {isa = PBXFileReference; lastKnownFileType = wrapper.framework; name = Foundation.framework; path = System/Library/Frameworks/Foundation.framework; sourceTree = SDKROOT; };
		A3E4405F137FEB590012A268 /* CoreGraphics.framework */ = {isa = PBXFileReference; lastKnownFileType = wrapper.framework; name = CoreGraphics.framework; path = System/Library/Frameworks/CoreGraphics.framework; sourceTree = SDKROOT; };
		A3E44063137FEB590012A268 /* siluVod-Info.plist */ = {isa = PBXFileReference; lastKnownFileType = text.plist.xml; path = "siluVod-Info.plist"; sourceTree = "<group>"; };
		A3E44065137FEB590012A268 /* en */ = {isa = PBXFileReference; lastKnownFileType = text.plist.strings; name = en; path = en.lproj/InfoPlist.strings; sourceTree = "<group>"; };
		A3E44067137FEB5A0012A268 /* siluVod-Prefix.pch */ = {isa = PBXFileReference; lastKnownFileType = sourcecode.c.h; path = "siluVod-Prefix.pch"; sourceTree = "<group>"; };
		A3E44068137FEB5A0012A268 /* main.m */ = {isa = PBXFileReference; lastKnownFileType = sourcecode.c.objc; path = main.m; sourceTree = "<group>"; };
		A3E4406A137FEB5A0012A268 /* siluVodAppDelegate.h */ = {isa = PBXFileReference; lastKnownFileType = sourcecode.c.h; path = siluVodAppDelegate.h; sourceTree = "<group>"; };
		A3E4406B137FEB5A0012A268 /* siluVodAppDelegate.m */ = {isa = PBXFileReference; lastKnownFileType = sourcecode.c.objc; path = siluVodAppDelegate.m; sourceTree = "<group>"; };
		A3E4406E137FEB5A0012A268 /* en */ = {isa = PBXFileReference; lastKnownFileType = file.xib; name = en; path = en.lproj/MainWindow.xib; sourceTree = "<group>"; };
		A3E4407B137FEB5A0012A268 /* siluVodTests.octest */ = {isa = PBXFileReference; explicitFileType = wrapper.cfbundle; includeInIndex = 0; path = siluVodTests.octest; sourceTree = BUILT_PRODUCTS_DIR; };
		A3E44083137FEB5A0012A268 /* siluVodTests-Info.plist */ = {isa = PBXFileReference; lastKnownFileType = text.plist.xml; path = "siluVodTests-Info.plist"; sourceTree = "<group>"; };
		A3E44085137FEB5A0012A268 /* en */ = {isa = PBXFileReference; lastKnownFileType = text.plist.strings; name = en; path = en.lproj/InfoPlist.strings; sourceTree = "<group>"; };
		A3E44087137FEB5A0012A268 /* siluVodTests-Prefix.pch */ = {isa = PBXFileReference; lastKnownFileType = sourcecode.c.h; path = "siluVodTests-Prefix.pch"; sourceTree = "<group>"; };
		A3E44088137FEB5A0012A268 /* siluVodTests.h */ = {isa = PBXFileReference; lastKnownFileType = sourcecode.c.h; path = siluVodTests.h; sourceTree = "<group>"; };
		A3E4408A137FEB5A0012A268 /* siluVodTests.m */ = {isa = PBXFileReference; lastKnownFileType = sourcecode.c.objc; path = siluVodTests.m; sourceTree = "<group>"; };
		A3E4409B137FEC310012A268 /* blue-divider.png */ = {isa = PBXFileReference; lastKnownFileType = image.png; path = "blue-divider.png"; sourceTree = "<group>"; };
		A3E4409C137FEC310012A268 /* bottombarblue.png */ = {isa = PBXFileReference; lastKnownFileType = image.png; path = bottombarblue.png; sourceTree = "<group>"; };
		A3E4409D137FEC310012A268 /* bottombarblue_pressed.png */ = {isa = PBXFileReference; lastKnownFileType = image.png; path = bottombarblue_pressed.png; sourceTree = "<group>"; };
		A3E4409E137FEC310012A268 /* bottombarredfire.png */ = {isa = PBXFileReference; lastKnownFileType = image.png; path = bottombarredfire.png; sourceTree = "<group>"; };
		A3E4409F137FEC310012A268 /* bottombarredfire_pressed.png */ = {isa = PBXFileReference; lastKnownFileType = image.png; path = bottombarredfire_pressed.png; sourceTree = "<group>"; };
		A3E440A0137FEC310012A268 /* LKSegmenteControl.h */ = {isa = PBXFileReference; fileEncoding = 4; lastKnownFileType = sourcecode.c.h; path = LKSegmenteControl.h; sourceTree = "<group>"; };
		A3E440A1137FEC310012A268 /* LKSegmenteControl.m */ = {isa = PBXFileReference; fileEncoding = 4; lastKnownFileType = sourcecode.c.objc; path = LKSegmenteControl.m; sourceTree = "<group>"; };
		A3E440B2137FF1C90012A268 /* zh-Hans */ = {isa = PBXFileReference; lastKnownFileType = text.plist.strings; name = "zh-Hans"; path = "/Users/luke/Documents/luke/Mac/Mac/workspace/siluVod/siluVodTests/zh-Hans.lproj/InfoPlist.strings"; sourceTree = "<absolute>"; };
		A3E440B4137FF1CB0012A268 /* zh-Hans */ = {isa = PBXFileReference; lastKnownFileType = file.xib; name = "zh-Hans"; path = "/Users/luke/Documents/luke/Mac/Mac/workspace/siluVod/siluVod/zh-Hans.lproj/MainWindow.xib"; sourceTree = "<absolute>"; };
		A3E440B5137FF1CB0012A268 /* zh-Hans */ = {isa = PBXFileReference; lastKnownFileType = text.plist.strings; name = "zh-Hans"; path = "/Users/luke/Documents/luke/Mac/Mac/workspace/siluVod/siluVod/zh-Hans.lproj/InfoPlist.strings"; sourceTree = "<absolute>"; };
		A3FDFDDF1380038500EA1D8E /* LKTabBar.h */ = {isa = PBXFileReference; fileEncoding = 4; lastKnownFileType = sourcecode.c.h; path = LKTabBar.h; sourceTree = "<group>"; };
		A3FDFDE01380038500EA1D8E /* LKTabBar.m */ = {isa = PBXFileReference; fileEncoding = 4; lastKnownFileType = sourcecode.c.objc; path = LKTabBar.m; sourceTree = "<group>"; };
		A3FDFDE2138003AF00EA1D8E /* LKTabBarController.h */ = {isa = PBXFileReference; fileEncoding = 4; lastKnownFileType = sourcecode.c.h; path = LKTabBarController.h; sourceTree = "<group>"; };
		A3FDFDE3138003AF00EA1D8E /* LKTabBarController.m */ = {isa = PBXFileReference; fileEncoding = 4; lastKnownFileType = sourcecode.c.objc; path = LKTabBarController.m; sourceTree = "<group>"; };
		A3FDFDE4138003AF00EA1D8E /* LKTabBarController.xib */ = {isa = PBXFileReference; fileEncoding = 4; lastKnownFileType = file.xib; path = LKTabBarController.xib; sourceTree = "<group>"; };
		A3FDFDE81380167200EA1D8E /* chat.png */ = {isa = PBXFileReference; lastKnownFileType = image.png; path = chat.png; sourceTree = "<group>"; };
		A3FDFDE91380167200EA1D8E /* chat@2x.png */ = {isa = PBXFileReference; lastKnownFileType = image.png; path = "chat@2x.png"; sourceTree = "<group>"; };
		A3FDFDEA1380167200EA1D8E /* compose-at.png */ = {isa = PBXFileReference; lastKnownFileType = image.png; path = "compose-at.png"; sourceTree = "<group>"; };
		A3FDFDEB1380167200EA1D8E /* compose-at@2x.png */ = {isa = PBXFileReference; lastKnownFileType = image.png; path = "compose-at@2x.png"; sourceTree = "<group>"; };
		A3FDFDEC1380167200EA1D8E /* magnifying-glass.png */ = {isa = PBXFileReference; lastKnownFileType = image.png; path = "magnifying-glass.png"; sourceTree = "<group>"; };
		A3FDFDED1380167200EA1D8E /* magnifying-glass@2x.png */ = {isa = PBXFileReference; lastKnownFileType = image.png; path = "magnifying-glass@2x.png"; sourceTree = "<group>"; };
		A3FDFDEE1380167200EA1D8E /* messages.png */ = {isa = PBXFileReference; lastKnownFileType = image.png; path = messages.png; sourceTree = "<group>"; };
		A3FDFDEF1380167200EA1D8E /* messages@2x.png */ = {isa = PBXFileReference; lastKnownFileType = image.png; path = "messages@2x.png"; sourceTree = "<group>"; };
		A3FDFDF01380167200EA1D8E /* more.png */ = {isa = PBXFileReference; lastKnownFileType = image.png; path = more.png; sourceTree = "<group>"; };
		A3FDFDF11380167200EA1D8E /* more@2x.png */ = {isa = PBXFileReference; lastKnownFileType = image.png; path = "more@2x.png"; sourceTree = "<group>"; };
		A3FDFDF21380167200EA1D8E /* TabBarGlow.png */ = {isa = PBXFileReference; lastKnownFileType = image.png; path = TabBarGlow.png; sourceTree = "<group>"; };
		A3FDFDF31380167200EA1D8E /* TabBarGlow@2x.png */ = {isa = PBXFileReference; lastKnownFileType = image.png; path = "TabBarGlow@2x.png"; sourceTree = "<group>"; };
		A3FDFDF41380167200EA1D8E /* TabBarGradient.png */ = {isa = PBXFileReference; lastKnownFileType = image.png; path = TabBarGradient.png; sourceTree = "<group>"; };
		A3FDFDF51380167200EA1D8E /* TabBarGradient@2x.png */ = {isa = PBXFileReference; lastKnownFileType = image.png; path = "TabBarGradient@2x.png"; sourceTree = "<group>"; };
		A3FDFDF61380167200EA1D8E /* TabBarItemSelectedBackground.png */ = {isa = PBXFileReference; lastKnownFileType = image.png; path = TabBarItemSelectedBackground.png; sourceTree = "<group>"; };
		A3FDFDF71380167200EA1D8E /* TabBarItemSelectedBackground@2x.png */ = {isa = PBXFileReference; lastKnownFileType = image.png; path = "TabBarItemSelectedBackground@2x.png"; sourceTree = "<group>"; };
		A3FDFDF81380167200EA1D8E /* TabBarNipple.png */ = {isa = PBXFileReference; lastKnownFileType = image.png; path = TabBarNipple.png; sourceTree = "<group>"; };
		A3FDFDF91380167200EA1D8E /* TabBarNipple@2x.png */ = {isa = PBXFileReference; lastKnownFileType = image.png; path = "TabBarNipple@2x.png"; sourceTree = "<group>"; };
		A3FDFDFA1380167200EA1D8E /* TabBarSelection.png */ = {isa = PBXFileReference; lastKnownFileType = image.png; path = TabBarSelection.png; sourceTree = "<group>"; };
		A3FDFDFB1380167200EA1D8E /* TabBarSelection@2x.png */ = {isa = PBXFileReference; lastKnownFileType = image.png; path = "TabBarSelection@2x.png"; sourceTree = "<group>"; };
/* End PBXFileReference section */

/* Begin PBXFrameworksBuildPhase section */
		A3E44054137FEB590012A268 /* Frameworks */ = {
			isa = PBXFrameworksBuildPhase;
			buildActionMask = 2147483647;
			files = (
				A3E4405C137FEB590012A268 /* UIKit.framework in Frameworks */,
				A3E4405E137FEB590012A268 /* Foundation.framework in Frameworks */,
				A3E44060137FEB590012A268 /* CoreGraphics.framework in Frameworks */,
			);
			runOnlyForDeploymentPostprocessing = 0;
		};
		A3E44077137FEB5A0012A268 /* Frameworks */ = {
			isa = PBXFrameworksBuildPhase;
			buildActionMask = 2147483647;
			files = (
				A3E4407C137FEB5A0012A268 /* UIKit.framework in Frameworks */,
				A3E4407D137FEB5A0012A268 /* Foundation.framework in Frameworks */,
				A3E4407E137FEB5A0012A268 /* CoreGraphics.framework in Frameworks */,
			);
			runOnlyForDeploymentPostprocessing = 0;
		};
/* End PBXFrameworksBuildPhase section */

/* Begin PBXGroup section */
		A3DE79C31396943100C46370 /* LKScrollImageView */ = {
			isa = PBXGroup;
			children = (
				A3DE79C41396947600C46370 /* LKTouchableImageView.h */,
				A3DE79C51396947600C46370 /* LKTouchableImageView.m */,
				A3DE79C71396962A00C46370 /* LKTouchableImageModel.h */,
				A3DE79C81396962A00C46370 /* LKTouchableImageModel.m */,
			);
			path = LKScrollImageView;
			sourceTree = "<group>";
		};
		A3E4404C137FEB590012A268 = {
			isa = PBXGroup;
			children = (
				A3E44061137FEB590012A268 /* siluVod */,
				A3E44098137FEC310012A268 /* share */,
				A3E44081137FEB5A0012A268 /* siluVodTests */,
				A3E4405A137FEB590012A268 /* Frameworks */,
				A3E44058137FEB590012A268 /* Products */,
			);
			sourceTree = "<group>";
		};
		A3E44058137FEB590012A268 /* Products */ = {
			isa = PBXGroup;
			children = (
				A3E44057137FEB590012A268 /* siluVod.app */,
				A3E4407B137FEB5A0012A268 /* siluVodTests.octest */,
			);
			name = Products;
			sourceTree = "<group>";
		};
		A3E4405A137FEB590012A268 /* Frameworks */ = {
			isa = PBXGroup;
			children = (
				A3E4405B137FEB590012A268 /* UIKit.framework */,
				A3E4405D137FEB590012A268 /* Foundation.framework */,
				A3E4405F137FEB590012A268 /* CoreGraphics.framework */,
			);
			name = Frameworks;
			sourceTree = "<group>";
		};
		A3E44061137FEB590012A268 /* siluVod */ = {
			isa = PBXGroup;
			children = (
				A3DE79B413968DB800C46370 /* Defines.h */,
				A3DE79CA1396996B00C46370 /* FilmRecord.h */,
				A3DE79CB1396996B00C46370 /* FilmRecord.m */,
				A3E4406A137FEB5A0012A268 /* siluVodAppDelegate.h */,
				A3E4406B137FEB5A0012A268 /* siluVodAppDelegate.m */,
				A3E4406D137FEB5A0012A268 /* MainWindow.xib */,
				A3E44062137FEB590012A268 /* Supporting Files */,
				A3DE79BE1396936D00C46370 /* HomeViewController.h */,
				A3DE79BF1396936D00C46370 /* HomeViewController.m */,
				A3DE79C01396936D00C46370 /* HomeViewController.xib */,
				A3DE79CD13969AB500C46370 /* FavViewController.h */,
				A3DE79CE13969AB500C46370 /* FavViewController.m */,
				A3DE79CF13969AB500C46370 /* FavViewController.xib */,
				A3DE79D213969B7D00C46370 /* MoreViewController.h */,
				A3DE79D313969B7D00C46370 /* MoreViewController.m */,
				A3DE79D413969B7D00C46370 /* MoreViewController.xib */,
			);
			path = siluVod;
			sourceTree = "<group>";
		};
		A3E44062137FEB590012A268 /* Supporting Files */ = {
			isa = PBXGroup;
			children = (
				A3E44063137FEB590012A268 /* siluVod-Info.plist */,
				A3E44064137FEB590012A268 /* InfoPlist.strings */,
				A3E44067137FEB5A0012A268 /* siluVod-Prefix.pch */,
				A3E44068137FEB5A0012A268 /* main.m */,
				A3C6AC2C137FFED400D58C7D /* Localizable.strings */,
			);
			name = "Supporting Files";
			sourceTree = "<group>";
		};
		A3E44081137FEB5A0012A268 /* siluVodTests */ = {
			isa = PBXGroup;
			children = (
				A3E44088137FEB5A0012A268 /* siluVodTests.h */,
				A3E4408A137FEB5A0012A268 /* siluVodTests.m */,
				A3E44082137FEB5A0012A268 /* Supporting Files */,
			);
			path = siluVodTests;
			sourceTree = "<group>";
		};
		A3E44082137FEB5A0012A268 /* Supporting Files */ = {
			isa = PBXGroup;
			children = (
				A3E44083137FEB5A0012A268 /* siluVodTests-Info.plist */,
				A3E44084137FEB5A0012A268 /* InfoPlist.strings */,
				A3E44087137FEB5A0012A268 /* siluVodTests-Prefix.pch */,
			);
			name = "Supporting Files";
			sourceTree = "<group>";
		};
		A3E44098137FEC310012A268 /* share */ = {
			isa = PBXGroup;
			children = (
				A3FDFDDB1380031E00EA1D8E /* controllers */,
				A3E44099137FEC310012A268 /* views */,
			);
			path = share;
			sourceTree = "<group>";
		};
		A3E44099137FEC310012A268 /* views */ = {
			isa = PBXGroup;
			children = (
				A3DE79C31396943100C46370 /* LKScrollImageView */,
				A3E4409A137FEC310012A268 /* LKSegmenteControl */,
			);
			path = views;
			sourceTree = "<group>";
		};
		A3E4409A137FEC310012A268 /* LKSegmenteControl */ = {
			isa = PBXGroup;
			children = (
				A3E4409B137FEC310012A268 /* blue-divider.png */,
				A3E4409C137FEC310012A268 /* bottombarblue.png */,
				A3E4409D137FEC310012A268 /* bottombarblue_pressed.png */,
				A3E4409E137FEC310012A268 /* bottombarredfire.png */,
				A3E4409F137FEC310012A268 /* bottombarredfire_pressed.png */,
				A3E440A0137FEC310012A268 /* LKSegmenteControl.h */,
				A3E440A1137FEC310012A268 /* LKSegmenteControl.m */,
			);
			path = LKSegmenteControl;
			sourceTree = "<group>";
		};
		A3FDFDDB1380031E00EA1D8E /* controllers */ = {
			isa = PBXGroup;
			children = (
				A3DE79B91396933400C46370 /* LKViewController.h */,
				A3DE79BA1396933400C46370 /* LKViewController.m */,
				A3DE79BB1396933500C46370 /* LKViewController.xib */,
				A3FDFDDD1380036000EA1D8E /* LKNavBarController */,
				A3FDFDDE1380036000EA1D8E /* LKTabBarController */,
			);
			path = controllers;
			sourceTree = "<group>";
		};
		A3FDFDDD1380036000EA1D8E /* LKNavBarController */ = {
			isa = PBXGroup;
			children = (
			);
			path = LKNavBarController;
			sourceTree = "<group>";
		};
		A3FDFDDE1380036000EA1D8E /* LKTabBarController */ = {
			isa = PBXGroup;
			children = (
				A3FDFDE71380167200EA1D8E /* img */,
				A3DE79B613968F0700C46370 /* LKTab.h */,
				A3DE79B713968F0700C46370 /* LKTab.m */,
				A3FDFDDF1380038500EA1D8E /* LKTabBar.h */,
				A3FDFDE01380038500EA1D8E /* LKTabBar.m */,
				A3FDFDE2138003AF00EA1D8E /* LKTabBarController.h */,
				A3FDFDE3138003AF00EA1D8E /* LKTabBarController.m */,
				A3FDFDE4138003AF00EA1D8E /* LKTabBarController.xib */,
			);
			path = LKTabBarController;
			sourceTree = "<group>";
		};
		A3FDFDE71380167200EA1D8E /* img */ = {
			isa = PBXGroup;
			children = (
				A3FDFDE81380167200EA1D8E /* chat.png */,
				A3FDFDE91380167200EA1D8E /* chat@2x.png */,
				A3FDFDEA1380167200EA1D8E /* compose-at.png */,
				A3FDFDEB1380167200EA1D8E /* compose-at@2x.png */,
				A3FDFDEC1380167200EA1D8E /* magnifying-glass.png */,
				A3FDFDED1380167200EA1D8E /* magnifying-glass@2x.png */,
				A3FDFDEE1380167200EA1D8E /* messages.png */,
				A3FDFDEF1380167200EA1D8E /* messages@2x.png */,
				A3FDFDF01380167200EA1D8E /* more.png */,
				A3FDFDF11380167200EA1D8E /* more@2x.png */,
				A3FDFDF21380167200EA1D8E /* TabBarGlow.png */,
				A3FDFDF31380167200EA1D8E /* TabBarGlow@2x.png */,
				A3FDFDF41380167200EA1D8E /* TabBarGradient.png */,
				A3FDFDF51380167200EA1D8E /* TabBarGradient@2x.png */,
				A3FDFDF61380167200EA1D8E /* TabBarItemSelectedBackground.png */,
				A3FDFDF71380167200EA1D8E /* TabBarItemSelectedBackground@2x.png */,
				A3FDFDF81380167200EA1D8E /* TabBarNipple.png */,
				A3FDFDF91380167200EA1D8E /* TabBarNipple@2x.png */,
				A3FDFDFA1380167200EA1D8E /* TabBarSelection.png */,
				A3FDFDFB1380167200EA1D8E /* TabBarSelection@2x.png */,
			);
			path = img;
			sourceTree = "<group>";
		};
/* End PBXGroup section */

/* Begin PBXNativeTarget section */
		A3E44056137FEB590012A268 /* siluVod */ = {
			isa = PBXNativeTarget;
			buildConfigurationList = A3E4408E137FEB5A0012A268 /* Build configuration list for PBXNativeTarget "siluVod" */;
			buildPhases = (
				A3E44053137FEB590012A268 /* Sources */,
				A3E44054137FEB590012A268 /* Frameworks */,
				A3E44055137FEB590012A268 /* Resources */,
			);
			buildRules = (
			);
			dependencies = (
			);
			name = siluVod;
			productName = siluVod;
			productReference = A3E44057137FEB590012A268 /* siluVod.app */;
			productType = "com.apple.product-type.application";
		};
		A3E4407A137FEB5A0012A268 /* siluVodTests */ = {
			isa = PBXNativeTarget;
			buildConfigurationList = A3E44091137FEB5A0012A268 /* Build configuration list for PBXNativeTarget "siluVodTests" */;
			buildPhases = (
				A3E44076137FEB5A0012A268 /* Sources */,
				A3E44077137FEB5A0012A268 /* Frameworks */,
				A3E44078137FEB5A0012A268 /* Resources */,
				A3E44079137FEB5A0012A268 /* ShellScript */,
			);
			buildRules = (
			);
			dependencies = (
				A3E44080137FEB5A0012A268 /* PBXTargetDependency */,
			);
			name = siluVodTests;
			productName = siluVodTests;
			productReference = A3E4407B137FEB5A0012A268 /* siluVodTests.octest */;
			productType = "com.apple.product-type.bundle";
		};
/* End PBXNativeTarget section */

/* Begin PBXProject section */
		A3E4404E137FEB590012A268 /* Project object */ = {
			isa = PBXProject;
			buildConfigurationList = A3E44051137FEB590012A268 /* Build configuration list for PBXProject "siluVod" */;
			compatibilityVersion = "Xcode 3.2";
			developmentRegion = English;
			hasScannedForEncodings = 0;
			knownRegions = (
				en,
				"zh-Hans",
			);
			mainGroup = A3E4404C137FEB590012A268;
			productRefGroup = A3E44058137FEB590012A268 /* Products */;
			projectDirPath = "";
			projectRoot = "";
			targets = (
				A3E44056137FEB590012A268 /* siluVod */,
				A3E4407A137FEB5A0012A268 /* siluVodTests */,
			);
		};
/* End PBXProject section */

/* Begin PBXResourcesBuildPhase section */
		A3E44055137FEB590012A268 /* Resources */ = {
			isa = PBXResourcesBuildPhase;
			buildActionMask = 2147483647;
			files = (
				A3E44066137FEB590012A268 /* InfoPlist.strings in Resources */,
				A3E4406F137FEB5A0012A268 /* MainWindow.xib in Resources */,
				A3E440A2137FEC310012A268 /* blue-divider.png in Resources */,
				A3E440A3137FEC310012A268 /* bottombarblue.png in Resources */,
				A3E440A4137FEC310012A268 /* bottombarblue_pressed.png in Resources */,
				A3E440A5137FEC310012A268 /* bottombarredfire.png in Resources */,
				A3E440A6137FEC310012A268 /* bottombarredfire_pressed.png in Resources */,
				A3C6AC2E137FFED400D58C7D /* Localizable.strings in Resources */,
				A3FDFDE6138003AF00EA1D8E /* LKTabBarController.xib in Resources */,
				A3FDFDFC1380167300EA1D8E /* chat.png in Resources */,
				A3FDFDFD1380167300EA1D8E /* chat@2x.png in Resources */,
				A3FDFDFE1380167300EA1D8E /* compose-at.png in Resources */,
				A3FDFDFF1380167300EA1D8E /* compose-at@2x.png in Resources */,
				A3FDFE001380167300EA1D8E /* magnifying-glass.png in Resources */,
				A3FDFE011380167300EA1D8E /* magnifying-glass@2x.png in Resources */,
				A3FDFE021380167300EA1D8E /* messages.png in Resources */,
				A3FDFE031380167300EA1D8E /* messages@2x.png in Resources */,
				A3FDFE041380167300EA1D8E /* more.png in Resources */,
				A3FDFE051380167300EA1D8E /* more@2x.png in Resources */,
				A3FDFE061380167300EA1D8E /* TabBarGlow.png in Resources */,
				A3FDFE071380167300EA1D8E /* TabBarGlow@2x.png in Resources */,
				A3FDFE081380167300EA1D8E /* TabBarGradient.png in Resources */,
				A3FDFE091380167300EA1D8E /* TabBarGradient@2x.png in Resources */,
				A3FDFE0A1380167300EA1D8E /* TabBarItemSelectedBackground.png in Resources */,
				A3FDFE0B1380167300EA1D8E /* TabBarItemSelectedBackground@2x.png in Resources */,
				A3FDFE0C1380167300EA1D8E /* TabBarNipple.png in Resources */,
				A3FDFE0D1380167300EA1D8E /* TabBarNipple@2x.png in Resources */,
				A3FDFE0E1380167300EA1D8E /* TabBarSelection.png in Resources */,
				A3FDFE0F1380167300EA1D8E /* TabBarSelection@2x.png in Resources */,
				A3DE79BD1396933600C46370 /* LKViewController.xib in Resources */,
				A3DE79C21396936D00C46370 /* HomeViewController.xib in Resources */,
				A3DE79D113969AB500C46370 /* FavViewController.xib in Resources */,
				A3DE79D613969B7E00C46370 /* MoreViewController.xib in Resources */,
			);
			runOnlyForDeploymentPostprocessing = 0;
		};
		A3E44078137FEB5A0012A268 /* Resources */ = {
			isa = PBXResourcesBuildPhase;
			buildActionMask = 2147483647;
			files = (
				A3E44086137FEB5A0012A268 /* InfoPlist.strings in Resources */,
				A3E44089137FEB5A0012A268 /* siluVodTests.h in Resources */,
			);
			runOnlyForDeploymentPostprocessing = 0;
		};
/* End PBXResourcesBuildPhase section */

/* Begin PBXShellScriptBuildPhase section */
		A3E44079137FEB5A0012A268 /* ShellScript */ = {
			isa = PBXShellScriptBuildPhase;
			buildActionMask = 2147483647;
			files = (
			);
			inputPaths = (
			);
			outputPaths = (
			);
			runOnlyForDeploymentPostprocessing = 0;
			shellPath = /bin/sh;
			shellScript = "# Run the unit tests in this test bundle.\n\"${SYSTEM_DEVELOPER_DIR}/Tools/RunUnitTests\"\n";
		};
/* End PBXShellScriptBuildPhase section */

/* Begin PBXSourcesBuildPhase section */
		A3E44053137FEB590012A268 /* Sources */ = {
			isa = PBXSourcesBuildPhase;
			buildActionMask = 2147483647;
			files = (
				A3E44069137FEB5A0012A268 /* main.m in Sources */,
				A3E4406C137FEB5A0012A268 /* siluVodAppDelegate.m in Sources */,
				A3E440A7137FEC310012A268 /* LKSegmenteControl.m in Sources */,
				A3FDFDE11380038500EA1D8E /* LKTabBar.m in Sources */,
				A3FDFDE5138003AF00EA1D8E /* LKTabBarController.m in Sources */,
				A3DE79B813968F0800C46370 /* LKTab.m in Sources */,
				A3DE79BC1396933600C46370 /* LKViewController.m in Sources */,
				A3DE79C11396936D00C46370 /* HomeViewController.m in Sources */,
				A3DE79C61396947600C46370 /* LKTouchableImageView.m in Sources */,
				A3DE79C91396962A00C46370 /* LKTouchableImageModel.m in Sources */,
				A3DE79CC1396996B00C46370 /* FilmRecord.m in Sources */,
				A3DE79D013969AB500C46370 /* FavViewController.m in Sources */,
				A3DE79D513969B7E00C46370 /* MoreViewController.m in Sources */,
			);
			runOnlyForDeploymentPostprocessing = 0;
		};
		A3E44076137FEB5A0012A268 /* Sources */ = {
			isa = PBXSourcesBuildPhase;
			buildActionMask = 2147483647;
			files = (
				A3E4408B137FEB5A0012A268 /* siluVodTests.m in Sources */,
			);
			runOnlyForDeploymentPostprocessing = 0;
		};
/* End PBXSourcesBuildPhase section */

/* Begin PBXTargetDependency section */
		A3E44080137FEB5A0012A268 /* PBXTargetDependency */ = {
			isa = PBXTargetDependency;
			target = A3E44056137FEB590012A268 /* siluVod */;
			targetProxy = A3E4407F137FEB5A0012A268 /* PBXContainerItemProxy */;
		};
/* End PBXTargetDependency section */

/* Begin PBXVariantGroup section */
		A3C6AC2C137FFED400D58C7D /* Localizable.strings */ = {
			isa = PBXVariantGroup;
			children = (
				A3C6AC2D137FFED400D58C7D /* zh-Hans */,
				A3C6AC2F137FFEE300D58C7D /* en */,
			);
			name = Localizable.strings;
			sourceTree = "<group>";
		};
		A3E44064137FEB590012A268 /* InfoPlist.strings */ = {
			isa = PBXVariantGroup;
			children = (
				A3E44065137FEB590012A268 /* en */,
				A3E440B5137FF1CB0012A268 /* zh-Hans */,
			);
			name = InfoPlist.strings;
			sourceTree = "<group>";
		};
		A3E4406D137FEB5A0012A268 /* MainWindow.xib */ = {
			isa = PBXVariantGroup;
			children = (
				A3E4406E137FEB5A0012A268 /* en */,
				A3E440B4137FF1CB0012A268 /* zh-Hans */,
			);
			name = MainWindow.xib;
			sourceTree = "<group>";
		};
		A3E44084137FEB5A0012A268 /* InfoPlist.strings */ = {
			isa = PBXVariantGroup;
			children = (
				A3E44085137FEB5A0012A268 /* en */,
				A3E440B2137FF1C90012A268 /* zh-Hans */,
			);
			name = InfoPlist.strings;
			sourceTree = "<group>";
		};
/* End PBXVariantGroup section */

/* Begin XCBuildConfiguration section */
		A3E4408C137FEB5A0012A268 /* Debug */ = {
			isa = XCBuildConfiguration;
			buildSettings = {
				ARCHS = "$(ARCHS_STANDARD_32_BIT)";
				"CODE_SIGN_IDENTITY[sdk=iphoneos*]" = "iPhone Developer";
				GCC_C_LANGUAGE_STANDARD = gnu99;
				GCC_OPTIMIZATION_LEVEL = 0;
				GCC_PREPROCESSOR_DEFINITIONS = DEBUG;
				GCC_SYMBOLS_PRIVATE_EXTERN = NO;
				GCC_VERSION = com.apple.compilers.llvmgcc42;
				GCC_WARN_ABOUT_RETURN_TYPE = YES;
				GCC_WARN_UNUSED_VARIABLE = YES;
				IPHONEOS_DEPLOYMENT_TARGET = 3.0;
				SDKROOT = iphoneos;
			};
			name = Debug;
		};
		A3E4408D137FEB5A0012A268 /* Release */ = {
			isa = XCBuildConfiguration;
			buildSettings = {
				ARCHS = "$(ARCHS_STANDARD_32_BIT)";
				"CODE_SIGN_IDENTITY[sdk=iphoneos*]" = "iPhone Developer";
				GCC_C_LANGUAGE_STANDARD = gnu99;
				GCC_VERSION = com.apple.compilers.llvmgcc42;
				GCC_WARN_ABOUT_RETURN_TYPE = YES;
				GCC_WARN_UNUSED_VARIABLE = YES;
				IPHONEOS_DEPLOYMENT_TARGET = 3.0;
				OTHER_CFLAGS = "-DNS_BLOCK_ASSERTIONS=1";
				SDKROOT = iphoneos;
			};
			name = Release;
		};
		A3E4408F137FEB5A0012A268 /* Debug */ = {
			isa = XCBuildConfiguration;
			buildSettings = {
				ALWAYS_SEARCH_USER_PATHS = NO;
				COPY_PHASE_STRIP = NO;
				GCC_DYNAMIC_NO_PIC = NO;
				GCC_PRECOMPILE_PREFIX_HEADER = YES;
				GCC_PREFIX_HEADER = "siluVod/siluVod-Prefix.pch";
				INFOPLIST_FILE = "siluVod/siluVod-Info.plist";
				PRODUCT_NAME = "$(TARGET_NAME)";
				TARGETED_DEVICE_FAMILY = 1;
				WRAPPER_EXTENSION = app;
			};
			name = Debug;
		};
		A3E44090137FEB5A0012A268 /* Release */ = {
			isa = XCBuildConfiguration;
			buildSettings = {
				ALWAYS_SEARCH_USER_PATHS = NO;
				COPY_PHASE_STRIP = YES;
				GCC_PRECOMPILE_PREFIX_HEADER = YES;
				GCC_PREFIX_HEADER = "siluVod/siluVod-Prefix.pch";
				INFOPLIST_FILE = "siluVod/siluVod-Info.plist";
				PRODUCT_NAME = "$(TARGET_NAME)";
				TARGETED_DEVICE_FAMILY = 1;
				VALIDATE_PRODUCT = YES;
				WRAPPER_EXTENSION = app;
			};
			name = Release;
		};
		A3E44092137FEB5A0012A268 /* Debug */ = {
			isa = XCBuildConfiguration;
			buildSettings = {
				ALWAYS_SEARCH_USER_PATHS = NO;
				BUNDLE_LOADER = "$(BUILT_PRODUCTS_DIR)/siluVod.app/siluVod";
				FRAMEWORK_SEARCH_PATHS = (
					"$(SDKROOT)/Developer/Library/Frameworks",
					"$(DEVELOPER_LIBRARY_DIR)/Frameworks",
				);
				GCC_PRECOMPILE_PREFIX_HEADER = YES;
				GCC_PREFIX_HEADER = "siluVodTests/siluVodTests-Prefix.pch";
				INFOPLIST_FILE = "siluVodTests/siluVodTests-Info.plist";
				OTHER_LDFLAGS = (
					"-framework",
					SenTestingKit,
				);
				PRODUCT_NAME = "$(TARGET_NAME)";
				TEST_HOST = "$(BUNDLE_LOADER)";
				WRAPPER_EXTENSION = octest;
			};
			name = Debug;
		};
		A3E44093137FEB5A0012A268 /* Release */ = {
			isa = XCBuildConfiguration;
			buildSettings = {
				ALWAYS_SEARCH_USER_PATHS = NO;
				BUNDLE_LOADER = "$(BUILT_PRODUCTS_DIR)/siluVod.app/siluVod";
				FRAMEWORK_SEARCH_PATHS = (
					"$(SDKROOT)/Developer/Library/Frameworks",
					"$(DEVELOPER_LIBRARY_DIR)/Frameworks",
				);
				GCC_PRECOMPILE_PREFIX_HEADER = YES;
				GCC_PREFIX_HEADER = "siluVodTests/siluVodTests-Prefix.pch";
				INFOPLIST_FILE = "siluVodTests/siluVodTests-Info.plist";
				OTHER_LDFLAGS = (
					"-framework",
					SenTestingKit,
				);
				PRODUCT_NAME = "$(TARGET_NAME)";
				TEST_HOST = "$(BUNDLE_LOADER)";
				WRAPPER_EXTENSION = octest;
			};
			name = Release;
		};
/* End XCBuildConfiguration section */

/* Begin XCConfigurationList section */
		A3E44051137FEB590012A268 /* Build configuration list for PBXProject "siluVod" */ = {
			isa = XCConfigurationList;
			buildConfigurations = (
				A3E4408C137FEB5A0012A268 /* Debug */,
				A3E4408D137FEB5A0012A268 /* Release */,
			);
			defaultConfigurationIsVisible = 0;
			defaultConfigurationName = Debug;
		};
		A3E4408E137FEB5A0012A268 /* Build configuration list for PBXNativeTarget "siluVod" */ = {
			isa = XCConfigurationList;
			buildConfigurations = (
				A3E4408F137FEB5A0012A268 /* Debug */,
				A3E44090137FEB5A0012A268 /* Release */,
			);
			defaultConfigurationIsVisible = 0;
			defaultConfigurationName = Debug;
		};
		A3E44091137FEB5A0012A268 /* Build configuration list for PBXNativeTarget "siluVodTests" */ = {
			isa = XCConfigurationList;
			buildConfigurations = (
				A3E44092137FEB5A0012A268 /* Debug */,
				A3E44093137FEB5A0012A268 /* Release */,
			);
			defaultConfigurationIsVisible = 0;
			defaultConfigurationName = Debug;
		};
/* End XCConfigurationList section */
	};
	rootObject = A3E4404E137FEB590012A268 /* Project object */;
}
