// !$*UTF8*$!
{
	archiveVersion = 1;
	classes = {
	};
	objectVersion = 45;
	objects = {

/* Begin PBXBuildFile section */
		1D3623260D0F684500981E51 /* LKStyledTextAppDelegate.m in Sources */ = {isa = PBXBuildFile; fileRef = 1D3623250D0F684500981E51 /* LKStyledTextAppDelegate.m */; };
		1D60589B0D05DD56006BFB54 /* main.m in Sources */ = {isa = PBXBuildFile; fileRef = 29B97316FDCFA39411CA2CEA /* main.m */; };
		1D60589F0D05DD5A006BFB54 /* Foundation.framework in Frameworks */ = {isa = PBXBuildFile; fileRef = 1D30AB110D05D00D00671497 /* Foundation.framework */; };
		1DF5F4E00D08C38300B7A737 /* UIKit.framework in Frameworks */ = {isa = PBXBuildFile; fileRef = 1DF5F4DF0D08C38300B7A737 /* UIKit.framework */; };
		288765A50DF7441C002DB57D /* CoreGraphics.framework in Frameworks */ = {isa = PBXBuildFile; fileRef = 288765A40DF7441C002DB57D /* CoreGraphics.framework */; };
		2899E5220DE3E06400AC0155 /* LKStyledTextViewController.xib in Resources */ = {isa = PBXBuildFile; fileRef = 2899E5210DE3E06400AC0155 /* LKStyledTextViewController.xib */; };
		28AD733F0D9D9553002E5188 /* MainWindow.xib in Resources */ = {isa = PBXBuildFile; fileRef = 28AD733E0D9D9553002E5188 /* MainWindow.xib */; };
		28D7ACF80DDB3853001CB0EB /* LKStyledTextViewController.m in Sources */ = {isa = PBXBuildFile; fileRef = 28D7ACF70DDB3853001CB0EB /* LKStyledTextViewController.m */; };
		A392D99212A3C34D0077E114 /* UIFontAdditions.m in Sources */ = {isa = PBXBuildFile; fileRef = A392D99112A3C34D0077E114 /* UIFontAdditions.m */; };
		A3C49DDE12A3974600699F55 /* LKStyledText.m in Sources */ = {isa = PBXBuildFile; fileRef = A3C49DDD12A3974600699F55 /* LKStyledText.m */; };
		A3C49DE712A397D100699F55 /* LKStyledNode.m in Sources */ = {isa = PBXBuildFile; fileRef = A3C49DE612A397D100699F55 /* LKStyledNode.m */; };
		A3C49DEA12A397DE00699F55 /* LKStyledFrame.m in Sources */ = {isa = PBXBuildFile; fileRef = A3C49DE912A397DE00699F55 /* LKStyledFrame.m */; };
		A3C49DF612A39B0900699F55 /* LKStyledTextFrame.m in Sources */ = {isa = PBXBuildFile; fileRef = A3C49DF512A39B0900699F55 /* LKStyledTextFrame.m */; };
		A3C49DFD12A39B8800699F55 /* LKStyledTextNode.m in Sources */ = {isa = PBXBuildFile; fileRef = A3C49DFC12A39B8800699F55 /* LKStyledTextNode.m */; };
		A3C49E1D12A3AB8400699F55 /* LKStyledLinkNode.m in Sources */ = {isa = PBXBuildFile; fileRef = A3C49E1C12A3AB8400699F55 /* LKStyledLinkNode.m */; };
		A3C49E2A12A3AC6300699F55 /* LKStyledTextView.m in Sources */ = {isa = PBXBuildFile; fileRef = A3C49E2912A3AC6300699F55 /* LKStyledTextView.m */; };
		A3C49ECE12A3B41300699F55 /* LKStyledLayout.m in Sources */ = {isa = PBXBuildFile; fileRef = A3C49ECD12A3B41300699F55 /* LKStyledLayout.m */; };
/* End PBXBuildFile section */

/* Begin PBXFileReference section */
		1D30AB110D05D00D00671497 /* Foundation.framework */ = {isa = PBXFileReference; lastKnownFileType = wrapper.framework; name = Foundation.framework; path = System/Library/Frameworks/Foundation.framework; sourceTree = SDKROOT; };
		1D3623240D0F684500981E51 /* LKStyledTextAppDelegate.h */ = {isa = PBXFileReference; fileEncoding = 4; lastKnownFileType = sourcecode.c.h; path = LKStyledTextAppDelegate.h; sourceTree = "<group>"; };
		1D3623250D0F684500981E51 /* LKStyledTextAppDelegate.m */ = {isa = PBXFileReference; fileEncoding = 4; lastKnownFileType = sourcecode.c.objc; path = LKStyledTextAppDelegate.m; sourceTree = "<group>"; };
		1D6058910D05DD3D006BFB54 /* LKStyledText.app */ = {isa = PBXFileReference; explicitFileType = wrapper.application; includeInIndex = 0; path = LKStyledText.app; sourceTree = BUILT_PRODUCTS_DIR; };
		1DF5F4DF0D08C38300B7A737 /* UIKit.framework */ = {isa = PBXFileReference; lastKnownFileType = wrapper.framework; name = UIKit.framework; path = System/Library/Frameworks/UIKit.framework; sourceTree = SDKROOT; };
		288765A40DF7441C002DB57D /* CoreGraphics.framework */ = {isa = PBXFileReference; lastKnownFileType = wrapper.framework; name = CoreGraphics.framework; path = System/Library/Frameworks/CoreGraphics.framework; sourceTree = SDKROOT; };
		2899E5210DE3E06400AC0155 /* LKStyledTextViewController.xib */ = {isa = PBXFileReference; lastKnownFileType = file.xib; path = LKStyledTextViewController.xib; sourceTree = "<group>"; };
		28AD733E0D9D9553002E5188 /* MainWindow.xib */ = {isa = PBXFileReference; lastKnownFileType = file.xib; path = MainWindow.xib; sourceTree = "<group>"; };
		28D7ACF60DDB3853001CB0EB /* LKStyledTextViewController.h */ = {isa = PBXFileReference; fileEncoding = 4; lastKnownFileType = sourcecode.c.h; path = LKStyledTextViewController.h; sourceTree = "<group>"; };
		28D7ACF70DDB3853001CB0EB /* LKStyledTextViewController.m */ = {isa = PBXFileReference; fileEncoding = 4; lastKnownFileType = sourcecode.c.objc; path = LKStyledTextViewController.m; sourceTree = "<group>"; };
		29B97316FDCFA39411CA2CEA /* main.m */ = {isa = PBXFileReference; fileEncoding = 4; lastKnownFileType = sourcecode.c.objc; path = main.m; sourceTree = "<group>"; };
		32CA4F630368D1EE00C91783 /* LKStyledText_Prefix.pch */ = {isa = PBXFileReference; fileEncoding = 4; lastKnownFileType = sourcecode.c.h; path = LKStyledText_Prefix.pch; sourceTree = "<group>"; };
		8D1107310486CEB800E47090 /* LKStyledText-Info.plist */ = {isa = PBXFileReference; fileEncoding = 4; lastKnownFileType = text.plist.xml; path = "LKStyledText-Info.plist"; plistStructureDefinitionIdentifier = "com.apple.xcode.plist.structure-definition.iphone.info-plist"; sourceTree = "<group>"; };
		A392D99012A3C34D0077E114 /* UIFontAdditions.h */ = {isa = PBXFileReference; fileEncoding = 4; lastKnownFileType = sourcecode.c.h; path = UIFontAdditions.h; sourceTree = "<group>"; };
		A392D99112A3C34D0077E114 /* UIFontAdditions.m */ = {isa = PBXFileReference; fileEncoding = 4; lastKnownFileType = sourcecode.c.objc; path = UIFontAdditions.m; sourceTree = "<group>"; };
		A3C49DDC12A3974600699F55 /* LKStyledText.h */ = {isa = PBXFileReference; fileEncoding = 4; lastKnownFileType = sourcecode.c.h; path = LKStyledText.h; sourceTree = "<group>"; };
		A3C49DDD12A3974600699F55 /* LKStyledText.m */ = {isa = PBXFileReference; fileEncoding = 4; lastKnownFileType = sourcecode.c.objc; path = LKStyledText.m; sourceTree = "<group>"; };
		A3C49DE512A397D100699F55 /* LKStyledNode.h */ = {isa = PBXFileReference; fileEncoding = 4; lastKnownFileType = sourcecode.c.h; path = LKStyledNode.h; sourceTree = "<group>"; };
		A3C49DE612A397D100699F55 /* LKStyledNode.m */ = {isa = PBXFileReference; fileEncoding = 4; lastKnownFileType = sourcecode.c.objc; path = LKStyledNode.m; sourceTree = "<group>"; };
		A3C49DE812A397DE00699F55 /* LKStyledFrame.h */ = {isa = PBXFileReference; fileEncoding = 4; lastKnownFileType = sourcecode.c.h; path = LKStyledFrame.h; sourceTree = "<group>"; };
		A3C49DE912A397DE00699F55 /* LKStyledFrame.m */ = {isa = PBXFileReference; fileEncoding = 4; lastKnownFileType = sourcecode.c.objc; path = LKStyledFrame.m; sourceTree = "<group>"; };
		A3C49DF412A39B0900699F55 /* LKStyledTextFrame.h */ = {isa = PBXFileReference; fileEncoding = 4; lastKnownFileType = sourcecode.c.h; path = LKStyledTextFrame.h; sourceTree = "<group>"; };
		A3C49DF512A39B0900699F55 /* LKStyledTextFrame.m */ = {isa = PBXFileReference; fileEncoding = 4; lastKnownFileType = sourcecode.c.objc; path = LKStyledTextFrame.m; sourceTree = "<group>"; };
		A3C49DFB12A39B8800699F55 /* LKStyledTextNode.h */ = {isa = PBXFileReference; fileEncoding = 4; lastKnownFileType = sourcecode.c.h; path = LKStyledTextNode.h; sourceTree = "<group>"; };
		A3C49DFC12A39B8800699F55 /* LKStyledTextNode.m */ = {isa = PBXFileReference; fileEncoding = 4; lastKnownFileType = sourcecode.c.objc; path = LKStyledTextNode.m; sourceTree = "<group>"; };
		A3C49E1B12A3AB8400699F55 /* LKStyledLinkNode.h */ = {isa = PBXFileReference; fileEncoding = 4; lastKnownFileType = sourcecode.c.h; path = LKStyledLinkNode.h; sourceTree = "<group>"; };
		A3C49E1C12A3AB8400699F55 /* LKStyledLinkNode.m */ = {isa = PBXFileReference; fileEncoding = 4; lastKnownFileType = sourcecode.c.objc; path = LKStyledLinkNode.m; sourceTree = "<group>"; };
		A3C49E2812A3AC6300699F55 /* LKStyledTextView.h */ = {isa = PBXFileReference; fileEncoding = 4; lastKnownFileType = sourcecode.c.h; path = LKStyledTextView.h; sourceTree = "<group>"; };
		A3C49E2912A3AC6300699F55 /* LKStyledTextView.m */ = {isa = PBXFileReference; fileEncoding = 4; lastKnownFileType = sourcecode.c.objc; path = LKStyledTextView.m; sourceTree = "<group>"; };
		A3C49ECC12A3B41300699F55 /* LKStyledLayout.h */ = {isa = PBXFileReference; fileEncoding = 4; lastKnownFileType = sourcecode.c.h; path = LKStyledLayout.h; sourceTree = "<group>"; };
		A3C49ECD12A3B41300699F55 /* LKStyledLayout.m */ = {isa = PBXFileReference; fileEncoding = 4; lastKnownFileType = sourcecode.c.objc; path = LKStyledLayout.m; sourceTree = "<group>"; };
/* End PBXFileReference section */

/* Begin PBXFrameworksBuildPhase section */
		1D60588F0D05DD3D006BFB54 /* Frameworks */ = {
			isa = PBXFrameworksBuildPhase;
			buildActionMask = 2147483647;
			files = (
				1D60589F0D05DD5A006BFB54 /* Foundation.framework in Frameworks */,
				1DF5F4E00D08C38300B7A737 /* UIKit.framework in Frameworks */,
				288765A50DF7441C002DB57D /* CoreGraphics.framework in Frameworks */,
			);
			runOnlyForDeploymentPostprocessing = 0;
		};
/* End PBXFrameworksBuildPhase section */

/* Begin PBXGroup section */
		080E96DDFE201D6D7F000001 /* Classes */ = {
			isa = PBXGroup;
			children = (
				A3C49DDB12A3971A00699F55 /* LKStyleText */,
				1D3623240D0F684500981E51 /* LKStyledTextAppDelegate.h */,
				1D3623250D0F684500981E51 /* LKStyledTextAppDelegate.m */,
				28D7ACF60DDB3853001CB0EB /* LKStyledTextViewController.h */,
				28D7ACF70DDB3853001CB0EB /* LKStyledTextViewController.m */,
			);
			path = Classes;
			sourceTree = "<group>";
		};
		19C28FACFE9D520D11CA2CBB /* Products */ = {
			isa = PBXGroup;
			children = (
				1D6058910D05DD3D006BFB54 /* LKStyledText.app */,
			);
			name = Products;
			sourceTree = "<group>";
		};
		29B97314FDCFA39411CA2CEA /* CustomTemplate */ = {
			isa = PBXGroup;
			children = (
				080E96DDFE201D6D7F000001 /* Classes */,
				29B97315FDCFA39411CA2CEA /* Other Sources */,
				29B97317FDCFA39411CA2CEA /* Resources */,
				29B97323FDCFA39411CA2CEA /* Frameworks */,
				19C28FACFE9D520D11CA2CBB /* Products */,
			);
			name = CustomTemplate;
			sourceTree = "<group>";
		};
		29B97315FDCFA39411CA2CEA /* Other Sources */ = {
			isa = PBXGroup;
			children = (
				32CA4F630368D1EE00C91783 /* LKStyledText_Prefix.pch */,
				29B97316FDCFA39411CA2CEA /* main.m */,
			);
			name = "Other Sources";
			sourceTree = "<group>";
		};
		29B97317FDCFA39411CA2CEA /* Resources */ = {
			isa = PBXGroup;
			children = (
				2899E5210DE3E06400AC0155 /* LKStyledTextViewController.xib */,
				28AD733E0D9D9553002E5188 /* MainWindow.xib */,
				8D1107310486CEB800E47090 /* LKStyledText-Info.plist */,
			);
			name = Resources;
			sourceTree = "<group>";
		};
		29B97323FDCFA39411CA2CEA /* Frameworks */ = {
			isa = PBXGroup;
			children = (
				1DF5F4DF0D08C38300B7A737 /* UIKit.framework */,
				1D30AB110D05D00D00671497 /* Foundation.framework */,
				288765A40DF7441C002DB57D /* CoreGraphics.framework */,
			);
			name = Frameworks;
			sourceTree = "<group>";
		};
		A392D98F12A3C32D0077E114 /* additions */ = {
			isa = PBXGroup;
			children = (
				A392D99012A3C34D0077E114 /* UIFontAdditions.h */,
				A392D99112A3C34D0077E114 /* UIFontAdditions.m */,
			);
			name = additions;
			sourceTree = "<group>";
		};
		A3C49DDB12A3971A00699F55 /* LKStyleText */ = {
			isa = PBXGroup;
			children = (
				A392D98F12A3C32D0077E114 /* additions */,
				A3C49DDC12A3974600699F55 /* LKStyledText.h */,
				A3C49DDD12A3974600699F55 /* LKStyledText.m */,
				A3C49DE512A397D100699F55 /* LKStyledNode.h */,
				A3C49DE612A397D100699F55 /* LKStyledNode.m */,
				A3C49DE812A397DE00699F55 /* LKStyledFrame.h */,
				A3C49DE912A397DE00699F55 /* LKStyledFrame.m */,
				A3C49DF412A39B0900699F55 /* LKStyledTextFrame.h */,
				A3C49DF512A39B0900699F55 /* LKStyledTextFrame.m */,
				A3C49DFB12A39B8800699F55 /* LKStyledTextNode.h */,
				A3C49DFC12A39B8800699F55 /* LKStyledTextNode.m */,
				A3C49E1B12A3AB8400699F55 /* LKStyledLinkNode.h */,
				A3C49E1C12A3AB8400699F55 /* LKStyledLinkNode.m */,
				A3C49E2812A3AC6300699F55 /* LKStyledTextView.h */,
				A3C49E2912A3AC6300699F55 /* LKStyledTextView.m */,
				A3C49ECC12A3B41300699F55 /* LKStyledLayout.h */,
				A3C49ECD12A3B41300699F55 /* LKStyledLayout.m */,
			);
			name = LKStyleText;
			sourceTree = "<group>";
		};
/* End PBXGroup section */

/* Begin PBXNativeTarget section */
		1D6058900D05DD3D006BFB54 /* LKStyledText */ = {
			isa = PBXNativeTarget;
			buildConfigurationList = 1D6058960D05DD3E006BFB54 /* Build configuration list for PBXNativeTarget "LKStyledText" */;
			buildPhases = (
				1D60588D0D05DD3D006BFB54 /* Resources */,
				1D60588E0D05DD3D006BFB54 /* Sources */,
				1D60588F0D05DD3D006BFB54 /* Frameworks */,
			);
			buildRules = (
			);
			dependencies = (
			);
			name = LKStyledText;
			productName = LKStyledText;
			productReference = 1D6058910D05DD3D006BFB54 /* LKStyledText.app */;
			productType = "com.apple.product-type.application";
		};
/* End PBXNativeTarget section */

/* Begin PBXProject section */
		29B97313FDCFA39411CA2CEA /* Project object */ = {
			isa = PBXProject;
			attributes = {
				ORGANIZATIONNAME = pica.com;
			};
			buildConfigurationList = C01FCF4E08A954540054247B /* Build configuration list for PBXProject "LKStyledText" */;
			compatibilityVersion = "Xcode 3.1";
			developmentRegion = English;
			hasScannedForEncodings = 1;
			knownRegions = (
				English,
				Japanese,
				French,
				German,
			);
			mainGroup = 29B97314FDCFA39411CA2CEA /* CustomTemplate */;
			projectDirPath = "";
			projectRoot = "";
			targets = (
				1D6058900D05DD3D006BFB54 /* LKStyledText */,
			);
		};
/* End PBXProject section */

/* Begin PBXResourcesBuildPhase section */
		1D60588D0D05DD3D006BFB54 /* Resources */ = {
			isa = PBXResourcesBuildPhase;
			buildActionMask = 2147483647;
			files = (
				28AD733F0D9D9553002E5188 /* MainWindow.xib in Resources */,
				2899E5220DE3E06400AC0155 /* LKStyledTextViewController.xib in Resources */,
			);
			runOnlyForDeploymentPostprocessing = 0;
		};
/* End PBXResourcesBuildPhase section */

/* Begin PBXSourcesBuildPhase section */
		1D60588E0D05DD3D006BFB54 /* Sources */ = {
			isa = PBXSourcesBuildPhase;
			buildActionMask = 2147483647;
			files = (
				1D60589B0D05DD56006BFB54 /* main.m in Sources */,
				1D3623260D0F684500981E51 /* LKStyledTextAppDelegate.m in Sources */,
				28D7ACF80DDB3853001CB0EB /* LKStyledTextViewController.m in Sources */,
				A3C49DDE12A3974600699F55 /* LKStyledText.m in Sources */,
				A3C49DE712A397D100699F55 /* LKStyledNode.m in Sources */,
				A3C49DEA12A397DE00699F55 /* LKStyledFrame.m in Sources */,
				A3C49DF612A39B0900699F55 /* LKStyledTextFrame.m in Sources */,
				A3C49DFD12A39B8800699F55 /* LKStyledTextNode.m in Sources */,
				A3C49E1D12A3AB8400699F55 /* LKStyledLinkNode.m in Sources */,
				A3C49E2A12A3AC6300699F55 /* LKStyledTextView.m in Sources */,
				A3C49ECE12A3B41300699F55 /* LKStyledLayout.m in Sources */,
				A392D99212A3C34D0077E114 /* UIFontAdditions.m in Sources */,
			);
			runOnlyForDeploymentPostprocessing = 0;
		};
/* End PBXSourcesBuildPhase section */

/* Begin XCBuildConfiguration section */
		1D6058940D05DD3E006BFB54 /* Debug */ = {
			isa = XCBuildConfiguration;
			buildSettings = {
				ALWAYS_SEARCH_USER_PATHS = NO;
				COPY_PHASE_STRIP = NO;
				GCC_DYNAMIC_NO_PIC = NO;
				GCC_OPTIMIZATION_LEVEL = 0;
				GCC_PRECOMPILE_PREFIX_HEADER = YES;
				GCC_PREFIX_HEADER = LKStyledText_Prefix.pch;
				INFOPLIST_FILE = "LKStyledText-Info.plist";
				PRODUCT_NAME = LKStyledText;
			};
			name = Debug;
		};
		1D6058950D05DD3E006BFB54 /* Release */ = {
			isa = XCBuildConfiguration;
			buildSettings = {
				ALWAYS_SEARCH_USER_PATHS = NO;
				COPY_PHASE_STRIP = YES;
				GCC_PRECOMPILE_PREFIX_HEADER = YES;
				GCC_PREFIX_HEADER = LKStyledText_Prefix.pch;
				INFOPLIST_FILE = "LKStyledText-Info.plist";
				PRODUCT_NAME = LKStyledText;
				VALIDATE_PRODUCT = YES;
			};
			name = Release;
		};
		C01FCF4F08A954540054247B /* Debug */ = {
			isa = XCBuildConfiguration;
			buildSettings = {
				ARCHS = "$(ARCHS_STANDARD_32_BIT)";
				"CODE_SIGN_IDENTITY[sdk=iphoneos*]" = "iPhone Developer";
				GCC_C_LANGUAGE_STANDARD = c99;
				GCC_WARN_ABOUT_RETURN_TYPE = YES;
				GCC_WARN_UNUSED_VARIABLE = YES;
				IPHONEOS_DEPLOYMENT_TARGET = 3.0;
				OTHER_CFLAGS = "-D__IPHONE_OS_VERSION_MIN_REQUIRED=030000";
				PREBINDING = NO;
				SDKROOT = iphoneos4.1;
			};
			name = Debug;
		};
		C01FCF5008A954540054247B /* Release */ = {
			isa = XCBuildConfiguration;
			buildSettings = {
				ARCHS = "$(ARCHS_STANDARD_32_BIT)";
				"CODE_SIGN_IDENTITY[sdk=iphoneos*]" = "iPhone Developer";
				GCC_C_LANGUAGE_STANDARD = c99;
				GCC_WARN_ABOUT_RETURN_TYPE = YES;
				GCC_WARN_UNUSED_VARIABLE = YES;
				OTHER_CFLAGS = "-DNS_BLOCK_ASSERTIONS=1";
				PREBINDING = NO;
				SDKROOT = iphoneos4.1;
			};
			name = Release;
		};
/* End XCBuildConfiguration section */

/* Begin XCConfigurationList section */
		1D6058960D05DD3E006BFB54 /* Build configuration list for PBXNativeTarget "LKStyledText" */ = {
			isa = XCConfigurationList;
			buildConfigurations = (
				1D6058940D05DD3E006BFB54 /* Debug */,
				1D6058950D05DD3E006BFB54 /* Release */,
			);
			defaultConfigurationIsVisible = 0;
			defaultConfigurationName = Release;
		};
		C01FCF4E08A954540054247B /* Build configuration list for PBXProject "LKStyledText" */ = {
			isa = XCConfigurationList;
			buildConfigurations = (
				C01FCF4F08A954540054247B /* Debug */,
				C01FCF5008A954540054247B /* Release */,
			);
			defaultConfigurationIsVisible = 0;
			defaultConfigurationName = Release;
		};
/* End XCConfigurationList section */
	};
	rootObject = 29B97313FDCFA39411CA2CEA /* Project object */;
}
