// !$*UTF8*$!
{
	archiveVersion = 1;
	classes = {
	};
	objectVersion = 46;
	objects = {

/* Begin PBXBuildFile section */
		A3136FA813A4954800EECA6A /* LKTip.m in Sources */ = {isa = PBXBuildFile; fileRef = A3136FA013A4954800EECA6A /* LKTip.m */; };
		A3136FA913A4954800EECA6A /* LKTipCenter.m in Sources */ = {isa = PBXBuildFile; fileRef = A3136FA213A4954800EECA6A /* LKTipCenter.m */; };
		A3136FAA13A4954800EECA6A /* LKTipView.m in Sources */ = {isa = PBXBuildFile; fileRef = A3136FA413A4954800EECA6A /* LKTipView.m */; };
		A3136FAF13A4957500EECA6A /* UIView+LKAddition.m in Sources */ = {isa = PBXBuildFile; fileRef = A3136FAE13A4957500EECA6A /* UIView+LKAddition.m */; };
		A321914913DBED700062B698 /* LKMoreCell.m in Sources */ = {isa = PBXBuildFile; fileRef = A321914813DBED6F0062B698 /* LKMoreCell.m */; };
		A321914C13DBED940062B698 /* LKMoreCell.xib in Resources */ = {isa = PBXBuildFile; fileRef = A321914B13DBED940062B698 /* LKMoreCell.xib */; };
		A35723C213B1CB8D00106383 /* HJCircularBuffer.m in Sources */ = {isa = PBXBuildFile; fileRef = A35723AF13B1CB8D00106383 /* HJCircularBuffer.m */; };
		A35723C313B1CB8D00106383 /* HJManagedImageV.m in Sources */ = {isa = PBXBuildFile; fileRef = A35723B113B1CB8D00106383 /* HJManagedImageV.m */; };
		A35723C413B1CB8D00106383 /* HJMOBigFileCache.m in Sources */ = {isa = PBXBuildFile; fileRef = A35723B413B1CB8D00106383 /* HJMOBigFileCache.m */; };
		A35723C513B1CB8D00106383 /* HJMOFileCache.m in Sources */ = {isa = PBXBuildFile; fileRef = A35723B613B1CB8D00106383 /* HJMOFileCache.m */; };
		A35723C613B1CB8D00106383 /* HJMOHandler.m in Sources */ = {isa = PBXBuildFile; fileRef = A35723B813B1CB8D00106383 /* HJMOHandler.m */; };
		A35723C713B1CB8D00106383 /* HJMOPolicy.m in Sources */ = {isa = PBXBuildFile; fileRef = A35723BA13B1CB8D00106383 /* HJMOPolicy.m */; };
		A35723C813B1CB8D00106383 /* HJMOUserBase.m in Sources */ = {isa = PBXBuildFile; fileRef = A35723BD13B1CB8D00106383 /* HJMOUserBase.m */; };
		A35723C913B1CB8D00106383 /* HJObjManager.m in Sources */ = {isa = PBXBuildFile; fileRef = A35723BF13B1CB8D00106383 /* HJObjManager.m */; };
		A35723CA13B1CB8D00106383 /* HJWeakMutableArray.m in Sources */ = {isa = PBXBuildFile; fileRef = A35723C113B1CB8D00106383 /* HJWeakMutableArray.m */; };
		A35C9F6113C896D900F5A84A /* MBProgressHUD.m in Sources */ = {isa = PBXBuildFile; fileRef = A35C9F6013C896D900F5A84A /* MBProgressHUD.m */; };
		A3713D1313A8961A0004A609 /* LKVideoController.m in Sources */ = {isa = PBXBuildFile; fileRef = A3713D1113A8961A0004A609 /* LKVideoController.m */; };
		A3713D1413A8961A0004A609 /* LKVideoController.xib in Resources */ = {isa = PBXBuildFile; fileRef = A3713D1213A8961A0004A609 /* LKVideoController.xib */; };
		A3713D1913A8B6480004A609 /* SLCateMoviesController.m in Sources */ = {isa = PBXBuildFile; fileRef = A3713D1713A8B6480004A609 /* SLCateMoviesController.m */; };
		A3713D1A13A8B6480004A609 /* SLCateMoviesController.xib in Resources */ = {isa = PBXBuildFile; fileRef = A3713D1813A8B6480004A609 /* SLCateMoviesController.xib */; };
		A391CE4813A8C1E10098A241 /* NSString+URL.m in Sources */ = {isa = PBXBuildFile; fileRef = A391CE4713A8C1E10098A241 /* NSString+URL.m */; };
		A3AD759713C98FF900744B4A /* blackArrow.png in Resources */ = {isa = PBXBuildFile; fileRef = A3AD758D13C98FF900744B4A /* blackArrow.png */; };
		A3AD759813C98FF900744B4A /* blackArrow@2x.png in Resources */ = {isa = PBXBuildFile; fileRef = A3AD758E13C98FF900744B4A /* blackArrow@2x.png */; };
		A3AD759913C98FF900744B4A /* blueArrow.png in Resources */ = {isa = PBXBuildFile; fileRef = A3AD758F13C98FF900744B4A /* blueArrow.png */; };
		A3AD759A13C98FF900744B4A /* blueArrow@2x.png in Resources */ = {isa = PBXBuildFile; fileRef = A3AD759013C98FF900744B4A /* blueArrow@2x.png */; };
		A3AD759B13C98FF900744B4A /* EGORefreshTableHeaderView.m in Sources */ = {isa = PBXBuildFile; fileRef = A3AD759213C98FF900744B4A /* EGORefreshTableHeaderView.m */; };
		A3AD759C13C98FF900744B4A /* grayArrow.png in Resources */ = {isa = PBXBuildFile; fileRef = A3AD759313C98FF900744B4A /* grayArrow.png */; };
		A3AD759D13C98FF900744B4A /* grayArrow@2x.png in Resources */ = {isa = PBXBuildFile; fileRef = A3AD759413C98FF900744B4A /* grayArrow@2x.png */; };
		A3AD759E13C98FF900744B4A /* whiteArrow.png in Resources */ = {isa = PBXBuildFile; fileRef = A3AD759513C98FF900744B4A /* whiteArrow.png */; };
		A3AD759F13C98FF900744B4A /* whiteArrow@2x.png in Resources */ = {isa = PBXBuildFile; fileRef = A3AD759613C98FF900744B4A /* whiteArrow@2x.png */; };
		A3AD75A913C9968800744B4A /* icon.png in Resources */ = {isa = PBXBuildFile; fileRef = A3AD75A813C9968800744B4A /* icon.png */; };
		A3AD75AB13C9969100744B4A /* icon@2x.png in Resources */ = {isa = PBXBuildFile; fileRef = A3AD75AA13C9969100744B4A /* icon@2x.png */; };
		A3AD75AD13C996D900744B4A /* Default@2x.png in Resources */ = {isa = PBXBuildFile; fileRef = A3AD75AC13C996D900744B4A /* Default@2x.png */; };
		A3C7D28213A4A5AC0050FD28 /* LKImageRecord.m in Sources */ = {isa = PBXBuildFile; fileRef = A3C7D27F13A4A5AC0050FD28 /* LKImageRecord.m */; };
		A3C7D28313A4A5AC0050FD28 /* LKImgDownload.m in Sources */ = {isa = PBXBuildFile; fileRef = A3C7D28113A4A5AC0050FD28 /* LKImgDownload.m */; };
		A3C7D28713A4B7960050FD28 /* SLMovDetailController.m in Sources */ = {isa = PBXBuildFile; fileRef = A3C7D28513A4B7950050FD28 /* SLMovDetailController.m */; };
		A3C7D28813A4B7960050FD28 /* SLMovDetailController.xib in Resources */ = {isa = PBXBuildFile; fileRef = A3C7D28613A4B7950050FD28 /* SLMovDetailController.xib */; };
		A3C7D28B13A4B95D0050FD28 /* SLMovInfoCell.m in Sources */ = {isa = PBXBuildFile; fileRef = A3C7D28A13A4B95D0050FD28 /* SLMovInfoCell.m */; };
		A3C7D28D13A4B9740050FD28 /* SLMovInfoCell.xib in Resources */ = {isa = PBXBuildFile; fileRef = A3C7D28C13A4B9740050FD28 /* SLMovInfoCell.xib */; };
		A3C7D29B13A4E8B70050FD28 /* MediaPlayer.framework in Frameworks */ = {isa = PBXBuildFile; fileRef = A3C7D29A13A4E8B60050FD28 /* MediaPlayer.framework */; };
		A3C7D2A213A4EDB20050FD28 /* Settings.bundle in Resources */ = {isa = PBXBuildFile; fileRef = A3C7D2A113A4EDB10050FD28 /* Settings.bundle */; };
		A3D66EF013A4662400C83B62 /* UIKit.framework in Frameworks */ = {isa = PBXBuildFile; fileRef = A3D66EEF13A4662400C83B62 /* UIKit.framework */; };
		A3D66EF213A4662400C83B62 /* Foundation.framework in Frameworks */ = {isa = PBXBuildFile; fileRef = A3D66EF113A4662400C83B62 /* Foundation.framework */; };
		A3D66EF413A4662400C83B62 /* CoreGraphics.framework in Frameworks */ = {isa = PBXBuildFile; fileRef = A3D66EF313A4662400C83B62 /* CoreGraphics.framework */; };
		A3D66EFA13A4662400C83B62 /* InfoPlist.strings in Resources */ = {isa = PBXBuildFile; fileRef = A3D66EF813A4662400C83B62 /* InfoPlist.strings */; };
		A3D66EFD13A4662400C83B62 /* main.m in Sources */ = {isa = PBXBuildFile; fileRef = A3D66EFC13A4662400C83B62 /* main.m */; };
		A3D66F0013A4662400C83B62 /* SLVodAppDelegate.m in Sources */ = {isa = PBXBuildFile; fileRef = A3D66EFF13A4662400C83B62 /* SLVodAppDelegate.m */; };
		A3D66F0313A4662400C83B62 /* MainWindow.xib in Resources */ = {isa = PBXBuildFile; fileRef = A3D66F0113A4662400C83B62 /* MainWindow.xib */; };
		A3D66F0A13A4662400C83B62 /* UIKit.framework in Frameworks */ = {isa = PBXBuildFile; fileRef = A3D66EEF13A4662400C83B62 /* UIKit.framework */; };
		A3D66F0B13A4662400C83B62 /* Foundation.framework in Frameworks */ = {isa = PBXBuildFile; fileRef = A3D66EF113A4662400C83B62 /* Foundation.framework */; };
		A3D66F0C13A4662400C83B62 /* CoreGraphics.framework in Frameworks */ = {isa = PBXBuildFile; fileRef = A3D66EF313A4662400C83B62 /* CoreGraphics.framework */; };
		A3D66F1413A4662400C83B62 /* InfoPlist.strings in Resources */ = {isa = PBXBuildFile; fileRef = A3D66F1213A4662400C83B62 /* InfoPlist.strings */; };
		A3D66F1713A4662400C83B62 /* SLVodTests.h in Resources */ = {isa = PBXBuildFile; fileRef = A3D66F1613A4662400C83B62 /* SLVodTests.h */; };
		A3D66F1913A4662400C83B62 /* SLVodTests.m in Sources */ = {isa = PBXBuildFile; fileRef = A3D66F1813A4662400C83B62 /* SLVodTests.m */; };
		A3D66F2F13A468BC00C83B62 /* LKViewController.m in Sources */ = {isa = PBXBuildFile; fileRef = A3D66F2D13A468BC00C83B62 /* LKViewController.m */; };
		A3D66F3013A468BC00C83B62 /* LKViewController.xib in Resources */ = {isa = PBXBuildFile; fileRef = A3D66F2E13A468BC00C83B62 /* LKViewController.xib */; };
		A3D66F5613A469DA00C83B62 /* BCTab.m in Sources */ = {isa = PBXBuildFile; fileRef = A3D66F4A13A469DA00C83B62 /* BCTab.m */; };
		A3D66F5713A469DA00C83B62 /* BCTabBar.m in Sources */ = {isa = PBXBuildFile; fileRef = A3D66F4C13A469DA00C83B62 /* BCTabBar.m */; };
		A3D66F5813A469DA00C83B62 /* BCTabBarController.bundle in Resources */ = {isa = PBXBuildFile; fileRef = A3D66F4D13A469DA00C83B62 /* BCTabBarController.bundle */; };
		A3D66F5913A469DA00C83B62 /* BCTabBarController.m in Sources */ = {isa = PBXBuildFile; fileRef = A3D66F4F13A469DA00C83B62 /* BCTabBarController.m */; };
		A3D66F5A13A469DA00C83B62 /* BCTabBarView.m in Sources */ = {isa = PBXBuildFile; fileRef = A3D66F5113A469DA00C83B62 /* BCTabBarView.m */; };
		A3D66F5B13A469DA00C83B62 /* UINavigationController+icons.m in Sources */ = {isa = PBXBuildFile; fileRef = A3D66F5313A469DA00C83B62 /* UINavigationController+icons.m */; };
		A3D66F5C13A469DA00C83B62 /* UIViewController+iconImage.m in Sources */ = {isa = PBXBuildFile; fileRef = A3D66F5513A469DA00C83B62 /* UIViewController+iconImage.m */; };
		A3D66F6813A4704200C83B62 /* SLHotController.m in Sources */ = {isa = PBXBuildFile; fileRef = A3D66F6613A4704200C83B62 /* SLHotController.m */; };
		A3D66F6913A4704200C83B62 /* SLHotController.xib in Resources */ = {isa = PBXBuildFile; fileRef = A3D66F6713A4704200C83B62 /* SLHotController.xib */; };
		A3D66F6D13A4706200C83B62 /* SLCategoryController.m in Sources */ = {isa = PBXBuildFile; fileRef = A3D66F6B13A4706200C83B62 /* SLCategoryController.m */; };
		A3D66F6E13A4706200C83B62 /* SLCategoryController.xib in Resources */ = {isa = PBXBuildFile; fileRef = A3D66F6C13A4706200C83B62 /* SLCategoryController.xib */; };
		A3D66F7213A4708A00C83B62 /* SLUserCenterController.m in Sources */ = {isa = PBXBuildFile; fileRef = A3D66F7013A4708A00C83B62 /* SLUserCenterController.m */; };
		A3D66F7313A4708A00C83B62 /* SLUserCenterController.xib in Resources */ = {isa = PBXBuildFile; fileRef = A3D66F7113A4708A00C83B62 /* SLUserCenterController.xib */; };
		A3D66F7713A470A300C83B62 /* SLFavController.m in Sources */ = {isa = PBXBuildFile; fileRef = A3D66F7513A470A300C83B62 /* SLFavController.m */; };
		A3D66F7813A470A300C83B62 /* SLFavController.xib in Resources */ = {isa = PBXBuildFile; fileRef = A3D66F7613A470A300C83B62 /* SLFavController.xib */; };
		A3D66F7C13A470BA00C83B62 /* SLMoreController.m in Sources */ = {isa = PBXBuildFile; fileRef = A3D66F7A13A470BA00C83B62 /* SLMoreController.m */; };
		A3D66F7D13A470BA00C83B62 /* SLMoreController.xib in Resources */ = {isa = PBXBuildFile; fileRef = A3D66F7B13A470BA00C83B62 /* SLMoreController.xib */; };
		A3D66F8313A473FC00C83B62 /* magnifying-glass-selected.png in Resources */ = {isa = PBXBuildFile; fileRef = A3D66F7F13A473FC00C83B62 /* magnifying-glass-selected.png */; };
		A3D66F8413A473FC00C83B62 /* magnifying-glass-selected@2x.png in Resources */ = {isa = PBXBuildFile; fileRef = A3D66F8013A473FC00C83B62 /* magnifying-glass-selected@2x.png */; };
		A3D66F8513A473FC00C83B62 /* magnifying-glass.png in Resources */ = {isa = PBXBuildFile; fileRef = A3D66F8113A473FC00C83B62 /* magnifying-glass.png */; };
		A3D66F8613A473FC00C83B62 /* magnifying-glass@2x.png in Resources */ = {isa = PBXBuildFile; fileRef = A3D66F8213A473FC00C83B62 /* magnifying-glass@2x.png */; };
		A3D66FAA13A47B4800C83B62 /* NSObject+SBJson.m in Sources */ = {isa = PBXBuildFile; fileRef = A3D66F9213A47B4800C83B62 /* NSObject+SBJson.m */; };
		A3D66FAB13A47B4800C83B62 /* SBJsonParser.m in Sources */ = {isa = PBXBuildFile; fileRef = A3D66F9513A47B4800C83B62 /* SBJsonParser.m */; };
		A3D66FAC13A47B4800C83B62 /* SBJsonStreamParser.m in Sources */ = {isa = PBXBuildFile; fileRef = A3D66F9713A47B4800C83B62 /* SBJsonStreamParser.m */; };
		A3D66FAD13A47B4800C83B62 /* SBJsonStreamParserAccumulator.m in Sources */ = {isa = PBXBuildFile; fileRef = A3D66F9913A47B4800C83B62 /* SBJsonStreamParserAccumulator.m */; };
		A3D66FAE13A47B4800C83B62 /* SBJsonStreamParserAdapter.m in Sources */ = {isa = PBXBuildFile; fileRef = A3D66F9B13A47B4800C83B62 /* SBJsonStreamParserAdapter.m */; };
		A3D66FAF13A47B4800C83B62 /* SBJsonStreamParserState.m in Sources */ = {isa = PBXBuildFile; fileRef = A3D66F9D13A47B4800C83B62 /* SBJsonStreamParserState.m */; };
		A3D66FB013A47B4800C83B62 /* SBJsonStreamWriter.m in Sources */ = {isa = PBXBuildFile; fileRef = A3D66F9F13A47B4800C83B62 /* SBJsonStreamWriter.m */; };
		A3D66FB113A47B4800C83B62 /* SBJsonStreamWriterAccumulator.m in Sources */ = {isa = PBXBuildFile; fileRef = A3D66FA113A47B4800C83B62 /* SBJsonStreamWriterAccumulator.m */; };
		A3D66FB213A47B4800C83B62 /* SBJsonStreamWriterState.m in Sources */ = {isa = PBXBuildFile; fileRef = A3D66FA313A47B4800C83B62 /* SBJsonStreamWriterState.m */; };
		A3D66FB313A47B4800C83B62 /* SBJsonTokeniser.m in Sources */ = {isa = PBXBuildFile; fileRef = A3D66FA513A47B4800C83B62 /* SBJsonTokeniser.m */; };
		A3D66FB413A47B4800C83B62 /* SBJsonUTF8Stream.m in Sources */ = {isa = PBXBuildFile; fileRef = A3D66FA713A47B4800C83B62 /* SBJsonUTF8Stream.m */; };
		A3D66FB513A47B4800C83B62 /* SBJsonWriter.m in Sources */ = {isa = PBXBuildFile; fileRef = A3D66FA913A47B4800C83B62 /* SBJsonWriter.m */; };
		A3D66FB913A47FBB00C83B62 /* LKShadowTableView.m in Sources */ = {isa = PBXBuildFile; fileRef = A3D66FB813A47FBB00C83B62 /* LKShadowTableView.m */; };
		A3D66FBB13A4805400C83B62 /* QuartzCore.framework in Frameworks */ = {isa = PBXBuildFile; fileRef = A3D66FBA13A4805400C83B62 /* QuartzCore.framework */; };
		A3D66FBF13A4829000C83B62 /* SLMovie.m in Sources */ = {isa = PBXBuildFile; fileRef = A3D66FBE13A4829000C83B62 /* SLMovie.m */; };
		A3D66FC213A4851200C83B62 /* SLHotCell.m in Sources */ = {isa = PBXBuildFile; fileRef = A3D66FC113A4851100C83B62 /* SLHotCell.m */; };
		A3D66FC613A4855400C83B62 /* SLHotCell.xib in Resources */ = {isa = PBXBuildFile; fileRef = A3D66FC513A4855400C83B62 /* SLHotCell.xib */; };
		A3DB7EFA13AB15D500E3250C /* SLUserProfileCell.m in Sources */ = {isa = PBXBuildFile; fileRef = A3DB7EF913AB15D500E3250C /* SLUserProfileCell.m */; };
		A3DB7EFD13AB15F100E3250C /* SLUserProfileCell.xib in Resources */ = {isa = PBXBuildFile; fileRef = A3DB7EFC13AB15F000E3250C /* SLUserProfileCell.xib */; };
		A3DB7F0013AB21EC00E3250C /* SLUser.m in Sources */ = {isa = PBXBuildFile; fileRef = A3DB7EFF13AB21EC00E3250C /* SLUser.m */; };
		A3DB7F0413AB31F900E3250C /* vip.png in Resources */ = {isa = PBXBuildFile; fileRef = A3DB7F0113AB31F900E3250C /* vip.png */; };
		A3DB7F0513AB31F900E3250C /* setting.png in Resources */ = {isa = PBXBuildFile; fileRef = A3DB7F0213AB31F900E3250C /* setting.png */; };
		A3DB7F0613AB31F900E3250C /* about.png in Resources */ = {isa = PBXBuildFile; fileRef = A3DB7F0313AB31F900E3250C /* about.png */; };
		A3DB7F0813AB334D00E3250C /* noimg.png in Resources */ = {isa = PBXBuildFile; fileRef = A3DB7F0713AB334D00E3250C /* noimg.png */; };
		A3DB7F1C13AB4E8C00E3250C /* SLDownloadManController.m in Sources */ = {isa = PBXBuildFile; fileRef = A3DB7F1A13AB4E8800E3250C /* SLDownloadManController.m */; };
		A3DB7F1D13AB4E8C00E3250C /* SLDownloadManController.xib in Resources */ = {isa = PBXBuildFile; fileRef = A3DB7F1B13AB4E8A00E3250C /* SLDownloadManController.xib */; };
/* End PBXBuildFile section */

/* Begin PBXContainerItemProxy section */
		A3D66F0D13A4662400C83B62 /* PBXContainerItemProxy */ = {
			isa = PBXContainerItemProxy;
			containerPortal = A3D66EE213A4662400C83B62 /* Project object */;
			proxyType = 1;
			remoteGlobalIDString = A3D66EEA13A4662400C83B62;
			remoteInfo = SLVod;
		};
/* End PBXContainerItemProxy section */

/* Begin PBXFileReference section */
		A3136F9F13A4954800EECA6A /* LKTip.h */ = {isa = PBXFileReference; fileEncoding = 4; lastKnownFileType = sourcecode.c.h; path = LKTip.h; sourceTree = "<group>"; };
		A3136FA013A4954800EECA6A /* LKTip.m */ = {isa = PBXFileReference; fileEncoding = 4; lastKnownFileType = sourcecode.c.objc; path = LKTip.m; sourceTree = "<group>"; };
		A3136FA113A4954800EECA6A /* LKTipCenter.h */ = {isa = PBXFileReference; fileEncoding = 4; lastKnownFileType = sourcecode.c.h; path = LKTipCenter.h; sourceTree = "<group>"; };
		A3136FA213A4954800EECA6A /* LKTipCenter.m */ = {isa = PBXFileReference; fileEncoding = 4; lastKnownFileType = sourcecode.c.objc; path = LKTipCenter.m; sourceTree = "<group>"; };
		A3136FA313A4954800EECA6A /* LKTipView.h */ = {isa = PBXFileReference; fileEncoding = 4; lastKnownFileType = sourcecode.c.h; path = LKTipView.h; sourceTree = "<group>"; };
		A3136FA413A4954800EECA6A /* LKTipView.m */ = {isa = PBXFileReference; fileEncoding = 4; lastKnownFileType = sourcecode.c.objc; path = LKTipView.m; sourceTree = "<group>"; };
		A3136FAD13A4957500EECA6A /* UIView+LKAddition.h */ = {isa = PBXFileReference; fileEncoding = 4; lastKnownFileType = sourcecode.c.h; path = "UIView+LKAddition.h"; sourceTree = "<group>"; };
		A3136FAE13A4957500EECA6A /* UIView+LKAddition.m */ = {isa = PBXFileReference; fileEncoding = 4; lastKnownFileType = sourcecode.c.objc; path = "UIView+LKAddition.m"; sourceTree = "<group>"; };
		A321914713DBED6F0062B698 /* LKMoreCell.h */ = {isa = PBXFileReference; fileEncoding = 4; lastKnownFileType = sourcecode.c.h; path = LKMoreCell.h; sourceTree = "<group>"; };
		A321914813DBED6F0062B698 /* LKMoreCell.m */ = {isa = PBXFileReference; fileEncoding = 4; lastKnownFileType = sourcecode.c.objc; path = LKMoreCell.m; sourceTree = "<group>"; };
		A321914B13DBED940062B698 /* LKMoreCell.xib */ = {isa = PBXFileReference; fileEncoding = 4; lastKnownFileType = file.xib; path = LKMoreCell.xib; sourceTree = "<group>"; };
		A35723AE13B1CB8D00106383 /* HJCircularBuffer.h */ = {isa = PBXFileReference; fileEncoding = 4; lastKnownFileType = sourcecode.c.h; path = HJCircularBuffer.h; sourceTree = "<group>"; };
		A35723AF13B1CB8D00106383 /* HJCircularBuffer.m */ = {isa = PBXFileReference; fileEncoding = 4; lastKnownFileType = sourcecode.c.objc; path = HJCircularBuffer.m; sourceTree = "<group>"; };
		A35723B013B1CB8D00106383 /* HJManagedImageV.h */ = {isa = PBXFileReference; fileEncoding = 4; lastKnownFileType = sourcecode.c.h; path = HJManagedImageV.h; sourceTree = "<group>"; };
		A35723B113B1CB8D00106383 /* HJManagedImageV.m */ = {isa = PBXFileReference; fileEncoding = 4; lastKnownFileType = sourcecode.c.objc; path = HJManagedImageV.m; sourceTree = "<group>"; };
		A35723B213B1CB8D00106383 /* HJManagedImageVDelegate.h */ = {isa = PBXFileReference; fileEncoding = 4; lastKnownFileType = sourcecode.c.h; path = HJManagedImageVDelegate.h; sourceTree = "<group>"; };
		A35723B313B1CB8D00106383 /* HJMOBigFileCache.h */ = {isa = PBXFileReference; fileEncoding = 4; lastKnownFileType = sourcecode.c.h; path = HJMOBigFileCache.h; sourceTree = "<group>"; };
		A35723B413B1CB8D00106383 /* HJMOBigFileCache.m */ = {isa = PBXFileReference; fileEncoding = 4; lastKnownFileType = sourcecode.c.objc; path = HJMOBigFileCache.m; sourceTree = "<group>"; };
		A35723B513B1CB8D00106383 /* HJMOFileCache.h */ = {isa = PBXFileReference; fileEncoding = 4; lastKnownFileType = sourcecode.c.h; path = HJMOFileCache.h; sourceTree = "<group>"; };
		A35723B613B1CB8D00106383 /* HJMOFileCache.m */ = {isa = PBXFileReference; fileEncoding = 4; lastKnownFileType = sourcecode.c.objc; path = HJMOFileCache.m; sourceTree = "<group>"; };
		A35723B713B1CB8D00106383 /* HJMOHandler.h */ = {isa = PBXFileReference; fileEncoding = 4; lastKnownFileType = sourcecode.c.h; path = HJMOHandler.h; sourceTree = "<group>"; };
		A35723B813B1CB8D00106383 /* HJMOHandler.m */ = {isa = PBXFileReference; fileEncoding = 4; lastKnownFileType = sourcecode.c.objc; path = HJMOHandler.m; sourceTree = "<group>"; };
		A35723B913B1CB8D00106383 /* HJMOPolicy.h */ = {isa = PBXFileReference; fileEncoding = 4; lastKnownFileType = sourcecode.c.h; path = HJMOPolicy.h; sourceTree = "<group>"; };
		A35723BA13B1CB8D00106383 /* HJMOPolicy.m */ = {isa = PBXFileReference; fileEncoding = 4; lastKnownFileType = sourcecode.c.objc; path = HJMOPolicy.m; sourceTree = "<group>"; };
		A35723BB13B1CB8D00106383 /* HJMOUser.h */ = {isa = PBXFileReference; fileEncoding = 4; lastKnownFileType = sourcecode.c.h; path = HJMOUser.h; sourceTree = "<group>"; };
		A35723BC13B1CB8D00106383 /* HJMOUserBase.h */ = {isa = PBXFileReference; fileEncoding = 4; lastKnownFileType = sourcecode.c.h; path = HJMOUserBase.h; sourceTree = "<group>"; };
		A35723BD13B1CB8D00106383 /* HJMOUserBase.m */ = {isa = PBXFileReference; fileEncoding = 4; lastKnownFileType = sourcecode.c.objc; path = HJMOUserBase.m; sourceTree = "<group>"; };
		A35723BE13B1CB8D00106383 /* HJObjManager.h */ = {isa = PBXFileReference; fileEncoding = 4; lastKnownFileType = sourcecode.c.h; path = HJObjManager.h; sourceTree = "<group>"; };
		A35723BF13B1CB8D00106383 /* HJObjManager.m */ = {isa = PBXFileReference; fileEncoding = 4; lastKnownFileType = sourcecode.c.objc; path = HJObjManager.m; sourceTree = "<group>"; };
		A35723C013B1CB8D00106383 /* HJWeakMutableArray.h */ = {isa = PBXFileReference; fileEncoding = 4; lastKnownFileType = sourcecode.c.h; path = HJWeakMutableArray.h; sourceTree = "<group>"; };
		A35723C113B1CB8D00106383 /* HJWeakMutableArray.m */ = {isa = PBXFileReference; fileEncoding = 4; lastKnownFileType = sourcecode.c.objc; path = HJWeakMutableArray.m; sourceTree = "<group>"; };
		A35C9F5F13C896D900F5A84A /* MBProgressHUD.h */ = {isa = PBXFileReference; fileEncoding = 4; lastKnownFileType = sourcecode.c.h; path = MBProgressHUD.h; sourceTree = "<group>"; };
		A35C9F6013C896D900F5A84A /* MBProgressHUD.m */ = {isa = PBXFileReference; fileEncoding = 4; lastKnownFileType = sourcecode.c.objc; path = MBProgressHUD.m; sourceTree = "<group>"; };
		A3713D1013A8961A0004A609 /* LKVideoController.h */ = {isa = PBXFileReference; fileEncoding = 4; lastKnownFileType = sourcecode.c.h; path = LKVideoController.h; sourceTree = "<group>"; };
		A3713D1113A8961A0004A609 /* LKVideoController.m */ = {isa = PBXFileReference; fileEncoding = 4; lastKnownFileType = sourcecode.c.objc; path = LKVideoController.m; sourceTree = "<group>"; };
		A3713D1213A8961A0004A609 /* LKVideoController.xib */ = {isa = PBXFileReference; fileEncoding = 4; lastKnownFileType = file.xib; path = LKVideoController.xib; sourceTree = "<group>"; };
		A3713D1613A8B6470004A609 /* SLCateMoviesController.h */ = {isa = PBXFileReference; fileEncoding = 4; lastKnownFileType = sourcecode.c.h; path = SLCateMoviesController.h; sourceTree = "<group>"; };
		A3713D1713A8B6480004A609 /* SLCateMoviesController.m */ = {isa = PBXFileReference; fileEncoding = 4; lastKnownFileType = sourcecode.c.objc; path = SLCateMoviesController.m; sourceTree = "<group>"; };
		A3713D1813A8B6480004A609 /* SLCateMoviesController.xib */ = {isa = PBXFileReference; fileEncoding = 4; lastKnownFileType = file.xib; path = SLCateMoviesController.xib; sourceTree = "<group>"; };
		A391CE4613A8C1E10098A241 /* NSString+URL.h */ = {isa = PBXFileReference; fileEncoding = 4; lastKnownFileType = sourcecode.c.h; path = "NSString+URL.h"; sourceTree = "<group>"; };
		A391CE4713A8C1E10098A241 /* NSString+URL.m */ = {isa = PBXFileReference; fileEncoding = 4; lastKnownFileType = sourcecode.c.objc; path = "NSString+URL.m"; sourceTree = "<group>"; };
		A3AD758D13C98FF900744B4A /* blackArrow.png */ = {isa = PBXFileReference; lastKnownFileType = image.png; path = blackArrow.png; sourceTree = "<group>"; };
		A3AD758E13C98FF900744B4A /* blackArrow@2x.png */ = {isa = PBXFileReference; lastKnownFileType = image.png; path = "blackArrow@2x.png"; sourceTree = "<group>"; };
		A3AD758F13C98FF900744B4A /* blueArrow.png */ = {isa = PBXFileReference; lastKnownFileType = image.png; path = blueArrow.png; sourceTree = "<group>"; };
		A3AD759013C98FF900744B4A /* blueArrow@2x.png */ = {isa = PBXFileReference; lastKnownFileType = image.png; path = "blueArrow@2x.png"; sourceTree = "<group>"; };
		A3AD759113C98FF900744B4A /* EGORefreshTableHeaderView.h */ = {isa = PBXFileReference; fileEncoding = 4; lastKnownFileType = sourcecode.c.h; path = EGORefreshTableHeaderView.h; sourceTree = "<group>"; };
		A3AD759213C98FF900744B4A /* EGORefreshTableHeaderView.m */ = {isa = PBXFileReference; fileEncoding = 4; lastKnownFileType = sourcecode.c.objc; path = EGORefreshTableHeaderView.m; sourceTree = "<group>"; };
		A3AD759313C98FF900744B4A /* grayArrow.png */ = {isa = PBXFileReference; lastKnownFileType = image.png; path = grayArrow.png; sourceTree = "<group>"; };
		A3AD759413C98FF900744B4A /* grayArrow@2x.png */ = {isa = PBXFileReference; lastKnownFileType = image.png; path = "grayArrow@2x.png"; sourceTree = "<group>"; };
		A3AD759513C98FF900744B4A /* whiteArrow.png */ = {isa = PBXFileReference; lastKnownFileType = image.png; path = whiteArrow.png; sourceTree = "<group>"; };
		A3AD759613C98FF900744B4A /* whiteArrow@2x.png */ = {isa = PBXFileReference; lastKnownFileType = image.png; path = "whiteArrow@2x.png"; sourceTree = "<group>"; };
		A3AD75A813C9968800744B4A /* icon.png */ = {isa = PBXFileReference; lastKnownFileType = image.png; path = icon.png; sourceTree = "<group>"; };
		A3AD75AA13C9969100744B4A /* icon@2x.png */ = {isa = PBXFileReference; lastKnownFileType = image.png; path = "icon@2x.png"; sourceTree = "<group>"; };
		A3AD75AC13C996D900744B4A /* Default@2x.png */ = {isa = PBXFileReference; lastKnownFileType = image.png; path = "Default@2x.png"; sourceTree = "<group>"; };
		A3C7D27E13A4A5AC0050FD28 /* LKImageRecord.h */ = {isa = PBXFileReference; fileEncoding = 4; lastKnownFileType = sourcecode.c.h; path = LKImageRecord.h; sourceTree = "<group>"; };
		A3C7D27F13A4A5AC0050FD28 /* LKImageRecord.m */ = {isa = PBXFileReference; fileEncoding = 4; lastKnownFileType = sourcecode.c.objc; path = LKImageRecord.m; sourceTree = "<group>"; };
		A3C7D28013A4A5AC0050FD28 /* LKImgDownload.h */ = {isa = PBXFileReference; fileEncoding = 4; lastKnownFileType = sourcecode.c.h; path = LKImgDownload.h; sourceTree = "<group>"; };
		A3C7D28113A4A5AC0050FD28 /* LKImgDownload.m */ = {isa = PBXFileReference; fileEncoding = 4; lastKnownFileType = sourcecode.c.objc; path = LKImgDownload.m; sourceTree = "<group>"; };
		A3C7D28413A4B7950050FD28 /* SLMovDetailController.h */ = {isa = PBXFileReference; fileEncoding = 4; lastKnownFileType = sourcecode.c.h; path = SLMovDetailController.h; sourceTree = "<group>"; };
		A3C7D28513A4B7950050FD28 /* SLMovDetailController.m */ = {isa = PBXFileReference; fileEncoding = 4; lastKnownFileType = sourcecode.c.objc; path = SLMovDetailController.m; sourceTree = "<group>"; };
		A3C7D28613A4B7950050FD28 /* SLMovDetailController.xib */ = {isa = PBXFileReference; fileEncoding = 4; lastKnownFileType = file.xib; path = SLMovDetailController.xib; sourceTree = "<group>"; };
		A3C7D28913A4B95D0050FD28 /* SLMovInfoCell.h */ = {isa = PBXFileReference; fileEncoding = 4; lastKnownFileType = sourcecode.c.h; path = SLMovInfoCell.h; sourceTree = "<group>"; };
		A3C7D28A13A4B95D0050FD28 /* SLMovInfoCell.m */ = {isa = PBXFileReference; fileEncoding = 4; lastKnownFileType = sourcecode.c.objc; path = SLMovInfoCell.m; sourceTree = "<group>"; };
		A3C7D28C13A4B9740050FD28 /* SLMovInfoCell.xib */ = {isa = PBXFileReference; fileEncoding = 4; lastKnownFileType = file.xib; path = SLMovInfoCell.xib; sourceTree = "<group>"; };
		A3C7D29A13A4E8B60050FD28 /* MediaPlayer.framework */ = {isa = PBXFileReference; lastKnownFileType = wrapper.framework; name = MediaPlayer.framework; path = System/Library/Frameworks/MediaPlayer.framework; sourceTree = SDKROOT; };
		A3C7D2A113A4EDB10050FD28 /* Settings.bundle */ = {isa = PBXFileReference; lastKnownFileType = "wrapper.plug-in"; path = Settings.bundle; sourceTree = "<group>"; };
		A3D66EEB13A4662400C83B62 /* SLVod.app */ = {isa = PBXFileReference; explicitFileType = wrapper.application; includeInIndex = 0; path = SLVod.app; sourceTree = BUILT_PRODUCTS_DIR; };
		A3D66EEF13A4662400C83B62 /* UIKit.framework */ = {isa = PBXFileReference; lastKnownFileType = wrapper.framework; name = UIKit.framework; path = System/Library/Frameworks/UIKit.framework; sourceTree = SDKROOT; };
		A3D66EF113A4662400C83B62 /* Foundation.framework */ = {isa = PBXFileReference; lastKnownFileType = wrapper.framework; name = Foundation.framework; path = System/Library/Frameworks/Foundation.framework; sourceTree = SDKROOT; };
		A3D66EF313A4662400C83B62 /* CoreGraphics.framework */ = {isa = PBXFileReference; lastKnownFileType = wrapper.framework; name = CoreGraphics.framework; path = System/Library/Frameworks/CoreGraphics.framework; sourceTree = SDKROOT; };
		A3D66EF713A4662400C83B62 /* SLVod-Info.plist */ = {isa = PBXFileReference; lastKnownFileType = text.plist.xml; path = "SLVod-Info.plist"; sourceTree = "<group>"; };
		A3D66EF913A4662400C83B62 /* en */ = {isa = PBXFileReference; lastKnownFileType = text.plist.strings; name = en; path = en.lproj/InfoPlist.strings; sourceTree = "<group>"; };
		A3D66EFB13A4662400C83B62 /* SLVod-Prefix.pch */ = {isa = PBXFileReference; lastKnownFileType = sourcecode.c.h; path = "SLVod-Prefix.pch"; sourceTree = "<group>"; };
		A3D66EFC13A4662400C83B62 /* main.m */ = {isa = PBXFileReference; lastKnownFileType = sourcecode.c.objc; path = main.m; sourceTree = "<group>"; };
		A3D66EFE13A4662400C83B62 /* SLVodAppDelegate.h */ = {isa = PBXFileReference; lastKnownFileType = sourcecode.c.h; path = SLVodAppDelegate.h; sourceTree = "<group>"; };
		A3D66EFF13A4662400C83B62 /* SLVodAppDelegate.m */ = {isa = PBXFileReference; lastKnownFileType = sourcecode.c.objc; path = SLVodAppDelegate.m; sourceTree = "<group>"; };
		A3D66F0213A4662400C83B62 /* en */ = {isa = PBXFileReference; lastKnownFileType = file.xib; name = en; path = en.lproj/MainWindow.xib; sourceTree = "<group>"; };
		A3D66F0913A4662400C83B62 /* SLVodTests.octest */ = {isa = PBXFileReference; explicitFileType = wrapper.cfbundle; includeInIndex = 0; path = SLVodTests.octest; sourceTree = BUILT_PRODUCTS_DIR; };
		A3D66F1113A4662400C83B62 /* SLVodTests-Info.plist */ = {isa = PBXFileReference; lastKnownFileType = text.plist.xml; path = "SLVodTests-Info.plist"; sourceTree = "<group>"; };
		A3D66F1313A4662400C83B62 /* en */ = {isa = PBXFileReference; lastKnownFileType = text.plist.strings; name = en; path = en.lproj/InfoPlist.strings; sourceTree = "<group>"; };
		A3D66F1513A4662400C83B62 /* SLVodTests-Prefix.pch */ = {isa = PBXFileReference; lastKnownFileType = sourcecode.c.h; path = "SLVodTests-Prefix.pch"; sourceTree = "<group>"; };
		A3D66F1613A4662400C83B62 /* SLVodTests.h */ = {isa = PBXFileReference; lastKnownFileType = sourcecode.c.h; path = SLVodTests.h; sourceTree = "<group>"; };
		A3D66F1813A4662400C83B62 /* SLVodTests.m */ = {isa = PBXFileReference; lastKnownFileType = sourcecode.c.objc; path = SLVodTests.m; sourceTree = "<group>"; };
		A3D66F2A13A4688900C83B62 /* Defines.h */ = {isa = PBXFileReference; fileEncoding = 4; lastKnownFileType = sourcecode.c.h; path = Defines.h; sourceTree = "<group>"; };
		A3D66F2C13A468BC00C83B62 /* LKViewController.h */ = {isa = PBXFileReference; fileEncoding = 4; lastKnownFileType = sourcecode.c.h; path = LKViewController.h; sourceTree = "<group>"; };
		A3D66F2D13A468BC00C83B62 /* LKViewController.m */ = {isa = PBXFileReference; fileEncoding = 4; lastKnownFileType = sourcecode.c.objc; path = LKViewController.m; sourceTree = "<group>"; };
		A3D66F2E13A468BC00C83B62 /* LKViewController.xib */ = {isa = PBXFileReference; fileEncoding = 4; lastKnownFileType = file.xib; path = LKViewController.xib; sourceTree = "<group>"; };
		A3D66F4913A469DA00C83B62 /* BCTab.h */ = {isa = PBXFileReference; fileEncoding = 4; lastKnownFileType = sourcecode.c.h; path = BCTab.h; sourceTree = "<group>"; };
		A3D66F4A13A469DA00C83B62 /* BCTab.m */ = {isa = PBXFileReference; fileEncoding = 4; lastKnownFileType = sourcecode.c.objc; path = BCTab.m; sourceTree = "<group>"; };
		A3D66F4B13A469DA00C83B62 /* BCTabBar.h */ = {isa = PBXFileReference; fileEncoding = 4; lastKnownFileType = sourcecode.c.h; path = BCTabBar.h; sourceTree = "<group>"; };
		A3D66F4C13A469DA00C83B62 /* BCTabBar.m */ = {isa = PBXFileReference; fileEncoding = 4; lastKnownFileType = sourcecode.c.objc; path = BCTabBar.m; sourceTree = "<group>"; };
		A3D66F4D13A469DA00C83B62 /* BCTabBarController.bundle */ = {isa = PBXFileReference; lastKnownFileType = "wrapper.plug-in"; path = BCTabBarController.bundle; sourceTree = "<group>"; };
		A3D66F4E13A469DA00C83B62 /* BCTabBarController.h */ = {isa = PBXFileReference; fileEncoding = 4; lastKnownFileType = sourcecode.c.h; path = BCTabBarController.h; sourceTree = "<group>"; };
		A3D66F4F13A469DA00C83B62 /* BCTabBarController.m */ = {isa = PBXFileReference; fileEncoding = 4; lastKnownFileType = sourcecode.c.objc; path = BCTabBarController.m; sourceTree = "<group>"; };
		A3D66F5013A469DA00C83B62 /* BCTabBarView.h */ = {isa = PBXFileReference; fileEncoding = 4; lastKnownFileType = sourcecode.c.h; path = BCTabBarView.h; sourceTree = "<group>"; };
		A3D66F5113A469DA00C83B62 /* BCTabBarView.m */ = {isa = PBXFileReference; fileEncoding = 4; lastKnownFileType = sourcecode.c.objc; path = BCTabBarView.m; sourceTree = "<group>"; };
		A3D66F5213A469DA00C83B62 /* UINavigationController+icons.h */ = {isa = PBXFileReference; fileEncoding = 4; lastKnownFileType = sourcecode.c.h; path = "UINavigationController+icons.h"; sourceTree = "<group>"; };
		A3D66F5313A469DA00C83B62 /* UINavigationController+icons.m */ = {isa = PBXFileReference; fileEncoding = 4; lastKnownFileType = sourcecode.c.objc; path = "UINavigationController+icons.m"; sourceTree = "<group>"; };
		A3D66F5413A469DA00C83B62 /* UIViewController+iconImage.h */ = {isa = PBXFileReference; fileEncoding = 4; lastKnownFileType = sourcecode.c.h; path = "UIViewController+iconImage.h"; sourceTree = "<group>"; };
		A3D66F5513A469DA00C83B62 /* UIViewController+iconImage.m */ = {isa = PBXFileReference; fileEncoding = 4; lastKnownFileType = sourcecode.c.objc; path = "UIViewController+iconImage.m"; sourceTree = "<group>"; };
		A3D66F6513A4704200C83B62 /* SLHotController.h */ = {isa = PBXFileReference; fileEncoding = 4; lastKnownFileType = sourcecode.c.h; path = SLHotController.h; sourceTree = "<group>"; };
		A3D66F6613A4704200C83B62 /* SLHotController.m */ = {isa = PBXFileReference; fileEncoding = 4; lastKnownFileType = sourcecode.c.objc; path = SLHotController.m; sourceTree = "<group>"; };
		A3D66F6713A4704200C83B62 /* SLHotController.xib */ = {isa = PBXFileReference; fileEncoding = 4; lastKnownFileType = file.xib; path = SLHotController.xib; sourceTree = "<group>"; };
		A3D66F6A13A4706200C83B62 /* SLCategoryController.h */ = {isa = PBXFileReference; fileEncoding = 4; lastKnownFileType = sourcecode.c.h; path = SLCategoryController.h; sourceTree = "<group>"; };
		A3D66F6B13A4706200C83B62 /* SLCategoryController.m */ = {isa = PBXFileReference; fileEncoding = 4; lastKnownFileType = sourcecode.c.objc; path = SLCategoryController.m; sourceTree = "<group>"; };
		A3D66F6C13A4706200C83B62 /* SLCategoryController.xib */ = {isa = PBXFileReference; fileEncoding = 4; lastKnownFileType = file.xib; path = SLCategoryController.xib; sourceTree = "<group>"; };
		A3D66F6F13A4708A00C83B62 /* SLUserCenterController.h */ = {isa = PBXFileReference; fileEncoding = 4; lastKnownFileType = sourcecode.c.h; path = SLUserCenterController.h; sourceTree = "<group>"; };
		A3D66F7013A4708A00C83B62 /* SLUserCenterController.m */ = {isa = PBXFileReference; fileEncoding = 4; lastKnownFileType = sourcecode.c.objc; path = SLUserCenterController.m; sourceTree = "<group>"; };
		A3D66F7113A4708A00C83B62 /* SLUserCenterController.xib */ = {isa = PBXFileReference; fileEncoding = 4; lastKnownFileType = file.xib; path = SLUserCenterController.xib; sourceTree = "<group>"; };
		A3D66F7413A470A300C83B62 /* SLFavController.h */ = {isa = PBXFileReference; fileEncoding = 4; lastKnownFileType = sourcecode.c.h; path = SLFavController.h; sourceTree = "<group>"; };
		A3D66F7513A470A300C83B62 /* SLFavController.m */ = {isa = PBXFileReference; fileEncoding = 4; lastKnownFileType = sourcecode.c.objc; path = SLFavController.m; sourceTree = "<group>"; };
		A3D66F7613A470A300C83B62 /* SLFavController.xib */ = {isa = PBXFileReference; fileEncoding = 4; lastKnownFileType = file.xib; path = SLFavController.xib; sourceTree = "<group>"; };
		A3D66F7913A470B900C83B62 /* SLMoreController.h */ = {isa = PBXFileReference; fileEncoding = 4; lastKnownFileType = sourcecode.c.h; path = SLMoreController.h; sourceTree = "<group>"; };
		A3D66F7A13A470BA00C83B62 /* SLMoreController.m */ = {isa = PBXFileReference; fileEncoding = 4; lastKnownFileType = sourcecode.c.objc; path = SLMoreController.m; sourceTree = "<group>"; };
		A3D66F7B13A470BA00C83B62 /* SLMoreController.xib */ = {isa = PBXFileReference; fileEncoding = 4; lastKnownFileType = file.xib; path = SLMoreController.xib; sourceTree = "<group>"; };
		A3D66F7F13A473FC00C83B62 /* magnifying-glass-selected.png */ = {isa = PBXFileReference; lastKnownFileType = image.png; path = "magnifying-glass-selected.png"; sourceTree = "<group>"; };
		A3D66F8013A473FC00C83B62 /* magnifying-glass-selected@2x.png */ = {isa = PBXFileReference; lastKnownFileType = image.png; path = "magnifying-glass-selected@2x.png"; sourceTree = "<group>"; };
		A3D66F8113A473FC00C83B62 /* magnifying-glass.png */ = {isa = PBXFileReference; lastKnownFileType = image.png; path = "magnifying-glass.png"; sourceTree = "<group>"; };
		A3D66F8213A473FC00C83B62 /* magnifying-glass@2x.png */ = {isa = PBXFileReference; lastKnownFileType = image.png; path = "magnifying-glass@2x.png"; sourceTree = "<group>"; };
		A3D66F9013A47B4800C83B62 /* JSON.h */ = {isa = PBXFileReference; fileEncoding = 4; lastKnownFileType = sourcecode.c.h; path = JSON.h; sourceTree = "<group>"; };
		A3D66F9113A47B4800C83B62 /* NSObject+SBJson.h */ = {isa = PBXFileReference; fileEncoding = 4; lastKnownFileType = sourcecode.c.h; path = "NSObject+SBJson.h"; sourceTree = "<group>"; };
		A3D66F9213A47B4800C83B62 /* NSObject+SBJson.m */ = {isa = PBXFileReference; fileEncoding = 4; lastKnownFileType = sourcecode.c.objc; path = "NSObject+SBJson.m"; sourceTree = "<group>"; };
		A3D66F9313A47B4800C83B62 /* SBJson.h */ = {isa = PBXFileReference; fileEncoding = 4; lastKnownFileType = sourcecode.c.h; path = SBJson.h; sourceTree = "<group>"; };
		A3D66F9413A47B4800C83B62 /* SBJsonParser.h */ = {isa = PBXFileReference; fileEncoding = 4; lastKnownFileType = sourcecode.c.h; path = SBJsonParser.h; sourceTree = "<group>"; };
		A3D66F9513A47B4800C83B62 /* SBJsonParser.m */ = {isa = PBXFileReference; fileEncoding = 4; lastKnownFileType = sourcecode.c.objc; path = SBJsonParser.m; sourceTree = "<group>"; };
		A3D66F9613A47B4800C83B62 /* SBJsonStreamParser.h */ = {isa = PBXFileReference; fileEncoding = 4; lastKnownFileType = sourcecode.c.h; path = SBJsonStreamParser.h; sourceTree = "<group>"; };
		A3D66F9713A47B4800C83B62 /* SBJsonStreamParser.m */ = {isa = PBXFileReference; fileEncoding = 4; lastKnownFileType = sourcecode.c.objc; path = SBJsonStreamParser.m; sourceTree = "<group>"; };
		A3D66F9813A47B4800C83B62 /* SBJsonStreamParserAccumulator.h */ = {isa = PBXFileReference; fileEncoding = 4; lastKnownFileType = sourcecode.c.h; path = SBJsonStreamParserAccumulator.h; sourceTree = "<group>"; };
		A3D66F9913A47B4800C83B62 /* SBJsonStreamParserAccumulator.m */ = {isa = PBXFileReference; fileEncoding = 4; lastKnownFileType = sourcecode.c.objc; path = SBJsonStreamParserAccumulator.m; sourceTree = "<group>"; };
		A3D66F9A13A47B4800C83B62 /* SBJsonStreamParserAdapter.h */ = {isa = PBXFileReference; fileEncoding = 4; lastKnownFileType = sourcecode.c.h; path = SBJsonStreamParserAdapter.h; sourceTree = "<group>"; };
		A3D66F9B13A47B4800C83B62 /* SBJsonStreamParserAdapter.m */ = {isa = PBXFileReference; fileEncoding = 4; lastKnownFileType = sourcecode.c.objc; path = SBJsonStreamParserAdapter.m; sourceTree = "<group>"; };
		A3D66F9C13A47B4800C83B62 /* SBJsonStreamParserState.h */ = {isa = PBXFileReference; fileEncoding = 4; lastKnownFileType = sourcecode.c.h; path = SBJsonStreamParserState.h; sourceTree = "<group>"; };
		A3D66F9D13A47B4800C83B62 /* SBJsonStreamParserState.m */ = {isa = PBXFileReference; fileEncoding = 4; lastKnownFileType = sourcecode.c.objc; path = SBJsonStreamParserState.m; sourceTree = "<group>"; };
		A3D66F9E13A47B4800C83B62 /* SBJsonStreamWriter.h */ = {isa = PBXFileReference; fileEncoding = 4; lastKnownFileType = sourcecode.c.h; path = SBJsonStreamWriter.h; sourceTree = "<group>"; };
		A3D66F9F13A47B4800C83B62 /* SBJsonStreamWriter.m */ = {isa = PBXFileReference; fileEncoding = 4; lastKnownFileType = sourcecode.c.objc; path = SBJsonStreamWriter.m; sourceTree = "<group>"; };
		A3D66FA013A47B4800C83B62 /* SBJsonStreamWriterAccumulator.h */ = {isa = PBXFileReference; fileEncoding = 4; lastKnownFileType = sourcecode.c.h; path = SBJsonStreamWriterAccumulator.h; sourceTree = "<group>"; };
		A3D66FA113A47B4800C83B62 /* SBJsonStreamWriterAccumulator.m */ = {isa = PBXFileReference; fileEncoding = 4; lastKnownFileType = sourcecode.c.objc; path = SBJsonStreamWriterAccumulator.m; sourceTree = "<group>"; };
		A3D66FA213A47B4800C83B62 /* SBJsonStreamWriterState.h */ = {isa = PBXFileReference; fileEncoding = 4; lastKnownFileType = sourcecode.c.h; path = SBJsonStreamWriterState.h; sourceTree = "<group>"; };
		A3D66FA313A47B4800C83B62 /* SBJsonStreamWriterState.m */ = {isa = PBXFileReference; fileEncoding = 4; lastKnownFileType = sourcecode.c.objc; path = SBJsonStreamWriterState.m; sourceTree = "<group>"; };
		A3D66FA413A47B4800C83B62 /* SBJsonTokeniser.h */ = {isa = PBXFileReference; fileEncoding = 4; lastKnownFileType = sourcecode.c.h; path = SBJsonTokeniser.h; sourceTree = "<group>"; };
		A3D66FA513A47B4800C83B62 /* SBJsonTokeniser.m */ = {isa = PBXFileReference; fileEncoding = 4; lastKnownFileType = sourcecode.c.objc; path = SBJsonTokeniser.m; sourceTree = "<group>"; };
		A3D66FA613A47B4800C83B62 /* SBJsonUTF8Stream.h */ = {isa = PBXFileReference; fileEncoding = 4; lastKnownFileType = sourcecode.c.h; path = SBJsonUTF8Stream.h; sourceTree = "<group>"; };
		A3D66FA713A47B4800C83B62 /* SBJsonUTF8Stream.m */ = {isa = PBXFileReference; fileEncoding = 4; lastKnownFileType = sourcecode.c.objc; path = SBJsonUTF8Stream.m; sourceTree = "<group>"; };
		A3D66FA813A47B4800C83B62 /* SBJsonWriter.h */ = {isa = PBXFileReference; fileEncoding = 4; lastKnownFileType = sourcecode.c.h; path = SBJsonWriter.h; sourceTree = "<group>"; };
		A3D66FA913A47B4800C83B62 /* SBJsonWriter.m */ = {isa = PBXFileReference; fileEncoding = 4; lastKnownFileType = sourcecode.c.objc; path = SBJsonWriter.m; sourceTree = "<group>"; };
		A3D66FB713A47FBB00C83B62 /* LKShadowTableView.h */ = {isa = PBXFileReference; fileEncoding = 4; lastKnownFileType = sourcecode.c.h; path = LKShadowTableView.h; sourceTree = "<group>"; };
		A3D66FB813A47FBB00C83B62 /* LKShadowTableView.m */ = {isa = PBXFileReference; fileEncoding = 4; lastKnownFileType = sourcecode.c.objc; path = LKShadowTableView.m; sourceTree = "<group>"; };
		A3D66FBA13A4805400C83B62 /* QuartzCore.framework */ = {isa = PBXFileReference; lastKnownFileType = wrapper.framework; name = QuartzCore.framework; path = System/Library/Frameworks/QuartzCore.framework; sourceTree = SDKROOT; };
		A3D66FBD13A4829000C83B62 /* SLMovie.h */ = {isa = PBXFileReference; fileEncoding = 4; lastKnownFileType = sourcecode.c.h; path = SLMovie.h; sourceTree = "<group>"; };
		A3D66FBE13A4829000C83B62 /* SLMovie.m */ = {isa = PBXFileReference; fileEncoding = 4; lastKnownFileType = sourcecode.c.objc; path = SLMovie.m; sourceTree = "<group>"; };
		A3D66FC013A4851100C83B62 /* SLHotCell.h */ = {isa = PBXFileReference; fileEncoding = 4; lastKnownFileType = sourcecode.c.h; path = SLHotCell.h; sourceTree = "<group>"; };
		A3D66FC113A4851100C83B62 /* SLHotCell.m */ = {isa = PBXFileReference; fileEncoding = 4; lastKnownFileType = sourcecode.c.objc; path = SLHotCell.m; sourceTree = "<group>"; };
		A3D66FC513A4855400C83B62 /* SLHotCell.xib */ = {isa = PBXFileReference; fileEncoding = 4; lastKnownFileType = file.xib; path = SLHotCell.xib; sourceTree = "<group>"; };
		A3DB7EF813AB15D500E3250C /* SLUserProfileCell.h */ = {isa = PBXFileReference; fileEncoding = 4; lastKnownFileType = sourcecode.c.h; path = SLUserProfileCell.h; sourceTree = "<group>"; };
		A3DB7EF913AB15D500E3250C /* SLUserProfileCell.m */ = {isa = PBXFileReference; fileEncoding = 4; lastKnownFileType = sourcecode.c.objc; path = SLUserProfileCell.m; sourceTree = "<group>"; };
		A3DB7EFC13AB15F000E3250C /* SLUserProfileCell.xib */ = {isa = PBXFileReference; fileEncoding = 4; lastKnownFileType = file.xib; path = SLUserProfileCell.xib; sourceTree = "<group>"; };
		A3DB7EFE13AB21EB00E3250C /* SLUser.h */ = {isa = PBXFileReference; fileEncoding = 4; lastKnownFileType = sourcecode.c.h; path = SLUser.h; sourceTree = "<group>"; };
		A3DB7EFF13AB21EC00E3250C /* SLUser.m */ = {isa = PBXFileReference; fileEncoding = 4; lastKnownFileType = sourcecode.c.objc; path = SLUser.m; sourceTree = "<group>"; };
		A3DB7F0113AB31F900E3250C /* vip.png */ = {isa = PBXFileReference; lastKnownFileType = image.png; path = vip.png; sourceTree = "<group>"; };
		A3DB7F0213AB31F900E3250C /* setting.png */ = {isa = PBXFileReference; lastKnownFileType = image.png; path = setting.png; sourceTree = "<group>"; };
		A3DB7F0313AB31F900E3250C /* about.png */ = {isa = PBXFileReference; lastKnownFileType = image.png; path = about.png; sourceTree = "<group>"; };
		A3DB7F0713AB334D00E3250C /* noimg.png */ = {isa = PBXFileReference; lastKnownFileType = image.png; path = noimg.png; sourceTree = "<group>"; };
		A3DB7F1913AB4E8600E3250C /* SLDownloadManController.h */ = {isa = PBXFileReference; fileEncoding = 4; lastKnownFileType = sourcecode.c.h; path = SLDownloadManController.h; sourceTree = "<group>"; };
		A3DB7F1A13AB4E8800E3250C /* SLDownloadManController.m */ = {isa = PBXFileReference; fileEncoding = 4; lastKnownFileType = sourcecode.c.objc; path = SLDownloadManController.m; sourceTree = "<group>"; };
		A3DB7F1B13AB4E8A00E3250C /* SLDownloadManController.xib */ = {isa = PBXFileReference; fileEncoding = 4; lastKnownFileType = file.xib; path = SLDownloadManController.xib; sourceTree = "<group>"; };
/* End PBXFileReference section */

/* Begin PBXFrameworksBuildPhase section */
		A3D66EE813A4662400C83B62 /* Frameworks */ = {
			isa = PBXFrameworksBuildPhase;
			buildActionMask = 2147483647;
			files = (
				A3C7D29B13A4E8B70050FD28 /* MediaPlayer.framework in Frameworks */,
				A3D66FBB13A4805400C83B62 /* QuartzCore.framework in Frameworks */,
				A3D66EF013A4662400C83B62 /* UIKit.framework in Frameworks */,
				A3D66EF213A4662400C83B62 /* Foundation.framework in Frameworks */,
				A3D66EF413A4662400C83B62 /* CoreGraphics.framework in Frameworks */,
			);
			runOnlyForDeploymentPostprocessing = 0;
		};
		A3D66F0513A4662400C83B62 /* Frameworks */ = {
			isa = PBXFrameworksBuildPhase;
			buildActionMask = 2147483647;
			files = (
				A3D66F0A13A4662400C83B62 /* UIKit.framework in Frameworks */,
				A3D66F0B13A4662400C83B62 /* Foundation.framework in Frameworks */,
				A3D66F0C13A4662400C83B62 /* CoreGraphics.framework in Frameworks */,
			);
			runOnlyForDeploymentPostprocessing = 0;
		};
/* End PBXFrameworksBuildPhase section */

/* Begin PBXGroup section */
		A35723AD13B1CB8D00106383 /* LKCache */ = {
			isa = PBXGroup;
			children = (
				A35723AE13B1CB8D00106383 /* HJCircularBuffer.h */,
				A35723AF13B1CB8D00106383 /* HJCircularBuffer.m */,
				A35723B013B1CB8D00106383 /* HJManagedImageV.h */,
				A35723B113B1CB8D00106383 /* HJManagedImageV.m */,
				A35723B213B1CB8D00106383 /* HJManagedImageVDelegate.h */,
				A35723B313B1CB8D00106383 /* HJMOBigFileCache.h */,
				A35723B413B1CB8D00106383 /* HJMOBigFileCache.m */,
				A35723B513B1CB8D00106383 /* HJMOFileCache.h */,
				A35723B613B1CB8D00106383 /* HJMOFileCache.m */,
				A35723B713B1CB8D00106383 /* HJMOHandler.h */,
				A35723B813B1CB8D00106383 /* HJMOHandler.m */,
				A35723B913B1CB8D00106383 /* HJMOPolicy.h */,
				A35723BA13B1CB8D00106383 /* HJMOPolicy.m */,
				A35723BB13B1CB8D00106383 /* HJMOUser.h */,
				A35723BC13B1CB8D00106383 /* HJMOUserBase.h */,
				A35723BD13B1CB8D00106383 /* HJMOUserBase.m */,
				A35723BE13B1CB8D00106383 /* HJObjManager.h */,
				A35723BF13B1CB8D00106383 /* HJObjManager.m */,
				A35723C013B1CB8D00106383 /* HJWeakMutableArray.h */,
				A35723C113B1CB8D00106383 /* HJWeakMutableArray.m */,
			);
			path = LKCache;
			sourceTree = "<group>";
		};
		A391CE4513A8C1E10098A241 /* helpers */ = {
			isa = PBXGroup;
			children = (
				A391CE4613A8C1E10098A241 /* NSString+URL.h */,
				A391CE4713A8C1E10098A241 /* NSString+URL.m */,
			);
			path = helpers;
			sourceTree = "<group>";
		};
		A3AD75A713C990A300744B4A /* New Group */ = {
			isa = PBXGroup;
			children = (
				A3AD758D13C98FF900744B4A /* blackArrow.png */,
				A3AD758E13C98FF900744B4A /* blackArrow@2x.png */,
				A3AD758F13C98FF900744B4A /* blueArrow.png */,
				A3AD759013C98FF900744B4A /* blueArrow@2x.png */,
				A3AD759113C98FF900744B4A /* EGORefreshTableHeaderView.h */,
				A3AD759213C98FF900744B4A /* EGORefreshTableHeaderView.m */,
				A3AD759313C98FF900744B4A /* grayArrow.png */,
				A3AD759413C98FF900744B4A /* grayArrow@2x.png */,
				A3AD759513C98FF900744B4A /* whiteArrow.png */,
				A3AD759613C98FF900744B4A /* whiteArrow@2x.png */,
			);
			name = "New Group";
			sourceTree = "<group>";
		};
		A3D66EE013A4662400C83B62 = {
			isa = PBXGroup;
			children = (
				A3AD75AC13C996D900744B4A /* Default@2x.png */,
				A3AD75AA13C9969100744B4A /* icon@2x.png */,
				A3AD75A813C9968800744B4A /* icon.png */,
				A3C7D2A113A4EDB10050FD28 /* Settings.bundle */,
				A3D66F4713A469DA00C83B62 /* Share */,
				A3D66EF513A4662400C83B62 /* SLVod */,
				A3D66F7E13A473FC00C83B62 /* Resources */,
				A3D66F0F13A4662400C83B62 /* SLVodTests */,
				A3D66EEE13A4662400C83B62 /* Frameworks */,
				A3D66EEC13A4662400C83B62 /* Products */,
			);
			sourceTree = "<group>";
		};
		A3D66EEC13A4662400C83B62 /* Products */ = {
			isa = PBXGroup;
			children = (
				A3D66EEB13A4662400C83B62 /* SLVod.app */,
				A3D66F0913A4662400C83B62 /* SLVodTests.octest */,
			);
			name = Products;
			sourceTree = "<group>";
		};
		A3D66EEE13A4662400C83B62 /* Frameworks */ = {
			isa = PBXGroup;
			children = (
				A3C7D29A13A4E8B60050FD28 /* MediaPlayer.framework */,
				A3D66FBA13A4805400C83B62 /* QuartzCore.framework */,
				A3D66EEF13A4662400C83B62 /* UIKit.framework */,
				A3D66EF113A4662400C83B62 /* Foundation.framework */,
				A3D66EF313A4662400C83B62 /* CoreGraphics.framework */,
			);
			name = Frameworks;
			sourceTree = "<group>";
		};
		A3D66EF513A4662400C83B62 /* SLVod */ = {
			isa = PBXGroup;
			children = (
				A3D66FBC13A4827300C83B62 /* Model */,
				A3D66FC413A4852700C83B62 /* Cells */,
				A3D66F2A13A4688900C83B62 /* Defines.h */,
				A3D66F2C13A468BC00C83B62 /* LKViewController.h */,
				A3D66F2D13A468BC00C83B62 /* LKViewController.m */,
				A3D66F2E13A468BC00C83B62 /* LKViewController.xib */,
				A3713D1013A8961A0004A609 /* LKVideoController.h */,
				A3713D1113A8961A0004A609 /* LKVideoController.m */,
				A3713D1213A8961A0004A609 /* LKVideoController.xib */,
				A3D66EFE13A4662400C83B62 /* SLVodAppDelegate.h */,
				A3D66EFF13A4662400C83B62 /* SLVodAppDelegate.m */,
				A3D66F0113A4662400C83B62 /* MainWindow.xib */,
				A3D66F6513A4704200C83B62 /* SLHotController.h */,
				A3D66F6613A4704200C83B62 /* SLHotController.m */,
				A3D66F6713A4704200C83B62 /* SLHotController.xib */,
				A3C7D28413A4B7950050FD28 /* SLMovDetailController.h */,
				A3C7D28513A4B7950050FD28 /* SLMovDetailController.m */,
				A3C7D28613A4B7950050FD28 /* SLMovDetailController.xib */,
				A3D66F6A13A4706200C83B62 /* SLCategoryController.h */,
				A3D66F6B13A4706200C83B62 /* SLCategoryController.m */,
				A3D66F6C13A4706200C83B62 /* SLCategoryController.xib */,
				A3713D1613A8B6470004A609 /* SLCateMoviesController.h */,
				A3713D1713A8B6480004A609 /* SLCateMoviesController.m */,
				A3713D1813A8B6480004A609 /* SLCateMoviesController.xib */,
				A3D66F7413A470A300C83B62 /* SLFavController.h */,
				A3D66F7513A470A300C83B62 /* SLFavController.m */,
				A3D66F7613A470A300C83B62 /* SLFavController.xib */,
				A3D66F7913A470B900C83B62 /* SLMoreController.h */,
				A3D66F7A13A470BA00C83B62 /* SLMoreController.m */,
				A3D66F7B13A470BA00C83B62 /* SLMoreController.xib */,
				A3DB7F1913AB4E8600E3250C /* SLDownloadManController.h */,
				A3DB7F1A13AB4E8800E3250C /* SLDownloadManController.m */,
				A3DB7F1B13AB4E8A00E3250C /* SLDownloadManController.xib */,
				A3D66F6F13A4708A00C83B62 /* SLUserCenterController.h */,
				A3D66F7013A4708A00C83B62 /* SLUserCenterController.m */,
				A3D66F7113A4708A00C83B62 /* SLUserCenterController.xib */,
				A3D66EF613A4662400C83B62 /* Supporting Files */,
			);
			path = SLVod;
			sourceTree = "<group>";
		};
		A3D66EF613A4662400C83B62 /* Supporting Files */ = {
			isa = PBXGroup;
			children = (
				A3D66EF713A4662400C83B62 /* SLVod-Info.plist */,
				A3D66EF813A4662400C83B62 /* InfoPlist.strings */,
				A3D66EFB13A4662400C83B62 /* SLVod-Prefix.pch */,
				A3D66EFC13A4662400C83B62 /* main.m */,
			);
			name = "Supporting Files";
			sourceTree = "<group>";
		};
		A3D66F0F13A4662400C83B62 /* SLVodTests */ = {
			isa = PBXGroup;
			children = (
				A3D66F1613A4662400C83B62 /* SLVodTests.h */,
				A3D66F1813A4662400C83B62 /* SLVodTests.m */,
				A3D66F1013A4662400C83B62 /* Supporting Files */,
			);
			path = SLVodTests;
			sourceTree = "<group>";
		};
		A3D66F1013A4662400C83B62 /* Supporting Files */ = {
			isa = PBXGroup;
			children = (
				A3D66F1113A4662400C83B62 /* SLVodTests-Info.plist */,
				A3D66F1213A4662400C83B62 /* InfoPlist.strings */,
				A3D66F1513A4662400C83B62 /* SLVodTests-Prefix.pch */,
			);
			name = "Supporting Files";
			sourceTree = "<group>";
		};
		A3D66F4713A469DA00C83B62 /* Share */ = {
			isa = PBXGroup;
			children = (
				A3AD75A713C990A300744B4A /* New Group */,
				A35C9F5F13C896D900F5A84A /* MBProgressHUD.h */,
				A35C9F6013C896D900F5A84A /* MBProgressHUD.m */,
				A35723AD13B1CB8D00106383 /* LKCache */,
				A391CE4513A8C1E10098A241 /* helpers */,
				A3D66FB613A47FBB00C83B62 /* Views */,
				A3D66F8F13A47B4800C83B62 /* JSON */,
				A3D66F4813A469DA00C83B62 /* BCTabbar */,
			);
			name = Share;
			path = SLVod/Share;
			sourceTree = "<group>";
		};
		A3D66F4813A469DA00C83B62 /* BCTabbar */ = {
			isa = PBXGroup;
			children = (
				A3D66F4913A469DA00C83B62 /* BCTab.h */,
				A3D66F4A13A469DA00C83B62 /* BCTab.m */,
				A3D66F4B13A469DA00C83B62 /* BCTabBar.h */,
				A3D66F4C13A469DA00C83B62 /* BCTabBar.m */,
				A3D66F4D13A469DA00C83B62 /* BCTabBarController.bundle */,
				A3D66F4E13A469DA00C83B62 /* BCTabBarController.h */,
				A3D66F4F13A469DA00C83B62 /* BCTabBarController.m */,
				A3D66F5013A469DA00C83B62 /* BCTabBarView.h */,
				A3D66F5113A469DA00C83B62 /* BCTabBarView.m */,
				A3D66F5213A469DA00C83B62 /* UINavigationController+icons.h */,
				A3D66F5313A469DA00C83B62 /* UINavigationController+icons.m */,
				A3D66F5413A469DA00C83B62 /* UIViewController+iconImage.h */,
				A3D66F5513A469DA00C83B62 /* UIViewController+iconImage.m */,
			);
			path = BCTabbar;
			sourceTree = "<group>";
		};
		A3D66F7E13A473FC00C83B62 /* Resources */ = {
			isa = PBXGroup;
			children = (
				A3DB7F0713AB334D00E3250C /* noimg.png */,
				A3DB7F0113AB31F900E3250C /* vip.png */,
				A3DB7F0213AB31F900E3250C /* setting.png */,
				A3DB7F0313AB31F900E3250C /* about.png */,
				A3D66F7F13A473FC00C83B62 /* magnifying-glass-selected.png */,
				A3D66F8013A473FC00C83B62 /* magnifying-glass-selected@2x.png */,
				A3D66F8113A473FC00C83B62 /* magnifying-glass.png */,
				A3D66F8213A473FC00C83B62 /* magnifying-glass@2x.png */,
			);
			path = Resources;
			sourceTree = "<group>";
		};
		A3D66F8F13A47B4800C83B62 /* JSON */ = {
			isa = PBXGroup;
			children = (
				A3D66F9013A47B4800C83B62 /* JSON.h */,
				A3D66F9113A47B4800C83B62 /* NSObject+SBJson.h */,
				A3D66F9213A47B4800C83B62 /* NSObject+SBJson.m */,
				A3D66F9313A47B4800C83B62 /* SBJson.h */,
				A3D66F9413A47B4800C83B62 /* SBJsonParser.h */,
				A3D66F9513A47B4800C83B62 /* SBJsonParser.m */,
				A3D66F9613A47B4800C83B62 /* SBJsonStreamParser.h */,
				A3D66F9713A47B4800C83B62 /* SBJsonStreamParser.m */,
				A3D66F9813A47B4800C83B62 /* SBJsonStreamParserAccumulator.h */,
				A3D66F9913A47B4800C83B62 /* SBJsonStreamParserAccumulator.m */,
				A3D66F9A13A47B4800C83B62 /* SBJsonStreamParserAdapter.h */,
				A3D66F9B13A47B4800C83B62 /* SBJsonStreamParserAdapter.m */,
				A3D66F9C13A47B4800C83B62 /* SBJsonStreamParserState.h */,
				A3D66F9D13A47B4800C83B62 /* SBJsonStreamParserState.m */,
				A3D66F9E13A47B4800C83B62 /* SBJsonStreamWriter.h */,
				A3D66F9F13A47B4800C83B62 /* SBJsonStreamWriter.m */,
				A3D66FA013A47B4800C83B62 /* SBJsonStreamWriterAccumulator.h */,
				A3D66FA113A47B4800C83B62 /* SBJsonStreamWriterAccumulator.m */,
				A3D66FA213A47B4800C83B62 /* SBJsonStreamWriterState.h */,
				A3D66FA313A47B4800C83B62 /* SBJsonStreamWriterState.m */,
				A3D66FA413A47B4800C83B62 /* SBJsonTokeniser.h */,
				A3D66FA513A47B4800C83B62 /* SBJsonTokeniser.m */,
				A3D66FA613A47B4800C83B62 /* SBJsonUTF8Stream.h */,
				A3D66FA713A47B4800C83B62 /* SBJsonUTF8Stream.m */,
				A3D66FA813A47B4800C83B62 /* SBJsonWriter.h */,
				A3D66FA913A47B4800C83B62 /* SBJsonWriter.m */,
			);
			path = JSON;
			sourceTree = "<group>";
		};
		A3D66FB613A47FBB00C83B62 /* Views */ = {
			isa = PBXGroup;
			children = (
				A3D66FB713A47FBB00C83B62 /* LKShadowTableView.h */,
				A3D66FB813A47FBB00C83B62 /* LKShadowTableView.m */,
				A3136FAD13A4957500EECA6A /* UIView+LKAddition.h */,
				A3136FAE13A4957500EECA6A /* UIView+LKAddition.m */,
				A3136F9F13A4954800EECA6A /* LKTip.h */,
				A3136FA013A4954800EECA6A /* LKTip.m */,
				A3136FA113A4954800EECA6A /* LKTipCenter.h */,
				A3136FA213A4954800EECA6A /* LKTipCenter.m */,
				A3136FA313A4954800EECA6A /* LKTipView.h */,
				A3136FA413A4954800EECA6A /* LKTipView.m */,
				A321914713DBED6F0062B698 /* LKMoreCell.h */,
				A321914813DBED6F0062B698 /* LKMoreCell.m */,
				A321914B13DBED940062B698 /* LKMoreCell.xib */,
			);
			path = Views;
			sourceTree = "<group>";
		};
		A3D66FBC13A4827300C83B62 /* Model */ = {
			isa = PBXGroup;
			children = (
				A3DB7EFE13AB21EB00E3250C /* SLUser.h */,
				A3DB7EFF13AB21EC00E3250C /* SLUser.m */,
				A3D66FBD13A4829000C83B62 /* SLMovie.h */,
				A3D66FBE13A4829000C83B62 /* SLMovie.m */,
				A3C7D27E13A4A5AC0050FD28 /* LKImageRecord.h */,
				A3C7D27F13A4A5AC0050FD28 /* LKImageRecord.m */,
				A3C7D28013A4A5AC0050FD28 /* LKImgDownload.h */,
				A3C7D28113A4A5AC0050FD28 /* LKImgDownload.m */,
			);
			path = Model;
			sourceTree = "<group>";
		};
		A3D66FC413A4852700C83B62 /* Cells */ = {
			isa = PBXGroup;
			children = (
				A3D66FC013A4851100C83B62 /* SLHotCell.h */,
				A3D66FC113A4851100C83B62 /* SLHotCell.m */,
				A3D66FC513A4855400C83B62 /* SLHotCell.xib */,
				A3C7D28913A4B95D0050FD28 /* SLMovInfoCell.h */,
				A3C7D28A13A4B95D0050FD28 /* SLMovInfoCell.m */,
				A3C7D28C13A4B9740050FD28 /* SLMovInfoCell.xib */,
				A3DB7EF813AB15D500E3250C /* SLUserProfileCell.h */,
				A3DB7EF913AB15D500E3250C /* SLUserProfileCell.m */,
				A3DB7EFC13AB15F000E3250C /* SLUserProfileCell.xib */,
			);
			name = Cells;
			sourceTree = "<group>";
		};
/* End PBXGroup section */

/* Begin PBXNativeTarget section */
		A3D66EEA13A4662400C83B62 /* SLVod */ = {
			isa = PBXNativeTarget;
			buildConfigurationList = A3D66F1C13A4662400C83B62 /* Build configuration list for PBXNativeTarget "SLVod" */;
			buildPhases = (
				A3D66EE713A4662400C83B62 /* Sources */,
				A3D66EE813A4662400C83B62 /* Frameworks */,
				A3D66EE913A4662400C83B62 /* Resources */,
			);
			buildRules = (
			);
			dependencies = (
			);
			name = SLVod;
			productName = SLVod;
			productReference = A3D66EEB13A4662400C83B62 /* SLVod.app */;
			productType = "com.apple.product-type.application";
		};
		A3D66F0813A4662400C83B62 /* SLVodTests */ = {
			isa = PBXNativeTarget;
			buildConfigurationList = A3D66F1F13A4662400C83B62 /* Build configuration list for PBXNativeTarget "SLVodTests" */;
			buildPhases = (
				A3D66F0413A4662400C83B62 /* Sources */,
				A3D66F0513A4662400C83B62 /* Frameworks */,
				A3D66F0613A4662400C83B62 /* Resources */,
				A3D66F0713A4662400C83B62 /* ShellScript */,
			);
			buildRules = (
			);
			dependencies = (
				A3D66F0E13A4662400C83B62 /* PBXTargetDependency */,
			);
			name = SLVodTests;
			productName = SLVodTests;
			productReference = A3D66F0913A4662400C83B62 /* SLVodTests.octest */;
			productType = "com.apple.product-type.bundle";
		};
/* End PBXNativeTarget section */

/* Begin PBXProject section */
		A3D66EE213A4662400C83B62 /* Project object */ = {
			isa = PBXProject;
			buildConfigurationList = A3D66EE513A4662400C83B62 /* Build configuration list for PBXProject "SLVod" */;
			compatibilityVersion = "Xcode 3.2";
			developmentRegion = English;
			hasScannedForEncodings = 0;
			knownRegions = (
				en,
			);
			mainGroup = A3D66EE013A4662400C83B62;
			productRefGroup = A3D66EEC13A4662400C83B62 /* Products */;
			projectDirPath = "";
			projectRoot = "";
			targets = (
				A3D66EEA13A4662400C83B62 /* SLVod */,
				A3D66F0813A4662400C83B62 /* SLVodTests */,
			);
		};
/* End PBXProject section */

/* Begin PBXResourcesBuildPhase section */
		A3D66EE913A4662400C83B62 /* Resources */ = {
			isa = PBXResourcesBuildPhase;
			buildActionMask = 2147483647;
			files = (
				A3D66EFA13A4662400C83B62 /* InfoPlist.strings in Resources */,
				A3D66F0313A4662400C83B62 /* MainWindow.xib in Resources */,
				A3D66F3013A468BC00C83B62 /* LKViewController.xib in Resources */,
				A3D66F5813A469DA00C83B62 /* BCTabBarController.bundle in Resources */,
				A3D66F6913A4704200C83B62 /* SLHotController.xib in Resources */,
				A3D66F6E13A4706200C83B62 /* SLCategoryController.xib in Resources */,
				A3D66F7313A4708A00C83B62 /* SLUserCenterController.xib in Resources */,
				A3D66F7813A470A300C83B62 /* SLFavController.xib in Resources */,
				A3D66F7D13A470BA00C83B62 /* SLMoreController.xib in Resources */,
				A3D66F8313A473FC00C83B62 /* magnifying-glass-selected.png in Resources */,
				A3D66F8413A473FC00C83B62 /* magnifying-glass-selected@2x.png in Resources */,
				A3D66F8513A473FC00C83B62 /* magnifying-glass.png in Resources */,
				A3D66F8613A473FC00C83B62 /* magnifying-glass@2x.png in Resources */,
				A3D66FC613A4855400C83B62 /* SLHotCell.xib in Resources */,
				A3C7D28813A4B7960050FD28 /* SLMovDetailController.xib in Resources */,
				A3C7D28D13A4B9740050FD28 /* SLMovInfoCell.xib in Resources */,
				A3C7D2A213A4EDB20050FD28 /* Settings.bundle in Resources */,
				A3713D1413A8961A0004A609 /* LKVideoController.xib in Resources */,
				A3713D1A13A8B6480004A609 /* SLCateMoviesController.xib in Resources */,
				A3DB7EFD13AB15F100E3250C /* SLUserProfileCell.xib in Resources */,
				A3DB7F0413AB31F900E3250C /* vip.png in Resources */,
				A3DB7F0513AB31F900E3250C /* setting.png in Resources */,
				A3DB7F0613AB31F900E3250C /* about.png in Resources */,
				A3DB7F0813AB334D00E3250C /* noimg.png in Resources */,
				A3DB7F1D13AB4E8C00E3250C /* SLDownloadManController.xib in Resources */,
				A3AD759713C98FF900744B4A /* blackArrow.png in Resources */,
				A3AD759813C98FF900744B4A /* blackArrow@2x.png in Resources */,
				A3AD759913C98FF900744B4A /* blueArrow.png in Resources */,
				A3AD759A13C98FF900744B4A /* blueArrow@2x.png in Resources */,
				A3AD759C13C98FF900744B4A /* grayArrow.png in Resources */,
				A3AD759D13C98FF900744B4A /* grayArrow@2x.png in Resources */,
				A3AD759E13C98FF900744B4A /* whiteArrow.png in Resources */,
				A3AD759F13C98FF900744B4A /* whiteArrow@2x.png in Resources */,
				A3AD75A913C9968800744B4A /* icon.png in Resources */,
				A3AD75AB13C9969100744B4A /* icon@2x.png in Resources */,
				A3AD75AD13C996D900744B4A /* Default@2x.png in Resources */,
				A321914C13DBED940062B698 /* LKMoreCell.xib in Resources */,
			);
			runOnlyForDeploymentPostprocessing = 0;
		};
		A3D66F0613A4662400C83B62 /* Resources */ = {
			isa = PBXResourcesBuildPhase;
			buildActionMask = 2147483647;
			files = (
				A3D66F1413A4662400C83B62 /* InfoPlist.strings in Resources */,
				A3D66F1713A4662400C83B62 /* SLVodTests.h in Resources */,
			);
			runOnlyForDeploymentPostprocessing = 0;
		};
/* End PBXResourcesBuildPhase section */

/* Begin PBXShellScriptBuildPhase section */
		A3D66F0713A4662400C83B62 /* ShellScript */ = {
			isa = PBXShellScriptBuildPhase;
			buildActionMask = 2147483647;
			files = (
			);
			inputPaths = (
			);
			outputPaths = (
			);
			runOnlyForDeploymentPostprocessing = 0;
			shellPath = /bin/sh;
			shellScript = "# Run the unit tests in this test bundle.\n\"${SYSTEM_DEVELOPER_DIR}/Tools/RunUnitTests\"\n";
		};
/* End PBXShellScriptBuildPhase section */

/* Begin PBXSourcesBuildPhase section */
		A3D66EE713A4662400C83B62 /* Sources */ = {
			isa = PBXSourcesBuildPhase;
			buildActionMask = 2147483647;
			files = (
				A3D66EFD13A4662400C83B62 /* main.m in Sources */,
				A3D66F0013A4662400C83B62 /* SLVodAppDelegate.m in Sources */,
				A3D66F2F13A468BC00C83B62 /* LKViewController.m in Sources */,
				A3D66F5613A469DA00C83B62 /* BCTab.m in Sources */,
				A3D66F5713A469DA00C83B62 /* BCTabBar.m in Sources */,
				A3D66F5913A469DA00C83B62 /* BCTabBarController.m in Sources */,
				A3D66F5A13A469DA00C83B62 /* BCTabBarView.m in Sources */,
				A3D66F5B13A469DA00C83B62 /* UINavigationController+icons.m in Sources */,
				A3D66F5C13A469DA00C83B62 /* UIViewController+iconImage.m in Sources */,
				A3D66F6813A4704200C83B62 /* SLHotController.m in Sources */,
				A3D66F6D13A4706200C83B62 /* SLCategoryController.m in Sources */,
				A3D66F7213A4708A00C83B62 /* SLUserCenterController.m in Sources */,
				A3D66F7713A470A300C83B62 /* SLFavController.m in Sources */,
				A3D66F7C13A470BA00C83B62 /* SLMoreController.m in Sources */,
				A3D66FAA13A47B4800C83B62 /* NSObject+SBJson.m in Sources */,
				A3D66FAB13A47B4800C83B62 /* SBJsonParser.m in Sources */,
				A3D66FAC13A47B4800C83B62 /* SBJsonStreamParser.m in Sources */,
				A3D66FAD13A47B4800C83B62 /* SBJsonStreamParserAccumulator.m in Sources */,
				A3D66FAE13A47B4800C83B62 /* SBJsonStreamParserAdapter.m in Sources */,
				A3D66FAF13A47B4800C83B62 /* SBJsonStreamParserState.m in Sources */,
				A3D66FB013A47B4800C83B62 /* SBJsonStreamWriter.m in Sources */,
				A3D66FB113A47B4800C83B62 /* SBJsonStreamWriterAccumulator.m in Sources */,
				A3D66FB213A47B4800C83B62 /* SBJsonStreamWriterState.m in Sources */,
				A3D66FB313A47B4800C83B62 /* SBJsonTokeniser.m in Sources */,
				A3D66FB413A47B4800C83B62 /* SBJsonUTF8Stream.m in Sources */,
				A3D66FB513A47B4800C83B62 /* SBJsonWriter.m in Sources */,
				A3D66FB913A47FBB00C83B62 /* LKShadowTableView.m in Sources */,
				A3D66FBF13A4829000C83B62 /* SLMovie.m in Sources */,
				A3D66FC213A4851200C83B62 /* SLHotCell.m in Sources */,
				A3136FA813A4954800EECA6A /* LKTip.m in Sources */,
				A3136FA913A4954800EECA6A /* LKTipCenter.m in Sources */,
				A3136FAA13A4954800EECA6A /* LKTipView.m in Sources */,
				A3136FAF13A4957500EECA6A /* UIView+LKAddition.m in Sources */,
				A3C7D28213A4A5AC0050FD28 /* LKImageRecord.m in Sources */,
				A3C7D28313A4A5AC0050FD28 /* LKImgDownload.m in Sources */,
				A3C7D28713A4B7960050FD28 /* SLMovDetailController.m in Sources */,
				A3C7D28B13A4B95D0050FD28 /* SLMovInfoCell.m in Sources */,
				A3713D1313A8961A0004A609 /* LKVideoController.m in Sources */,
				A3713D1913A8B6480004A609 /* SLCateMoviesController.m in Sources */,
				A391CE4813A8C1E10098A241 /* NSString+URL.m in Sources */,
				A3DB7EFA13AB15D500E3250C /* SLUserProfileCell.m in Sources */,
				A3DB7F0013AB21EC00E3250C /* SLUser.m in Sources */,
				A3DB7F1C13AB4E8C00E3250C /* SLDownloadManController.m in Sources */,
				A35723C213B1CB8D00106383 /* HJCircularBuffer.m in Sources */,
				A35723C313B1CB8D00106383 /* HJManagedImageV.m in Sources */,
				A35723C413B1CB8D00106383 /* HJMOBigFileCache.m in Sources */,
				A35723C513B1CB8D00106383 /* HJMOFileCache.m in Sources */,
				A35723C613B1CB8D00106383 /* HJMOHandler.m in Sources */,
				A35723C713B1CB8D00106383 /* HJMOPolicy.m in Sources */,
				A35723C813B1CB8D00106383 /* HJMOUserBase.m in Sources */,
				A35723C913B1CB8D00106383 /* HJObjManager.m in Sources */,
				A35723CA13B1CB8D00106383 /* HJWeakMutableArray.m in Sources */,
				A35C9F6113C896D900F5A84A /* MBProgressHUD.m in Sources */,
				A3AD759B13C98FF900744B4A /* EGORefreshTableHeaderView.m in Sources */,
				A321914913DBED700062B698 /* LKMoreCell.m in Sources */,
			);
			runOnlyForDeploymentPostprocessing = 0;
		};
		A3D66F0413A4662400C83B62 /* Sources */ = {
			isa = PBXSourcesBuildPhase;
			buildActionMask = 2147483647;
			files = (
				A3D66F1913A4662400C83B62 /* SLVodTests.m in Sources */,
			);
			runOnlyForDeploymentPostprocessing = 0;
		};
/* End PBXSourcesBuildPhase section */

/* Begin PBXTargetDependency section */
		A3D66F0E13A4662400C83B62 /* PBXTargetDependency */ = {
			isa = PBXTargetDependency;
			target = A3D66EEA13A4662400C83B62 /* SLVod */;
			targetProxy = A3D66F0D13A4662400C83B62 /* PBXContainerItemProxy */;
		};
/* End PBXTargetDependency section */

/* Begin PBXVariantGroup section */
		A3D66EF813A4662400C83B62 /* InfoPlist.strings */ = {
			isa = PBXVariantGroup;
			children = (
				A3D66EF913A4662400C83B62 /* en */,
			);
			name = InfoPlist.strings;
			sourceTree = "<group>";
		};
		A3D66F0113A4662400C83B62 /* MainWindow.xib */ = {
			isa = PBXVariantGroup;
			children = (
				A3D66F0213A4662400C83B62 /* en */,
			);
			name = MainWindow.xib;
			sourceTree = "<group>";
		};
		A3D66F1213A4662400C83B62 /* InfoPlist.strings */ = {
			isa = PBXVariantGroup;
			children = (
				A3D66F1313A4662400C83B62 /* en */,
			);
			name = InfoPlist.strings;
			sourceTree = "<group>";
		};
/* End PBXVariantGroup section */

/* Begin XCBuildConfiguration section */
		A3D66F1A13A4662400C83B62 /* Debug */ = {
			isa = XCBuildConfiguration;
			buildSettings = {
				ARCHS = "$(ARCHS_STANDARD_32_BIT)";
				CODE_SIGN_IDENTITY = "iPhone Developer";
				"CODE_SIGN_IDENTITY[sdk=iphoneos*]" = "iPhone Developer";
				GCC_C_LANGUAGE_STANDARD = gnu99;
				GCC_OPTIMIZATION_LEVEL = 0;
				GCC_PREPROCESSOR_DEFINITIONS = DEBUG;
				GCC_SYMBOLS_PRIVATE_EXTERN = NO;
				GCC_VERSION = com.apple.compilers.llvmgcc42;
				GCC_WARN_ABOUT_RETURN_TYPE = YES;
				GCC_WARN_UNUSED_VARIABLE = YES;
				IPHONEOS_DEPLOYMENT_TARGET = 4.0;
				PROVISIONING_PROFILE = "";
				SDKROOT = iphoneos;
			};
			name = Debug;
		};
		A3D66F1B13A4662400C83B62 /* Release */ = {
			isa = XCBuildConfiguration;
			buildSettings = {
				ARCHS = "$(ARCHS_STANDARD_32_BIT)";
				CODE_SIGN_IDENTITY = "iPhone Developer";
				"CODE_SIGN_IDENTITY[sdk=iphoneos*]" = "iPhone Developer";
				GCC_C_LANGUAGE_STANDARD = gnu99;
				GCC_VERSION = com.apple.compilers.llvmgcc42;
				GCC_WARN_ABOUT_RETURN_TYPE = YES;
				GCC_WARN_UNUSED_VARIABLE = YES;
				IPHONEOS_DEPLOYMENT_TARGET = 4.0;
				OTHER_CFLAGS = "-DNS_BLOCK_ASSERTIONS=1";
				PROVISIONING_PROFILE = "";
				SDKROOT = iphoneos;
			};
			name = Release;
		};
		A3D66F1D13A4662400C83B62 /* Debug */ = {
			isa = XCBuildConfiguration;
			buildSettings = {
				ALWAYS_SEARCH_USER_PATHS = NO;
				COPY_PHASE_STRIP = NO;
				GCC_DYNAMIC_NO_PIC = NO;
				GCC_PRECOMPILE_PREFIX_HEADER = YES;
				GCC_PREFIX_HEADER = "SLVod/SLVod-Prefix.pch";
				INFOPLIST_FILE = "SLVod/SLVod-Info.plist";
				IPHONEOS_DEPLOYMENT_TARGET = 4.0;
				PRODUCT_NAME = "$(TARGET_NAME)";
				WRAPPER_EXTENSION = app;
			};
			name = Debug;
		};
		A3D66F1E13A4662400C83B62 /* Release */ = {
			isa = XCBuildConfiguration;
			buildSettings = {
				ALWAYS_SEARCH_USER_PATHS = NO;
				COPY_PHASE_STRIP = YES;
				GCC_PRECOMPILE_PREFIX_HEADER = YES;
				GCC_PREFIX_HEADER = "SLVod/SLVod-Prefix.pch";
				INFOPLIST_FILE = "SLVod/SLVod-Info.plist";
				IPHONEOS_DEPLOYMENT_TARGET = 4.0;
				PRODUCT_NAME = "$(TARGET_NAME)";
				VALIDATE_PRODUCT = YES;
				WRAPPER_EXTENSION = app;
			};
			name = Release;
		};
		A3D66F2013A4662400C83B62 /* Debug */ = {
			isa = XCBuildConfiguration;
			buildSettings = {
				ALWAYS_SEARCH_USER_PATHS = NO;
				BUNDLE_LOADER = "$(BUILT_PRODUCTS_DIR)/SLVod.app/SLVod";
				FRAMEWORK_SEARCH_PATHS = (
					"$(SDKROOT)/Developer/Library/Frameworks",
					"$(DEVELOPER_LIBRARY_DIR)/Frameworks",
				);
				GCC_PRECOMPILE_PREFIX_HEADER = YES;
				GCC_PREFIX_HEADER = "SLVodTests/SLVodTests-Prefix.pch";
				INFOPLIST_FILE = "SLVodTests/SLVodTests-Info.plist";
				OTHER_LDFLAGS = (
					"-framework",
					SenTestingKit,
				);
				PRODUCT_NAME = "$(TARGET_NAME)";
				TEST_HOST = "$(BUNDLE_LOADER)";
				WRAPPER_EXTENSION = octest;
			};
			name = Debug;
		};
		A3D66F2113A4662400C83B62 /* Release */ = {
			isa = XCBuildConfiguration;
			buildSettings = {
				ALWAYS_SEARCH_USER_PATHS = NO;
				BUNDLE_LOADER = "$(BUILT_PRODUCTS_DIR)/SLVod.app/SLVod";
				FRAMEWORK_SEARCH_PATHS = (
					"$(SDKROOT)/Developer/Library/Frameworks",
					"$(DEVELOPER_LIBRARY_DIR)/Frameworks",
				);
				GCC_PRECOMPILE_PREFIX_HEADER = YES;
				GCC_PREFIX_HEADER = "SLVodTests/SLVodTests-Prefix.pch";
				INFOPLIST_FILE = "SLVodTests/SLVodTests-Info.plist";
				OTHER_LDFLAGS = (
					"-framework",
					SenTestingKit,
				);
				PRODUCT_NAME = "$(TARGET_NAME)";
				TEST_HOST = "$(BUNDLE_LOADER)";
				WRAPPER_EXTENSION = octest;
			};
			name = Release;
		};
/* End XCBuildConfiguration section */

/* Begin XCConfigurationList section */
		A3D66EE513A4662400C83B62 /* Build configuration list for PBXProject "SLVod" */ = {
			isa = XCConfigurationList;
			buildConfigurations = (
				A3D66F1A13A4662400C83B62 /* Debug */,
				A3D66F1B13A4662400C83B62 /* Release */,
			);
			defaultConfigurationIsVisible = 0;
			defaultConfigurationName = Release;
		};
		A3D66F1C13A4662400C83B62 /* Build configuration list for PBXNativeTarget "SLVod" */ = {
			isa = XCConfigurationList;
			buildConfigurations = (
				A3D66F1D13A4662400C83B62 /* Debug */,
				A3D66F1E13A4662400C83B62 /* Release */,
			);
			defaultConfigurationIsVisible = 0;
			defaultConfigurationName = Release;
		};
		A3D66F1F13A4662400C83B62 /* Build configuration list for PBXNativeTarget "SLVodTests" */ = {
			isa = XCConfigurationList;
			buildConfigurations = (
				A3D66F2013A4662400C83B62 /* Debug */,
				A3D66F2113A4662400C83B62 /* Release */,
			);
			defaultConfigurationIsVisible = 0;
			defaultConfigurationName = Release;
		};
/* End XCConfigurationList section */
	};
	rootObject = A3D66EE213A4662400C83B62 /* Project object */;
}
